// !$*UTF8*$!
{
	archiveVersion = 1;
	classes = {
	};
	objectVersion = 48;
	objects = {

/* Begin PBXBuildFile section */
		A43930AF205AAEE800CA7B15 /* AppDelegate.swift in Sources */ = {isa = PBXBuildFile; fileRef = A43930AE205AAEE800CA7B15 /* AppDelegate.swift */; };
		A43930B6205AAEE800CA7B15 /* Assets.xcassets in Resources */ = {isa = PBXBuildFile; fileRef = A43930B5205AAEE800CA7B15 /* Assets.xcassets */; };
		A43930B9205AAEE800CA7B15 /* LaunchScreen.storyboard in Resources */ = {isa = PBXBuildFile; fileRef = A43930B7205AAEE800CA7B15 /* LaunchScreen.storyboard */; };
		A43930C4205AAEE800CA7B15 /* IPSXTests.swift in Sources */ = {isa = PBXBuildFile; fileRef = A43930C3205AAEE800CA7B15 /* IPSXTests.swift */; };
		A43930CF205AAEE800CA7B15 /* IPSXUITests.swift in Sources */ = {isa = PBXBuildFile; fileRef = A43930CE205AAEE800CA7B15 /* IPSXUITests.swift */; };
		A43A5B662091EABC00B7FD3B /* ProxyDetailsCell.swift in Sources */ = {isa = PBXBuildFile; fileRef = A43A5B652091EABC00B7FD3B /* ProxyDetailsCell.swift */; };
		A444224120A32DB10007C80B /* ToastAlertView.xib in Resources */ = {isa = PBXBuildFile; fileRef = A444223F20A32DB00007C80B /* ToastAlertView.xib */; };
		A444224220A32DB10007C80B /* ToastAlertView.swift in Sources */ = {isa = PBXBuildFile; fileRef = A444224020A32DB10007C80B /* ToastAlertView.swift */; };
		A444DB2C209B50A4008ECEB3 /* Localizable.strings in Resources */ = {isa = PBXBuildFile; fileRef = A444DB2B209B50A4008ECEB3 /* Localizable.strings */; };
		A4524C1720A094C600F7BD84 /* EthAddress.swift in Sources */ = {isa = PBXBuildFile; fileRef = A4524C1620A094C600F7BD84 /* EthAddress.swift */; };
		A4606C362092165E0008A9F3 /* ProxyActivationDetailsCell.swift in Sources */ = {isa = PBXBuildFile; fileRef = A4606C352092165D0008A9F3 /* ProxyActivationDetailsCell.swift */; };
		A46480D82091EEE600330CC9 /* ProxySummaryViewController.swift in Sources */ = {isa = PBXBuildFile; fileRef = A46480D72091EEE600330CC9 /* ProxySummaryViewController.swift */; };
		A46480DA2091F1CB00330CC9 /* ProxyActivationDetails.swift in Sources */ = {isa = PBXBuildFile; fileRef = A46480D92091F1CB00330CC9 /* ProxyActivationDetails.swift */; };
		A46480DC2091F22400330CC9 /* ProxySetup.swift in Sources */ = {isa = PBXBuildFile; fileRef = A46480DB2091F22400330CC9 /* ProxySetup.swift */; };
		A46480DE2091F2CC00330CC9 /* Proxy.swift in Sources */ = {isa = PBXBuildFile; fileRef = A46480DD2091F2CC00330CC9 /* Proxy.swift */; };
		A46480E02091F9D500330CC9 /* UITableView+extensions.swift in Sources */ = {isa = PBXBuildFile; fileRef = A46480DF2091F9D500330CC9 /* UITableView+extensions.swift */; };
		A46480E420920A3600330CC9 /* ProxyDetailsViewController.swift in Sources */ = {isa = PBXBuildFile; fileRef = A46480E320920A3600330CC9 /* ProxyDetailsViewController.swift */; };
		A46A614920A2F21300F25CC1 /* UserDefaults+extensions.swift in Sources */ = {isa = PBXBuildFile; fileRef = A46A614820A2F21300F25CC1 /* UserDefaults+extensions.swift */; };
		A4730029205AC16900488009 /* IPRequestManager.swift in Sources */ = {isa = PBXBuildFile; fileRef = A4730025205AC16900488009 /* IPRequestManager.swift */; };
		A473002A205AC16900488009 /* IPInfoProtocols.swift in Sources */ = {isa = PBXBuildFile; fileRef = A4730026205AC16900488009 /* IPInfoProtocols.swift */; };
		A473002B205AC16900488009 /* RequestModel.swift in Sources */ = {isa = PBXBuildFile; fileRef = A4730027205AC16900488009 /* RequestModel.swift */; };
		A473002C205AC16900488009 /* IPService.swift in Sources */ = {isa = PBXBuildFile; fileRef = A4730028205AC16900488009 /* IPService.swift */; };
		A479DC9520A48CAF00D5C601 /* TokenRequest.swift in Sources */ = {isa = PBXBuildFile; fileRef = A479DC9420A48CAF00D5C601 /* TokenRequest.swift */; };
		A48329CC209C5B1F003B19FC /* UserInfoService.swift in Sources */ = {isa = PBXBuildFile; fileRef = A48329CB209C5B1F003B19FC /* UserInfoService.swift */; };
		A48329CE209C5D41003B19FC /* UserInfo.swift in Sources */ = {isa = PBXBuildFile; fileRef = A48329CD209C5D41003B19FC /* UserInfo.swift */; };
		A4AC761F2099E59800504ED9 /* KeychainWrapper.swift in Sources */ = {isa = PBXBuildFile; fileRef = A4AC761E2099E59800504ED9 /* KeychainWrapper.swift */; };
		A4AC76222099E99900504ED9 /* LoginService.swift in Sources */ = {isa = PBXBuildFile; fileRef = A4AC76212099E99900504ED9 /* LoginService.swift */; };
		A4AC76242099F27F00504ED9 /* UserManager.swift in Sources */ = {isa = PBXBuildFile; fileRef = A4AC76232099F27F00504ED9 /* UserManager.swift */; };
		A4AC76272099F83D00504ED9 /* ProxyService.swift in Sources */ = {isa = PBXBuildFile; fileRef = A4AC76262099F83D00504ED9 /* ProxyService.swift */; };
		A4AC7629209A074600504ED9 /* Double+extensions.swift in Sources */ = {isa = PBXBuildFile; fileRef = A4AC7628209A074600504ED9 /* Double+extensions.swift */; };
		A4DD0BA32097590E00D27759 /* RegisterService.swift in Sources */ = {isa = PBXBuildFile; fileRef = A4DD0BA22097590E00D27759 /* RegisterService.swift */; };
		A4E374CA2090C2D100808B86 /* NewProxyController.swift in Sources */ = {isa = PBXBuildFile; fileRef = A4E374C92090C2D100808B86 /* NewProxyController.swift */; };
		A4E6AEA22085EAD5001787DF /* Landing.storyboard in Resources */ = {isa = PBXBuildFile; fileRef = A4E6AEA12085EAD5001787DF /* Landing.storyboard */; };
		A4E6AEA42085EAF1001787DF /* LandingViewController.swift in Sources */ = {isa = PBXBuildFile; fileRef = A4E6AEA32085EAF1001787DF /* LandingViewController.swift */; };
		A4E6AEA62085F6CD001787DF /* UIColor+extensions.swift in Sources */ = {isa = PBXBuildFile; fileRef = A4E6AEA52085F6CD001787DF /* UIColor+extensions.swift */; };
		A4E6AEAB20862E23001787DF /* RoundedButton.swift in Sources */ = {isa = PBXBuildFile; fileRef = A4E6AEAA20862E23001787DF /* RoundedButton.swift */; };
		A4ED74092091CC8D0099B9D7 /* NewProxy.storyboard in Resources */ = {isa = PBXBuildFile; fileRef = A4ED74082091CC8D0099B9D7 /* NewProxy.storyboard */; };
		A4F2F7452090B02500515883 /* ProxyPack.swift in Sources */ = {isa = PBXBuildFile; fileRef = A4F2F7442090B02500515883 /* ProxyPack.swift */; };
		A4F2F7482090B4F200515883 /* ProxyPackCell.swift in Sources */ = {isa = PBXBuildFile; fileRef = A4F2F7472090B4F200515883 /* ProxyPackCell.swift */; };
		A4FCA934205BB463009FF41B /* ProxyRequest.swift in Sources */ = {isa = PBXBuildFile; fileRef = A4FCA933205BB463009FF41B /* ProxyRequest.swift */; };
		A4FCA937205BD8F1009FF41B /* String+extenstions.swift in Sources */ = {isa = PBXBuildFile; fileRef = A4FCA936205BD8F1009FF41B /* String+extenstions.swift */; };
		CDBAB747B158113D5B44E883 /* Pods_IPSX.framework in Frameworks */ = {isa = PBXBuildFile; fileRef = 65B29ADC11750E90A4353575 /* Pods_IPSX.framework */; };
		DFE4BF18E7E4AE33B879C3D6 /* Pods_IPSXUITests.framework in Frameworks */ = {isa = PBXBuildFile; fileRef = 3126A99783C544170497C950 /* Pods_IPSXUITests.framework */; };
		EE1A0540208F592A00522426 /* Main.storyboard in Resources */ = {isa = PBXBuildFile; fileRef = EE1A053F208F592A00522426 /* Main.storyboard */; };
		EE1A0543208F593900522426 /* DashboardViewController.swift in Sources */ = {isa = PBXBuildFile; fileRef = EE1A0541208F593900522426 /* DashboardViewController.swift */; };
		EE1A0544208F593900522426 /* TabBarController.swift in Sources */ = {isa = PBXBuildFile; fileRef = EE1A0542208F593900522426 /* TabBarController.swift */; };
		EE1A0546208F650E00522426 /* RoundedView.swift in Sources */ = {isa = PBXBuildFile; fileRef = EE1A0545208F650E00522426 /* RoundedView.swift */; };
		EE37F8A22090BCBC00783385 /* SettingsViewController.swift in Sources */ = {isa = PBXBuildFile; fileRef = EE37F8A12090BCBC00783385 /* SettingsViewController.swift */; };
		EE37F8A52091CC6F00783385 /* Search.storyboard in Resources */ = {isa = PBXBuildFile; fileRef = EE37F8A42091CC6F00783385 /* Search.storyboard */; };
		EE37F8A72091F52700783385 /* SearchViewController.swift in Sources */ = {isa = PBXBuildFile; fileRef = EE37F8A62091F52700783385 /* SearchViewController.swift */; };
		EE3BDFF420A1AC71007AEB1D /* UIView+extensions.swift in Sources */ = {isa = PBXBuildFile; fileRef = EE3BDFF320A1AC71007AEB1D /* UIView+extensions.swift */; };
		EE4AAB8F2089D75B00FE149D /* Register.storyboard in Resources */ = {isa = PBXBuildFile; fileRef = EE4AAB8E2089D75B00FE149D /* Register.storyboard */; };
		EE4AAB912089D7D700FE149D /* RichTextFieldView.swift in Sources */ = {isa = PBXBuildFile; fileRef = EE4AAB902089D7D700FE149D /* RichTextFieldView.swift */; };
		EE4AAB932089D7F900FE149D /* RegisterCredentialsController.swift in Sources */ = {isa = PBXBuildFile; fileRef = EE4AAB922089D7F900FE149D /* RegisterCredentialsController.swift */; };
		EE4AAB952089DA9900FE149D /* RegisterTermsController.swift in Sources */ = {isa = PBXBuildFile; fileRef = EE4AAB942089DA9900FE149D /* RegisterTermsController.swift */; };
		EE4AAB97208DCFE000FE149D /* Login.storyboard in Resources */ = {isa = PBXBuildFile; fileRef = EE4AAB96208DCFE000FE149D /* Login.storyboard */; };
		EE4AAB99208DD34B00FE149D /* LoginCredentialsControler.swift in Sources */ = {isa = PBXBuildFile; fileRef = EE4AAB98208DD34B00FE149D /* LoginCredentialsControler.swift */; };
		EE4AAB9B208DDA6500FE149D /* ForgotPassController.swift in Sources */ = {isa = PBXBuildFile; fileRef = EE4AAB9A208DDA6500FE149D /* ForgotPassController.swift */; };
		EE4AAB9D208DDB4800FE149D /* LoginOptionsController.swift in Sources */ = {isa = PBXBuildFile; fileRef = EE4AAB9C208DDB4800FE149D /* LoginOptionsController.swift */; };
		EE4AAB9F208DDD0B00FE149D /* RegisterOptionsController.swift in Sources */ = {isa = PBXBuildFile; fileRef = EE4AAB9E208DDD0B00FE149D /* RegisterOptionsController.swift */; };
		EE4AABA1208E15A200FE149D /* WalletAdd.storyboard in Resources */ = {isa = PBXBuildFile; fileRef = EE4AABA0208E15A200FE149D /* WalletAdd.storyboard */; };
		EE4AABA3208E17AA00FE149D /* AddWalletController.swift in Sources */ = {isa = PBXBuildFile; fileRef = EE4AABA2208E17AA00FE149D /* AddWalletController.swift */; };
		EE62F7412099A3CF00BE6120 /* ChangePasswordController.swift in Sources */ = {isa = PBXBuildFile; fileRef = EE62F7402099A3CF00BE6120 /* ChangePasswordController.swift */; };
		EE62F7442099C62300BE6120 /* ProfileViewController.swift in Sources */ = {isa = PBXBuildFile; fileRef = EE62F7432099C62300BE6120 /* ProfileViewController.swift */; };
		EE6FC03B2099EF67007971DC /* TokenRequestController.swift in Sources */ = {isa = PBXBuildFile; fileRef = EE6FC03A2099EF67007971DC /* TokenRequestController.swift */; };
		EE6FC03F209B2951007971DC /* CustomLoadingView.swift in Sources */ = {isa = PBXBuildFile; fileRef = EE6FC03E209B2951007971DC /* CustomLoadingView.swift */; };
		EEA08C432099DDD300684F33 /* TokenRequest.storyboard in Resources */ = {isa = PBXBuildFile; fileRef = EEA08C422099DDD300684F33 /* TokenRequest.storyboard */; };
		EEA08C452099E97C00684F33 /* TokenRequestListController.swift in Sources */ = {isa = PBXBuildFile; fileRef = EEA08C442099E97C00684F33 /* TokenRequestListController.swift */; };
		EED38F2120A5B1CD004DA2CC /* DateFormatter+extensions.swift in Sources */ = {isa = PBXBuildFile; fileRef = EED38F2020A5B1CD004DA2CC /* DateFormatter+extensions.swift */; };
		EEEBF04920998E24008AB061 /* Profile.storyboard in Resources */ = {isa = PBXBuildFile; fileRef = EEEBF04820998E24008AB061 /* Profile.storyboard */; };
		EEEBF04B20999259008AB061 /* EditProfileController.swift in Sources */ = {isa = PBXBuildFile; fileRef = EEEBF04A20999259008AB061 /* EditProfileController.swift */; };
		F6B5EBC6E8CDCD5DC17FAD5E /* Pods_IPSXTests.framework in Frameworks */ = {isa = PBXBuildFile; fileRef = B5BDBF0E9CDAFB35EBD20AB8 /* Pods_IPSXTests.framework */; };
/* End PBXBuildFile section */

/* Begin PBXContainerItemProxy section */
		A43930C0205AAEE800CA7B15 /* PBXContainerItemProxy */ = {
			isa = PBXContainerItemProxy;
			containerPortal = A43930A3205AAEE800CA7B15 /* Project object */;
			proxyType = 1;
			remoteGlobalIDString = A43930AA205AAEE800CA7B15;
			remoteInfo = IPSX;
		};
		A43930CB205AAEE800CA7B15 /* PBXContainerItemProxy */ = {
			isa = PBXContainerItemProxy;
			containerPortal = A43930A3205AAEE800CA7B15 /* Project object */;
			proxyType = 1;
			remoteGlobalIDString = A43930AA205AAEE800CA7B15;
			remoteInfo = IPSX;
		};
/* End PBXContainerItemProxy section */

/* Begin PBXFileReference section */
		1ECC9748DA612DBD88BC96AD /* Pods-IPSXTests.release.xcconfig */ = {isa = PBXFileReference; includeInIndex = 1; lastKnownFileType = text.xcconfig; name = "Pods-IPSXTests.release.xcconfig"; path = "Pods/Target Support Files/Pods-IPSXTests/Pods-IPSXTests.release.xcconfig"; sourceTree = "<group>"; };
		3126A99783C544170497C950 /* Pods_IPSXUITests.framework */ = {isa = PBXFileReference; explicitFileType = wrapper.framework; includeInIndex = 0; path = Pods_IPSXUITests.framework; sourceTree = BUILT_PRODUCTS_DIR; };
		5E14D7C723875E654DAE319E /* Pods-IPSXUITests.debug.xcconfig */ = {isa = PBXFileReference; includeInIndex = 1; lastKnownFileType = text.xcconfig; name = "Pods-IPSXUITests.debug.xcconfig"; path = "Pods/Target Support Files/Pods-IPSXUITests/Pods-IPSXUITests.debug.xcconfig"; sourceTree = "<group>"; };
		65B29ADC11750E90A4353575 /* Pods_IPSX.framework */ = {isa = PBXFileReference; explicitFileType = wrapper.framework; includeInIndex = 0; path = Pods_IPSX.framework; sourceTree = BUILT_PRODUCTS_DIR; };
		6F865841F3B589E49E178500 /* Pods-IPSXTests.debug.xcconfig */ = {isa = PBXFileReference; includeInIndex = 1; lastKnownFileType = text.xcconfig; name = "Pods-IPSXTests.debug.xcconfig"; path = "Pods/Target Support Files/Pods-IPSXTests/Pods-IPSXTests.debug.xcconfig"; sourceTree = "<group>"; };
		8F8620F264A8DDA98F5A07F7 /* Pods-IPSXUITests.release.xcconfig */ = {isa = PBXFileReference; includeInIndex = 1; lastKnownFileType = text.xcconfig; name = "Pods-IPSXUITests.release.xcconfig"; path = "Pods/Target Support Files/Pods-IPSXUITests/Pods-IPSXUITests.release.xcconfig"; sourceTree = "<group>"; };
		A43930AB205AAEE800CA7B15 /* IPSX.app */ = {isa = PBXFileReference; explicitFileType = wrapper.application; includeInIndex = 0; path = IPSX.app; sourceTree = BUILT_PRODUCTS_DIR; };
		A43930AE205AAEE800CA7B15 /* AppDelegate.swift */ = {isa = PBXFileReference; lastKnownFileType = sourcecode.swift; path = AppDelegate.swift; sourceTree = "<group>"; };
		A43930B5205AAEE800CA7B15 /* Assets.xcassets */ = {isa = PBXFileReference; lastKnownFileType = folder.assetcatalog; path = Assets.xcassets; sourceTree = "<group>"; };
		A43930B8205AAEE800CA7B15 /* Base */ = {isa = PBXFileReference; lastKnownFileType = file.storyboard; name = Base; path = Base.lproj/LaunchScreen.storyboard; sourceTree = "<group>"; };
		A43930BA205AAEE800CA7B15 /* Info.plist */ = {isa = PBXFileReference; lastKnownFileType = text.plist.xml; path = Info.plist; sourceTree = "<group>"; };
		A43930BF205AAEE800CA7B15 /* IPSXTests.xctest */ = {isa = PBXFileReference; explicitFileType = wrapper.cfbundle; includeInIndex = 0; path = IPSXTests.xctest; sourceTree = BUILT_PRODUCTS_DIR; };
		A43930C3205AAEE800CA7B15 /* IPSXTests.swift */ = {isa = PBXFileReference; lastKnownFileType = sourcecode.swift; path = IPSXTests.swift; sourceTree = "<group>"; };
		A43930C5205AAEE800CA7B15 /* Info.plist */ = {isa = PBXFileReference; lastKnownFileType = text.plist.xml; path = Info.plist; sourceTree = "<group>"; };
		A43930CA205AAEE800CA7B15 /* IPSXUITests.xctest */ = {isa = PBXFileReference; explicitFileType = wrapper.cfbundle; includeInIndex = 0; path = IPSXUITests.xctest; sourceTree = BUILT_PRODUCTS_DIR; };
		A43930CE205AAEE800CA7B15 /* IPSXUITests.swift */ = {isa = PBXFileReference; lastKnownFileType = sourcecode.swift; path = IPSXUITests.swift; sourceTree = "<group>"; };
		A43930D0205AAEE800CA7B15 /* Info.plist */ = {isa = PBXFileReference; lastKnownFileType = text.plist.xml; path = Info.plist; sourceTree = "<group>"; };
		A43A5B652091EABC00B7FD3B /* ProxyDetailsCell.swift */ = {isa = PBXFileReference; lastKnownFileType = sourcecode.swift; path = ProxyDetailsCell.swift; sourceTree = "<group>"; };
		A444223F20A32DB00007C80B /* ToastAlertView.xib */ = {isa = PBXFileReference; fileEncoding = 4; lastKnownFileType = file.xib; name = ToastAlertView.xib; path = "IPSX/Flows/New Proxy/View/ToastAlertView.xib"; sourceTree = SOURCE_ROOT; };
		A444224020A32DB10007C80B /* ToastAlertView.swift */ = {isa = PBXFileReference; fileEncoding = 4; lastKnownFileType = sourcecode.swift; name = ToastAlertView.swift; path = "IPSX/Flows/New Proxy/View/ToastAlertView.swift"; sourceTree = SOURCE_ROOT; };
		A444DB2B209B50A4008ECEB3 /* Localizable.strings */ = {isa = PBXFileReference; lastKnownFileType = text.plist.strings; path = Localizable.strings; sourceTree = "<group>"; };
		A4524C1620A094C600F7BD84 /* EthAddress.swift */ = {isa = PBXFileReference; lastKnownFileType = sourcecode.swift; path = EthAddress.swift; sourceTree = "<group>"; };
		A4606C352092165D0008A9F3 /* ProxyActivationDetailsCell.swift */ = {isa = PBXFileReference; lastKnownFileType = sourcecode.swift; path = ProxyActivationDetailsCell.swift; sourceTree = "<group>"; };
		A46480D72091EEE600330CC9 /* ProxySummaryViewController.swift */ = {isa = PBXFileReference; lastKnownFileType = sourcecode.swift; path = ProxySummaryViewController.swift; sourceTree = "<group>"; };
		A46480D92091F1CB00330CC9 /* ProxyActivationDetails.swift */ = {isa = PBXFileReference; lastKnownFileType = sourcecode.swift; path = ProxyActivationDetails.swift; sourceTree = "<group>"; };
		A46480DB2091F22400330CC9 /* ProxySetup.swift */ = {isa = PBXFileReference; lastKnownFileType = sourcecode.swift; path = ProxySetup.swift; sourceTree = "<group>"; };
		A46480DD2091F2CC00330CC9 /* Proxy.swift */ = {isa = PBXFileReference; lastKnownFileType = sourcecode.swift; path = Proxy.swift; sourceTree = "<group>"; };
		A46480DF2091F9D500330CC9 /* UITableView+extensions.swift */ = {isa = PBXFileReference; lastKnownFileType = sourcecode.swift; path = "UITableView+extensions.swift"; sourceTree = "<group>"; };
		A46480E320920A3600330CC9 /* ProxyDetailsViewController.swift */ = {isa = PBXFileReference; lastKnownFileType = sourcecode.swift; path = ProxyDetailsViewController.swift; sourceTree = "<group>"; };
		A46A614820A2F21300F25CC1 /* UserDefaults+extensions.swift */ = {isa = PBXFileReference; lastKnownFileType = sourcecode.swift; path = "UserDefaults+extensions.swift"; sourceTree = "<group>"; };
		A4730025205AC16900488009 /* IPRequestManager.swift */ = {isa = PBXFileReference; fileEncoding = 4; lastKnownFileType = sourcecode.swift; path = IPRequestManager.swift; sourceTree = "<group>"; };
		A4730026205AC16900488009 /* IPInfoProtocols.swift */ = {isa = PBXFileReference; fileEncoding = 4; lastKnownFileType = sourcecode.swift; path = IPInfoProtocols.swift; sourceTree = "<group>"; };
		A4730027205AC16900488009 /* RequestModel.swift */ = {isa = PBXFileReference; fileEncoding = 4; lastKnownFileType = sourcecode.swift; path = RequestModel.swift; sourceTree = "<group>"; };
		A4730028205AC16900488009 /* IPService.swift */ = {isa = PBXFileReference; fileEncoding = 4; lastKnownFileType = sourcecode.swift; path = IPService.swift; sourceTree = "<group>"; };
		A479DC9420A48CAF00D5C601 /* TokenRequest.swift */ = {isa = PBXFileReference; lastKnownFileType = sourcecode.swift; path = TokenRequest.swift; sourceTree = "<group>"; };
		A48329CB209C5B1F003B19FC /* UserInfoService.swift */ = {isa = PBXFileReference; lastKnownFileType = sourcecode.swift; path = UserInfoService.swift; sourceTree = "<group>"; };
		A48329CD209C5D41003B19FC /* UserInfo.swift */ = {isa = PBXFileReference; lastKnownFileType = sourcecode.swift; path = UserInfo.swift; sourceTree = "<group>"; };
		A4AC761E2099E59800504ED9 /* KeychainWrapper.swift */ = {isa = PBXFileReference; lastKnownFileType = sourcecode.swift; path = KeychainWrapper.swift; sourceTree = "<group>"; };
		A4AC76212099E99900504ED9 /* LoginService.swift */ = {isa = PBXFileReference; lastKnownFileType = sourcecode.swift; path = LoginService.swift; sourceTree = "<group>"; };
		A4AC76232099F27F00504ED9 /* UserManager.swift */ = {isa = PBXFileReference; lastKnownFileType = sourcecode.swift; path = UserManager.swift; sourceTree = "<group>"; };
		A4AC76262099F83D00504ED9 /* ProxyService.swift */ = {isa = PBXFileReference; lastKnownFileType = sourcecode.swift; path = ProxyService.swift; sourceTree = "<group>"; };
		A4AC7628209A074600504ED9 /* Double+extensions.swift */ = {isa = PBXFileReference; lastKnownFileType = sourcecode.swift; path = "Double+extensions.swift"; sourceTree = "<group>"; };
		A4AD5FAA20A5BF630056D2ED /* IPSX.entitlements */ = {isa = PBXFileReference; lastKnownFileType = text.plist.entitlements; path = IPSX.entitlements; sourceTree = "<group>"; };
		A4DD0BA22097590E00D27759 /* RegisterService.swift */ = {isa = PBXFileReference; lastKnownFileType = sourcecode.swift; path = RegisterService.swift; sourceTree = "<group>"; };
		A4E374C92090C2D100808B86 /* NewProxyController.swift */ = {isa = PBXFileReference; fileEncoding = 4; lastKnownFileType = sourcecode.swift; path = NewProxyController.swift; sourceTree = "<group>"; };
		A4E6AEA12085EAD5001787DF /* Landing.storyboard */ = {isa = PBXFileReference; lastKnownFileType = file.storyboard; path = Landing.storyboard; sourceTree = "<group>"; };
		A4E6AEA32085EAF1001787DF /* LandingViewController.swift */ = {isa = PBXFileReference; lastKnownFileType = sourcecode.swift; path = LandingViewController.swift; sourceTree = "<group>"; };
		A4E6AEA52085F6CD001787DF /* UIColor+extensions.swift */ = {isa = PBXFileReference; lastKnownFileType = sourcecode.swift; path = "UIColor+extensions.swift"; sourceTree = "<group>"; };
		A4E6AEAA20862E23001787DF /* RoundedButton.swift */ = {isa = PBXFileReference; lastKnownFileType = sourcecode.swift; path = RoundedButton.swift; sourceTree = "<group>"; };
		A4ED74082091CC8D0099B9D7 /* NewProxy.storyboard */ = {isa = PBXFileReference; lastKnownFileType = file.storyboard; path = NewProxy.storyboard; sourceTree = "<group>"; };
		A4F2F7442090B02500515883 /* ProxyPack.swift */ = {isa = PBXFileReference; lastKnownFileType = sourcecode.swift; path = ProxyPack.swift; sourceTree = "<group>"; };
		A4F2F7472090B4F200515883 /* ProxyPackCell.swift */ = {isa = PBXFileReference; lastKnownFileType = sourcecode.swift; path = ProxyPackCell.swift; sourceTree = "<group>"; };
		A4FCA933205BB463009FF41B /* ProxyRequest.swift */ = {isa = PBXFileReference; lastKnownFileType = sourcecode.swift; path = ProxyRequest.swift; sourceTree = "<group>"; };
		A4FCA936205BD8F1009FF41B /* String+extenstions.swift */ = {isa = PBXFileReference; lastKnownFileType = sourcecode.swift; path = "String+extenstions.swift"; sourceTree = "<group>"; };
		B5BDBF0E9CDAFB35EBD20AB8 /* Pods_IPSXTests.framework */ = {isa = PBXFileReference; explicitFileType = wrapper.framework; includeInIndex = 0; path = Pods_IPSXTests.framework; sourceTree = BUILT_PRODUCTS_DIR; };
		BB89380DF6A3DF5B7778DBF7 /* Pods-IPSX.debug.xcconfig */ = {isa = PBXFileReference; includeInIndex = 1; lastKnownFileType = text.xcconfig; name = "Pods-IPSX.debug.xcconfig"; path = "Pods/Target Support Files/Pods-IPSX/Pods-IPSX.debug.xcconfig"; sourceTree = "<group>"; };
		E13C8D7141F797750D78CBC0 /* Pods-IPSX.release.xcconfig */ = {isa = PBXFileReference; includeInIndex = 1; lastKnownFileType = text.xcconfig; name = "Pods-IPSX.release.xcconfig"; path = "Pods/Target Support Files/Pods-IPSX/Pods-IPSX.release.xcconfig"; sourceTree = "<group>"; };
		EE1A053F208F592A00522426 /* Main.storyboard */ = {isa = PBXFileReference; fileEncoding = 4; lastKnownFileType = file.storyboard; path = Main.storyboard; sourceTree = "<group>"; };
		EE1A0541208F593900522426 /* DashboardViewController.swift */ = {isa = PBXFileReference; fileEncoding = 4; lastKnownFileType = sourcecode.swift; path = DashboardViewController.swift; sourceTree = "<group>"; };
		EE1A0542208F593900522426 /* TabBarController.swift */ = {isa = PBXFileReference; fileEncoding = 4; lastKnownFileType = sourcecode.swift; path = TabBarController.swift; sourceTree = "<group>"; };
		EE1A0545208F650E00522426 /* RoundedView.swift */ = {isa = PBXFileReference; lastKnownFileType = sourcecode.swift; path = RoundedView.swift; sourceTree = "<group>"; };
		EE37F8A12090BCBC00783385 /* SettingsViewController.swift */ = {isa = PBXFileReference; lastKnownFileType = sourcecode.swift; path = SettingsViewController.swift; sourceTree = "<group>"; };
		EE37F8A42091CC6F00783385 /* Search.storyboard */ = {isa = PBXFileReference; lastKnownFileType = file.storyboard; path = Search.storyboard; sourceTree = "<group>"; };
		EE37F8A62091F52700783385 /* SearchViewController.swift */ = {isa = PBXFileReference; lastKnownFileType = sourcecode.swift; path = SearchViewController.swift; sourceTree = "<group>"; };
		EE37F8A82092035800783385 /* AVFoundation.framework */ = {isa = PBXFileReference; lastKnownFileType = wrapper.framework; name = AVFoundation.framework; path = System/Library/Frameworks/AVFoundation.framework; sourceTree = SDKROOT; };
		EE3BDFF320A1AC71007AEB1D /* UIView+extensions.swift */ = {isa = PBXFileReference; fileEncoding = 4; lastKnownFileType = sourcecode.swift; path = "UIView+extensions.swift"; sourceTree = "<group>"; };
		EE4AAB8E2089D75B00FE149D /* Register.storyboard */ = {isa = PBXFileReference; lastKnownFileType = file.storyboard; path = Register.storyboard; sourceTree = "<group>"; };
		EE4AAB902089D7D700FE149D /* RichTextFieldView.swift */ = {isa = PBXFileReference; fileEncoding = 4; lastKnownFileType = sourcecode.swift; path = RichTextFieldView.swift; sourceTree = "<group>"; };
		EE4AAB922089D7F900FE149D /* RegisterCredentialsController.swift */ = {isa = PBXFileReference; fileEncoding = 4; lastKnownFileType = sourcecode.swift; path = RegisterCredentialsController.swift; sourceTree = "<group>"; };
		EE4AAB942089DA9900FE149D /* RegisterTermsController.swift */ = {isa = PBXFileReference; lastKnownFileType = sourcecode.swift; path = RegisterTermsController.swift; sourceTree = "<group>"; };
		EE4AAB96208DCFE000FE149D /* Login.storyboard */ = {isa = PBXFileReference; lastKnownFileType = file.storyboard; path = Login.storyboard; sourceTree = "<group>"; };
		EE4AAB98208DD34B00FE149D /* LoginCredentialsControler.swift */ = {isa = PBXFileReference; lastKnownFileType = sourcecode.swift; path = LoginCredentialsControler.swift; sourceTree = "<group>"; };
		EE4AAB9A208DDA6500FE149D /* ForgotPassController.swift */ = {isa = PBXFileReference; lastKnownFileType = sourcecode.swift; path = ForgotPassController.swift; sourceTree = "<group>"; };
		EE4AAB9C208DDB4800FE149D /* LoginOptionsController.swift */ = {isa = PBXFileReference; lastKnownFileType = sourcecode.swift; path = LoginOptionsController.swift; sourceTree = "<group>"; };
		EE4AAB9E208DDD0B00FE149D /* RegisterOptionsController.swift */ = {isa = PBXFileReference; lastKnownFileType = sourcecode.swift; path = RegisterOptionsController.swift; sourceTree = "<group>"; };
		EE4AABA0208E15A200FE149D /* WalletAdd.storyboard */ = {isa = PBXFileReference; lastKnownFileType = file.storyboard; path = WalletAdd.storyboard; sourceTree = "<group>"; };
		EE4AABA2208E17AA00FE149D /* AddWalletController.swift */ = {isa = PBXFileReference; lastKnownFileType = sourcecode.swift; path = AddWalletController.swift; sourceTree = "<group>"; };
		EE62F7402099A3CF00BE6120 /* ChangePasswordController.swift */ = {isa = PBXFileReference; lastKnownFileType = sourcecode.swift; path = ChangePasswordController.swift; sourceTree = "<group>"; };
		EE62F7432099C62300BE6120 /* ProfileViewController.swift */ = {isa = PBXFileReference; fileEncoding = 4; lastKnownFileType = sourcecode.swift; path = ProfileViewController.swift; sourceTree = "<group>"; };
		EE6FC03A2099EF67007971DC /* TokenRequestController.swift */ = {isa = PBXFileReference; lastKnownFileType = sourcecode.swift; path = TokenRequestController.swift; sourceTree = "<group>"; };
		EE6FC03E209B2951007971DC /* CustomLoadingView.swift */ = {isa = PBXFileReference; lastKnownFileType = sourcecode.swift; path = CustomLoadingView.swift; sourceTree = "<group>"; };
		EEA08C422099DDD300684F33 /* TokenRequest.storyboard */ = {isa = PBXFileReference; lastKnownFileType = file.storyboard; path = TokenRequest.storyboard; sourceTree = "<group>"; };
		EEA08C442099E97C00684F33 /* TokenRequestListController.swift */ = {isa = PBXFileReference; lastKnownFileType = sourcecode.swift; path = TokenRequestListController.swift; sourceTree = "<group>"; };
		EED38F2020A5B1CD004DA2CC /* DateFormatter+extensions.swift */ = {isa = PBXFileReference; lastKnownFileType = sourcecode.swift; path = "DateFormatter+extensions.swift"; sourceTree = "<group>"; };
		EEEBF04820998E24008AB061 /* Profile.storyboard */ = {isa = PBXFileReference; lastKnownFileType = file.storyboard; path = Profile.storyboard; sourceTree = "<group>"; };
		EEEBF04A20999259008AB061 /* EditProfileController.swift */ = {isa = PBXFileReference; lastKnownFileType = sourcecode.swift; path = EditProfileController.swift; sourceTree = "<group>"; };
/* End PBXFileReference section */

/* Begin PBXFrameworksBuildPhase section */
		A43930A8205AAEE800CA7B15 /* Frameworks */ = {
			isa = PBXFrameworksBuildPhase;
			buildActionMask = 2147483647;
			files = (
				CDBAB747B158113D5B44E883 /* Pods_IPSX.framework in Frameworks */,
			);
			runOnlyForDeploymentPostprocessing = 0;
		};
		A43930BC205AAEE800CA7B15 /* Frameworks */ = {
			isa = PBXFrameworksBuildPhase;
			buildActionMask = 2147483647;
			files = (
				F6B5EBC6E8CDCD5DC17FAD5E /* Pods_IPSXTests.framework in Frameworks */,
			);
			runOnlyForDeploymentPostprocessing = 0;
		};
		A43930C7205AAEE800CA7B15 /* Frameworks */ = {
			isa = PBXFrameworksBuildPhase;
			buildActionMask = 2147483647;
			files = (
				DFE4BF18E7E4AE33B879C3D6 /* Pods_IPSXUITests.framework in Frameworks */,
			);
			runOnlyForDeploymentPostprocessing = 0;
		};
/* End PBXFrameworksBuildPhase section */

/* Begin PBXGroup section */
		823037B4D11853B20C02B780 /* Pods */ = {
			isa = PBXGroup;
			children = (
				BB89380DF6A3DF5B7778DBF7 /* Pods-IPSX.debug.xcconfig */,
				E13C8D7141F797750D78CBC0 /* Pods-IPSX.release.xcconfig */,
				6F865841F3B589E49E178500 /* Pods-IPSXTests.debug.xcconfig */,
				1ECC9748DA612DBD88BC96AD /* Pods-IPSXTests.release.xcconfig */,
				5E14D7C723875E654DAE319E /* Pods-IPSXUITests.debug.xcconfig */,
				8F8620F264A8DDA98F5A07F7 /* Pods-IPSXUITests.release.xcconfig */,
			);
			name = Pods;
			sourceTree = "<group>";
		};
		A43930A2205AAEE800CA7B15 = {
			isa = PBXGroup;
			children = (
				A43930AD205AAEE800CA7B15 /* IPSX */,
				A43930C2205AAEE800CA7B15 /* IPSXTests */,
				A43930CD205AAEE800CA7B15 /* IPSXUITests */,
				A43930AC205AAEE800CA7B15 /* Products */,
				823037B4D11853B20C02B780 /* Pods */,
				E4ADA5C2E44FF7B123F97D7E /* Frameworks */,
			);
			sourceTree = "<group>";
		};
		A43930AC205AAEE800CA7B15 /* Products */ = {
			isa = PBXGroup;
			children = (
				A43930AB205AAEE800CA7B15 /* IPSX.app */,
				A43930BF205AAEE800CA7B15 /* IPSXTests.xctest */,
				A43930CA205AAEE800CA7B15 /* IPSXUITests.xctest */,
			);
			name = Products;
			sourceTree = "<group>";
		};
		A43930AD205AAEE800CA7B15 /* IPSX */ = {
			isa = PBXGroup;
			children = (
				A4AD5FAA20A5BF630056D2ED /* IPSX.entitlements */,
				A4FCA932205BB448009FF41B /* Model */,
				A4FCA92C205BB02C009FF41B /* Service */,
				A4FCA92B205BB01F009FF41B /* Controller */,
				A4FCA931205BB0A9009FF41B /* Storyboard */,
				A46A614A20A32AC900F25CC1 /* Flows */,
				A4FCA930205BB092009FF41B /* Common */,
				A43930AE205AAEE800CA7B15 /* AppDelegate.swift */,
				A43930B5205AAEE800CA7B15 /* Assets.xcassets */,
				A43930B7205AAEE800CA7B15 /* LaunchScreen.storyboard */,
				A43930BA205AAEE800CA7B15 /* Info.plist */,
			);
			path = IPSX;
			sourceTree = "<group>";
		};
		A43930C2205AAEE800CA7B15 /* IPSXTests */ = {
			isa = PBXGroup;
			children = (
				A43930C3205AAEE800CA7B15 /* IPSXTests.swift */,
				A43930C5205AAEE800CA7B15 /* Info.plist */,
			);
			path = IPSXTests;
			sourceTree = "<group>";
		};
		A43930CD205AAEE800CA7B15 /* IPSXUITests */ = {
			isa = PBXGroup;
			children = (
				A43930CE205AAEE800CA7B15 /* IPSXUITests.swift */,
				A43930D0205AAEE800CA7B15 /* Info.plist */,
			);
			path = IPSXUITests;
			sourceTree = "<group>";
		};
		A444DB2A209B5081008ECEB3 /* Strings */ = {
			isa = PBXGroup;
			children = (
				A444DB2B209B50A4008ECEB3 /* Localizable.strings */,
			);
			path = Strings;
			sourceTree = "<group>";
		};
		A46A614A20A32AC900F25CC1 /* Flows */ = {
			isa = PBXGroup;
			children = (
				A46A614B20A32AE600F25CC1 /* Login */,
				A4F2F7402090A21B00515883 /* Register */,
				A46A615320A32BB700F25CC1 /* Dashboard */,
				A4F2F7412090A22100515883 /* New Proxy */,
				EE37F8A32090BCC500783385 /* Settings */,
				EE62F7422099C5EC00BE6120 /* Profile */,
			);
			path = Flows;
			sourceTree = "<group>";
		};
		A46A614B20A32AE600F25CC1 /* Login */ = {
			isa = PBXGroup;
			children = (
				A46A614C20A32AF500F25CC1 /* Controller */,
				A46A614D20A32B1100F25CC1 /* Storyboard */,
			);
			path = Login;
			sourceTree = "<group>";
		};
		A46A614C20A32AF500F25CC1 /* Controller */ = {
			isa = PBXGroup;
			children = (
				EE4AAB98208DD34B00FE149D /* LoginCredentialsControler.swift */,
				EE4AAB9C208DDB4800FE149D /* LoginOptionsController.swift */,
				EE4AAB9A208DDA6500FE149D /* ForgotPassController.swift */,
			);
			path = Controller;
			sourceTree = "<group>";
		};
		A46A614D20A32B1100F25CC1 /* Storyboard */ = {
			isa = PBXGroup;
			children = (
				EE4AAB96208DCFE000FE149D /* Login.storyboard */,
			);
			path = Storyboard;
			sourceTree = "<group>";
		};
		A46A614E20A32B4700F25CC1 /* Controller */ = {
			isa = PBXGroup;
			children = (
				EE4AAB922089D7F900FE149D /* RegisterCredentialsController.swift */,
				EE4AAB942089DA9900FE149D /* RegisterTermsController.swift */,
				EE4AAB9E208DDD0B00FE149D /* RegisterOptionsController.swift */,
				EE4AABA2208E17AA00FE149D /* AddWalletController.swift */,
			);
			path = Controller;
			sourceTree = "<group>";
		};
		A46A614F20A32B5500F25CC1 /* Storyboard */ = {
			isa = PBXGroup;
			children = (
				EE4AAB8E2089D75B00FE149D /* Register.storyboard */,
				EE4AABA0208E15A200FE149D /* WalletAdd.storyboard */,
			);
			path = Storyboard;
			sourceTree = "<group>";
		};
		A46A615020A32B7A00F25CC1 /* Storyboard */ = {
			isa = PBXGroup;
			children = (
				EEEBF04820998E24008AB061 /* Profile.storyboard */,
			);
			path = Storyboard;
			sourceTree = "<group>";
		};
		A46A615120A32B7F00F25CC1 /* Controller */ = {
			isa = PBXGroup;
			children = (
				EE62F7432099C62300BE6120 /* ProfileViewController.swift */,
				EEEBF04A20999259008AB061 /* EditProfileController.swift */,
				EE62F7402099A3CF00BE6120 /* ChangePasswordController.swift */,
			);
			path = Controller;
			sourceTree = "<group>";
		};
		A46A615320A32BB700F25CC1 /* Dashboard */ = {
			isa = PBXGroup;
			children = (
				A46A615420A32BD500F25CC1 /* Controller */,
				A46A615520A32C7200F25CC1 /* Storyboard */,
			);
			path = Dashboard;
			sourceTree = "<group>";
		};
		A46A615420A32BD500F25CC1 /* Controller */ = {
			isa = PBXGroup;
			children = (
				EE1A0541208F593900522426 /* DashboardViewController.swift */,
				EEA08C442099E97C00684F33 /* TokenRequestListController.swift */,
				EE6FC03A2099EF67007971DC /* TokenRequestController.swift */,
			);
			path = Controller;
			sourceTree = "<group>";
		};
		A46A615520A32C7200F25CC1 /* Storyboard */ = {
			isa = PBXGroup;
			children = (
				EEA08C422099DDD300684F33 /* TokenRequest.storyboard */,
			);
			path = Storyboard;
			sourceTree = "<group>";
		};
		A4E6AEA920862DD2001787DF /* UI elements */ = {
			isa = PBXGroup;
			children = (
				A444224020A32DB10007C80B /* ToastAlertView.swift */,
				A444223F20A32DB00007C80B /* ToastAlertView.xib */,
				EE4AAB902089D7D700FE149D /* RichTextFieldView.swift */,
				A4E6AEAA20862E23001787DF /* RoundedButton.swift */,
				EE1A0545208F650E00522426 /* RoundedView.swift */,
				EE6FC03E209B2951007971DC /* CustomLoadingView.swift */,
			);
			path = "UI elements";
			sourceTree = "<group>";
		};
		A4ED74072091CC400099B9D7 /* Storyboard */ = {
			isa = PBXGroup;
			children = (
				A4ED74082091CC8D0099B9D7 /* NewProxy.storyboard */,
			);
			path = Storyboard;
			sourceTree = "<group>";
		};
		A4F2F7402090A21B00515883 /* Register */ = {
			isa = PBXGroup;
			children = (
				A46A614E20A32B4700F25CC1 /* Controller */,
				A46A614F20A32B5500F25CC1 /* Storyboard */,
			);
			path = Register;
			sourceTree = "<group>";
		};
		A4F2F7412090A22100515883 /* New Proxy */ = {
			isa = PBXGroup;
			children = (
				A4F2F7422090AF4000515883 /* Model */,
				A4F2F7462090B4D600515883 /* View */,
				A4F2F7432090AF4800515883 /* Controller */,
				A4ED74072091CC400099B9D7 /* Storyboard */,
			);
			path = "New Proxy";
			sourceTree = "<group>";
		};
		A4F2F7422090AF4000515883 /* Model */ = {
			isa = PBXGroup;
			children = (
				A46480DD2091F2CC00330CC9 /* Proxy.swift */,
				A4F2F7442090B02500515883 /* ProxyPack.swift */,
				A46480D92091F1CB00330CC9 /* ProxyActivationDetails.swift */,
				A46480DB2091F22400330CC9 /* ProxySetup.swift */,
			);
			path = Model;
			sourceTree = "<group>";
		};
		A4F2F7432090AF4800515883 /* Controller */ = {
			isa = PBXGroup;
			children = (
				A4E374C92090C2D100808B86 /* NewProxyController.swift */,
				A46480D72091EEE600330CC9 /* ProxySummaryViewController.swift */,
				A46480E320920A3600330CC9 /* ProxyDetailsViewController.swift */,
			);
			path = Controller;
			sourceTree = "<group>";
		};
		A4F2F7462090B4D600515883 /* View */ = {
			isa = PBXGroup;
			children = (
				A4F2F7472090B4F200515883 /* ProxyPackCell.swift */,
				A43A5B652091EABC00B7FD3B /* ProxyDetailsCell.swift */,
				A4606C352092165D0008A9F3 /* ProxyActivationDetailsCell.swift */,
			);
			path = View;
			sourceTree = "<group>";
		};
		A4FCA92B205BB01F009FF41B /* Controller */ = {
			isa = PBXGroup;
			children = (
				EE1A0542208F593900522426 /* TabBarController.swift */,
				A4E6AEA32085EAF1001787DF /* LandingViewController.swift */,
				EE37F8A62091F52700783385 /* SearchViewController.swift */,
			);
			path = Controller;
			sourceTree = "<group>";
		};
		A4FCA92C205BB02C009FF41B /* Service */ = {
			isa = PBXGroup;
			children = (
				A4730028205AC16900488009 /* IPService.swift */,
				A4DD0BA22097590E00D27759 /* RegisterService.swift */,
				A4AC76212099E99900504ED9 /* LoginService.swift */,
				A4AC76262099F83D00504ED9 /* ProxyService.swift */,
				A48329CB209C5B1F003B19FC /* UserInfoService.swift */,
			);
			path = Service;
			sourceTree = "<group>";
		};
		A4FCA92E205BB04B009FF41B /* Protocols */ = {
			isa = PBXGroup;
			children = (
				A4730026205AC16900488009 /* IPInfoProtocols.swift */,
			);
			path = Protocols;
			sourceTree = "<group>";
		};
		A4FCA930205BB092009FF41B /* Common */ = {
			isa = PBXGroup;
			children = (
				A4730027205AC16900488009 /* RequestModel.swift */,
				A4730025205AC16900488009 /* IPRequestManager.swift */,
				A4AC761E2099E59800504ED9 /* KeychainWrapper.swift */,
				A4AC76232099F27F00504ED9 /* UserManager.swift */,
				A4FCA935205BD8DF009FF41B /* Extensions */,
				A4FCA92E205BB04B009FF41B /* Protocols */,
				A444DB2A209B5081008ECEB3 /* Strings */,
				A4E6AEA920862DD2001787DF /* UI elements */,
			);
			path = Common;
			sourceTree = "<group>";
		};
		A4FCA931205BB0A9009FF41B /* Storyboard */ = {
			isa = PBXGroup;
			children = (
				EE1A053F208F592A00522426 /* Main.storyboard */,
				A4E6AEA12085EAD5001787DF /* Landing.storyboard */,
				EE37F8A42091CC6F00783385 /* Search.storyboard */,
			);
			path = Storyboard;
			sourceTree = "<group>";
		};
		A4FCA932205BB448009FF41B /* Model */ = {
			isa = PBXGroup;
			children = (
				A4FCA933205BB463009FF41B /* ProxyRequest.swift */,
				A48329CD209C5D41003B19FC /* UserInfo.swift */,
				A4524C1620A094C600F7BD84 /* EthAddress.swift */,
				A479DC9420A48CAF00D5C601 /* TokenRequest.swift */,
			);
			path = Model;
			sourceTree = "<group>";
		};
		A4FCA935205BD8DF009FF41B /* Extensions */ = {
			isa = PBXGroup;
			children = (
				EE3BDFF320A1AC71007AEB1D /* UIView+extensions.swift */,
				EED38F2020A5B1CD004DA2CC /* DateFormatter+extensions.swift */,
				A4FCA936205BD8F1009FF41B /* String+extenstions.swift */,
				A4E6AEA52085F6CD001787DF /* UIColor+extensions.swift */,
				A46480DF2091F9D500330CC9 /* UITableView+extensions.swift */,
				A4AC7628209A074600504ED9 /* Double+extensions.swift */,
				A46A614820A2F21300F25CC1 /* UserDefaults+extensions.swift */,
			);
			path = Extensions;
			sourceTree = "<group>";
		};
		E4ADA5C2E44FF7B123F97D7E /* Frameworks */ = {
			isa = PBXGroup;
			children = (
				EE37F8A82092035800783385 /* AVFoundation.framework */,
				65B29ADC11750E90A4353575 /* Pods_IPSX.framework */,
				B5BDBF0E9CDAFB35EBD20AB8 /* Pods_IPSXTests.framework */,
				3126A99783C544170497C950 /* Pods_IPSXUITests.framework */,
			);
			name = Frameworks;
			sourceTree = "<group>";
		};
		EE37F8A32090BCC500783385 /* Settings */ = {
			isa = PBXGroup;
			children = (
				EE37F8A12090BCBC00783385 /* SettingsViewController.swift */,
			);
			path = Settings;
			sourceTree = "<group>";
		};
		EE62F7422099C5EC00BE6120 /* Profile */ = {
			isa = PBXGroup;
			children = (
				A46A615120A32B7F00F25CC1 /* Controller */,
				A46A615020A32B7A00F25CC1 /* Storyboard */,
			);
			path = Profile;
			sourceTree = "<group>";
		};
/* End PBXGroup section */

/* Begin PBXNativeTarget section */
		A43930AA205AAEE800CA7B15 /* IPSX */ = {
			isa = PBXNativeTarget;
			buildConfigurationList = A43930D3205AAEE800CA7B15 /* Build configuration list for PBXNativeTarget "IPSX" */;
			buildPhases = (
				710A5C7A01655F6A655D3F59 /* [CP] Check Pods Manifest.lock */,
				A43930A7205AAEE800CA7B15 /* Sources */,
				A43930A8205AAEE800CA7B15 /* Frameworks */,
				A43930A9205AAEE800CA7B15 /* Resources */,
				8B5332FD3B3FDC1481B871BC /* [CP] Embed Pods Frameworks */,
			);
			buildRules = (
			);
			dependencies = (
			);
			name = IPSX;
			productName = IPSX;
			productReference = A43930AB205AAEE800CA7B15 /* IPSX.app */;
			productType = "com.apple.product-type.application";
		};
		A43930BE205AAEE800CA7B15 /* IPSXTests */ = {
			isa = PBXNativeTarget;
			buildConfigurationList = A43930D6205AAEE800CA7B15 /* Build configuration list for PBXNativeTarget "IPSXTests" */;
			buildPhases = (
				3D0313D421EB41C26E8EC375 /* [CP] Check Pods Manifest.lock */,
				A43930BB205AAEE800CA7B15 /* Sources */,
				A43930BC205AAEE800CA7B15 /* Frameworks */,
				A43930BD205AAEE800CA7B15 /* Resources */,
			);
			buildRules = (
			);
			dependencies = (
				A43930C1205AAEE800CA7B15 /* PBXTargetDependency */,
			);
			name = IPSXTests;
			productName = IPSXTests;
			productReference = A43930BF205AAEE800CA7B15 /* IPSXTests.xctest */;
			productType = "com.apple.product-type.bundle.unit-test";
		};
		A43930C9205AAEE800CA7B15 /* IPSXUITests */ = {
			isa = PBXNativeTarget;
			buildConfigurationList = A43930D9205AAEE800CA7B15 /* Build configuration list for PBXNativeTarget "IPSXUITests" */;
			buildPhases = (
				C335D6B78204AF320CF96547 /* [CP] Check Pods Manifest.lock */,
				A43930C6205AAEE800CA7B15 /* Sources */,
				A43930C7205AAEE800CA7B15 /* Frameworks */,
				A43930C8205AAEE800CA7B15 /* Resources */,
			);
			buildRules = (
			);
			dependencies = (
				A43930CC205AAEE800CA7B15 /* PBXTargetDependency */,
			);
			name = IPSXUITests;
			productName = IPSXUITests;
			productReference = A43930CA205AAEE800CA7B15 /* IPSXUITests.xctest */;
			productType = "com.apple.product-type.bundle.ui-testing";
		};
/* End PBXNativeTarget section */

/* Begin PBXProject section */
		A43930A3205AAEE800CA7B15 /* Project object */ = {
			isa = PBXProject;
			attributes = {
				LastSwiftUpdateCheck = 0920;
				LastUpgradeCheck = 0930;
				ORGANIZATIONNAME = "Cristina Virlan";
				TargetAttributes = {
					A43930AA205AAEE800CA7B15 = {
						CreatedOnToolsVersion = 9.2;
						ProvisioningStyle = Automatic;
						SystemCapabilities = {
							com.apple.Keychain = {
								enabled = 1;
							};
						};
					};
					A43930BE205AAEE800CA7B15 = {
						CreatedOnToolsVersion = 9.2;
						ProvisioningStyle = Automatic;
						TestTargetID = A43930AA205AAEE800CA7B15;
					};
					A43930C9205AAEE800CA7B15 = {
						CreatedOnToolsVersion = 9.2;
						ProvisioningStyle = Automatic;
						TestTargetID = A43930AA205AAEE800CA7B15;
					};
				};
			};
			buildConfigurationList = A43930A6205AAEE800CA7B15 /* Build configuration list for PBXProject "IPSX" */;
			compatibilityVersion = "Xcode 8.0";
			developmentRegion = en;
			hasScannedForEncodings = 0;
			knownRegions = (
				en,
				Base,
			);
			mainGroup = A43930A2205AAEE800CA7B15;
			productRefGroup = A43930AC205AAEE800CA7B15 /* Products */;
			projectDirPath = "";
			projectRoot = "";
			targets = (
				A43930AA205AAEE800CA7B15 /* IPSX */,
				A43930BE205AAEE800CA7B15 /* IPSXTests */,
				A43930C9205AAEE800CA7B15 /* IPSXUITests */,
			);
		};
/* End PBXProject section */

/* Begin PBXResourcesBuildPhase section */
		A43930A9205AAEE800CA7B15 /* Resources */ = {
			isa = PBXResourcesBuildPhase;
			buildActionMask = 2147483647;
			files = (
				EE1A0540208F592A00522426 /* Main.storyboard in Resources */,
				A43930B9205AAEE800CA7B15 /* LaunchScreen.storyboard in Resources */,
				EEEBF04920998E24008AB061 /* Profile.storyboard in Resources */,
				A43930B6205AAEE800CA7B15 /* Assets.xcassets in Resources */,
				A4E6AEA22085EAD5001787DF /* Landing.storyboard in Resources */,
				A444224120A32DB10007C80B /* ToastAlertView.xib in Resources */,
				A444DB2C209B50A4008ECEB3 /* Localizable.strings in Resources */,
				EEA08C432099DDD300684F33 /* TokenRequest.storyboard in Resources */,
				EE4AABA1208E15A200FE149D /* WalletAdd.storyboard in Resources */,
				EE4AAB97208DCFE000FE149D /* Login.storyboard in Resources */,
				A4ED74092091CC8D0099B9D7 /* NewProxy.storyboard in Resources */,
				EE37F8A52091CC6F00783385 /* Search.storyboard in Resources */,
				EE4AAB8F2089D75B00FE149D /* Register.storyboard in Resources */,
			);
			runOnlyForDeploymentPostprocessing = 0;
		};
		A43930BD205AAEE800CA7B15 /* Resources */ = {
			isa = PBXResourcesBuildPhase;
			buildActionMask = 2147483647;
			files = (
			);
			runOnlyForDeploymentPostprocessing = 0;
		};
		A43930C8205AAEE800CA7B15 /* Resources */ = {
			isa = PBXResourcesBuildPhase;
			buildActionMask = 2147483647;
			files = (
			);
			runOnlyForDeploymentPostprocessing = 0;
		};
/* End PBXResourcesBuildPhase section */

/* Begin PBXShellScriptBuildPhase section */
		3D0313D421EB41C26E8EC375 /* [CP] Check Pods Manifest.lock */ = {
			isa = PBXShellScriptBuildPhase;
			buildActionMask = 2147483647;
			files = (
			);
			inputPaths = (
				"${PODS_PODFILE_DIR_PATH}/Podfile.lock",
				"${PODS_ROOT}/Manifest.lock",
			);
			name = "[CP] Check Pods Manifest.lock";
			outputPaths = (
				"$(DERIVED_FILE_DIR)/Pods-IPSXTests-checkManifestLockResult.txt",
			);
			runOnlyForDeploymentPostprocessing = 0;
			shellPath = /bin/sh;
			shellScript = "diff \"${PODS_PODFILE_DIR_PATH}/Podfile.lock\" \"${PODS_ROOT}/Manifest.lock\" > /dev/null\nif [ $? != 0 ] ; then\n    # print error to STDERR\n    echo \"error: The sandbox is not in sync with the Podfile.lock. Run 'pod install' or update your CocoaPods installation.\" >&2\n    exit 1\nfi\n# This output is used by Xcode 'outputs' to avoid re-running this script phase.\necho \"SUCCESS\" > \"${SCRIPT_OUTPUT_FILE_0}\"\n";
			showEnvVarsInLog = 0;
		};
		710A5C7A01655F6A655D3F59 /* [CP] Check Pods Manifest.lock */ = {
			isa = PBXShellScriptBuildPhase;
			buildActionMask = 2147483647;
			files = (
			);
			inputPaths = (
				"${PODS_PODFILE_DIR_PATH}/Podfile.lock",
				"${PODS_ROOT}/Manifest.lock",
			);
			name = "[CP] Check Pods Manifest.lock";
			outputPaths = (
				"$(DERIVED_FILE_DIR)/Pods-IPSX-checkManifestLockResult.txt",
			);
			runOnlyForDeploymentPostprocessing = 0;
			shellPath = /bin/sh;
			shellScript = "diff \"${PODS_PODFILE_DIR_PATH}/Podfile.lock\" \"${PODS_ROOT}/Manifest.lock\" > /dev/null\nif [ $? != 0 ] ; then\n    # print error to STDERR\n    echo \"error: The sandbox is not in sync with the Podfile.lock. Run 'pod install' or update your CocoaPods installation.\" >&2\n    exit 1\nfi\n# This output is used by Xcode 'outputs' to avoid re-running this script phase.\necho \"SUCCESS\" > \"${SCRIPT_OUTPUT_FILE_0}\"\n";
			showEnvVarsInLog = 0;
		};
		8B5332FD3B3FDC1481B871BC /* [CP] Embed Pods Frameworks */ = {
			isa = PBXShellScriptBuildPhase;
			buildActionMask = 2147483647;
			files = (
			);
			inputPaths = (
				"${SRCROOT}/Pods/Target Support Files/Pods-IPSX/Pods-IPSX-frameworks.sh",
				"${BUILT_PRODUCTS_DIR}/SwiftyJSON/SwiftyJSON.framework",
			);
			name = "[CP] Embed Pods Frameworks";
			outputPaths = (
				"${TARGET_BUILD_DIR}/${FRAMEWORKS_FOLDER_PATH}/SwiftyJSON.framework",
			);
			runOnlyForDeploymentPostprocessing = 0;
			shellPath = /bin/sh;
			shellScript = "\"${SRCROOT}/Pods/Target Support Files/Pods-IPSX/Pods-IPSX-frameworks.sh\"\n";
			showEnvVarsInLog = 0;
		};
		C335D6B78204AF320CF96547 /* [CP] Check Pods Manifest.lock */ = {
			isa = PBXShellScriptBuildPhase;
			buildActionMask = 2147483647;
			files = (
			);
			inputPaths = (
				"${PODS_PODFILE_DIR_PATH}/Podfile.lock",
				"${PODS_ROOT}/Manifest.lock",
			);
			name = "[CP] Check Pods Manifest.lock";
			outputPaths = (
				"$(DERIVED_FILE_DIR)/Pods-IPSXUITests-checkManifestLockResult.txt",
			);
			runOnlyForDeploymentPostprocessing = 0;
			shellPath = /bin/sh;
			shellScript = "diff \"${PODS_PODFILE_DIR_PATH}/Podfile.lock\" \"${PODS_ROOT}/Manifest.lock\" > /dev/null\nif [ $? != 0 ] ; then\n    # print error to STDERR\n    echo \"error: The sandbox is not in sync with the Podfile.lock. Run 'pod install' or update your CocoaPods installation.\" >&2\n    exit 1\nfi\n# This output is used by Xcode 'outputs' to avoid re-running this script phase.\necho \"SUCCESS\" > \"${SCRIPT_OUTPUT_FILE_0}\"\n";
			showEnvVarsInLog = 0;
		};
/* End PBXShellScriptBuildPhase section */

/* Begin PBXSourcesBuildPhase section */
		A43930A7205AAEE800CA7B15 /* Sources */ = {
			isa = PBXSourcesBuildPhase;
			buildActionMask = 2147483647;
			files = (
				A48329CC209C5B1F003B19FC /* UserInfoService.swift in Sources */,
				A473002B205AC16900488009 /* RequestModel.swift in Sources */,
				EE4AAB9B208DDA6500FE149D /* ForgotPassController.swift in Sources */,
				A4DD0BA32097590E00D27759 /* RegisterService.swift in Sources */,
				A48329CE209C5D41003B19FC /* UserInfo.swift in Sources */,
				A4AC76242099F27F00504ED9 /* UserManager.swift in Sources */,
				A4F2F7452090B02500515883 /* ProxyPack.swift in Sources */,
				A4FCA934205BB463009FF41B /* ProxyRequest.swift in Sources */,
				EE6FC03B2099EF67007971DC /* TokenRequestController.swift in Sources */,
				A4FCA937205BD8F1009FF41B /* String+extenstions.swift in Sources */,
				EED38F2120A5B1CD004DA2CC /* DateFormatter+extensions.swift in Sources */,
				A46480DC2091F22400330CC9 /* ProxySetup.swift in Sources */,
				A46480DE2091F2CC00330CC9 /* Proxy.swift in Sources */,
				A4F2F7482090B4F200515883 /* ProxyPackCell.swift in Sources */,
				EE4AABA3208E17AA00FE149D /* AddWalletController.swift in Sources */,
				A444224220A32DB10007C80B /* ToastAlertView.swift in Sources */,
				A46A614920A2F21300F25CC1 /* UserDefaults+extensions.swift in Sources */,
				A473002C205AC16900488009 /* IPService.swift in Sources */,
				EE37F8A22090BCBC00783385 /* SettingsViewController.swift in Sources */,
				A4E374CA2090C2D100808B86 /* NewProxyController.swift in Sources */,
				EE1A0543208F593900522426 /* DashboardViewController.swift in Sources */,
				A4AC7629209A074600504ED9 /* Double+extensions.swift in Sources */,
				EE4AAB99208DD34B00FE149D /* LoginCredentialsControler.swift in Sources */,
				A4730029205AC16900488009 /* IPRequestManager.swift in Sources */,
				A4AC761F2099E59800504ED9 /* KeychainWrapper.swift in Sources */,
				EE4AAB932089D7F900FE149D /* RegisterCredentialsController.swift in Sources */,
				A4AC76222099E99900504ED9 /* LoginService.swift in Sources */,
				A4606C362092165E0008A9F3 /* ProxyActivationDetailsCell.swift in Sources */,
				A4E6AEAB20862E23001787DF /* RoundedButton.swift in Sources */,
				A46480E02091F9D500330CC9 /* UITableView+extensions.swift in Sources */,
				A4AC76272099F83D00504ED9 /* ProxyService.swift in Sources */,
				A473002A205AC16900488009 /* IPInfoProtocols.swift in Sources */,
				EE4AAB912089D7D700FE149D /* RichTextFieldView.swift in Sources */,
				EE6FC03F209B2951007971DC /* CustomLoadingView.swift in Sources */,
				A4E6AEA62085F6CD001787DF /* UIColor+extensions.swift in Sources */,
				A46480D82091EEE600330CC9 /* ProxySummaryViewController.swift in Sources */,
				EE4AAB9D208DDB4800FE149D /* LoginOptionsController.swift in Sources */,
				EE62F7412099A3CF00BE6120 /* ChangePasswordController.swift in Sources */,
				A4E6AEA42085EAF1001787DF /* LandingViewController.swift in Sources */,
				EE3BDFF420A1AC71007AEB1D /* UIView+extensions.swift in Sources */,
				A46480E420920A3600330CC9 /* ProxyDetailsViewController.swift in Sources */,
				EE62F7442099C62300BE6120 /* ProfileViewController.swift in Sources */,
				EE37F8A72091F52700783385 /* SearchViewController.swift in Sources */,
				EEEBF04B20999259008AB061 /* EditProfileController.swift in Sources */,
				EE4AAB9F208DDD0B00FE149D /* RegisterOptionsController.swift in Sources */,
				EE1A0544208F593900522426 /* TabBarController.swift in Sources */,
				EEA08C452099E97C00684F33 /* TokenRequestListController.swift in Sources */,
				A46480DA2091F1CB00330CC9 /* ProxyActivationDetails.swift in Sources */,
				A43930AF205AAEE800CA7B15 /* AppDelegate.swift in Sources */,
				A4524C1720A094C600F7BD84 /* EthAddress.swift in Sources */,
				A43A5B662091EABC00B7FD3B /* ProxyDetailsCell.swift in Sources */,
				A479DC9520A48CAF00D5C601 /* TokenRequest.swift in Sources */,
				EE1A0546208F650E00522426 /* RoundedView.swift in Sources */,
				EE4AAB952089DA9900FE149D /* RegisterTermsController.swift in Sources */,
			);
			runOnlyForDeploymentPostprocessing = 0;
		};
		A43930BB205AAEE800CA7B15 /* Sources */ = {
			isa = PBXSourcesBuildPhase;
			buildActionMask = 2147483647;
			files = (
				A43930C4205AAEE800CA7B15 /* IPSXTests.swift in Sources */,
			);
			runOnlyForDeploymentPostprocessing = 0;
		};
		A43930C6205AAEE800CA7B15 /* Sources */ = {
			isa = PBXSourcesBuildPhase;
			buildActionMask = 2147483647;
			files = (
				A43930CF205AAEE800CA7B15 /* IPSXUITests.swift in Sources */,
			);
			runOnlyForDeploymentPostprocessing = 0;
		};
/* End PBXSourcesBuildPhase section */

/* Begin PBXTargetDependency section */
		A43930C1205AAEE800CA7B15 /* PBXTargetDependency */ = {
			isa = PBXTargetDependency;
			target = A43930AA205AAEE800CA7B15 /* IPSX */;
			targetProxy = A43930C0205AAEE800CA7B15 /* PBXContainerItemProxy */;
		};
		A43930CC205AAEE800CA7B15 /* PBXTargetDependency */ = {
			isa = PBXTargetDependency;
			target = A43930AA205AAEE800CA7B15 /* IPSX */;
			targetProxy = A43930CB205AAEE800CA7B15 /* PBXContainerItemProxy */;
		};
/* End PBXTargetDependency section */

/* Begin PBXVariantGroup section */
		A43930B7205AAEE800CA7B15 /* LaunchScreen.storyboard */ = {
			isa = PBXVariantGroup;
			children = (
				A43930B8205AAEE800CA7B15 /* Base */,
			);
			name = LaunchScreen.storyboard;
			sourceTree = "<group>";
		};
/* End PBXVariantGroup section */

/* Begin XCBuildConfiguration section */
		A43930D1205AAEE800CA7B15 /* Debug */ = {
			isa = XCBuildConfiguration;
			buildSettings = {
				ALWAYS_SEARCH_USER_PATHS = NO;
				CLANG_ANALYZER_NONNULL = YES;
				CLANG_ANALYZER_NUMBER_OBJECT_CONVERSION = YES_AGGRESSIVE;
				CLANG_CXX_LANGUAGE_STANDARD = "gnu++14";
				CLANG_CXX_LIBRARY = "libc++";
				CLANG_ENABLE_MODULES = YES;
				CLANG_ENABLE_OBJC_ARC = YES;
				CLANG_WARN_BLOCK_CAPTURE_AUTORELEASING = YES;
				CLANG_WARN_BOOL_CONVERSION = YES;
				CLANG_WARN_COMMA = YES;
				CLANG_WARN_CONSTANT_CONVERSION = YES;
				CLANG_WARN_DEPRECATED_OBJC_IMPLEMENTATIONS = YES;
				CLANG_WARN_DIRECT_OBJC_ISA_USAGE = YES_ERROR;
				CLANG_WARN_DOCUMENTATION_COMMENTS = YES;
				CLANG_WARN_EMPTY_BODY = YES;
				CLANG_WARN_ENUM_CONVERSION = YES;
				CLANG_WARN_INFINITE_RECURSION = YES;
				CLANG_WARN_INT_CONVERSION = YES;
				CLANG_WARN_NON_LITERAL_NULL_CONVERSION = YES;
				CLANG_WARN_OBJC_IMPLICIT_RETAIN_SELF = YES;
				CLANG_WARN_OBJC_LITERAL_CONVERSION = YES;
				CLANG_WARN_OBJC_ROOT_CLASS = YES_ERROR;
				CLANG_WARN_RANGE_LOOP_ANALYSIS = YES;
				CLANG_WARN_STRICT_PROTOTYPES = YES;
				CLANG_WARN_SUSPICIOUS_MOVE = YES;
				CLANG_WARN_UNGUARDED_AVAILABILITY = YES_AGGRESSIVE;
				CLANG_WARN_UNREACHABLE_CODE = YES;
				CLANG_WARN__DUPLICATE_METHOD_MATCH = YES;
				CODE_SIGN_IDENTITY = "iPhone Developer";
				COPY_PHASE_STRIP = NO;
				DEBUG_INFORMATION_FORMAT = dwarf;
				ENABLE_STRICT_OBJC_MSGSEND = YES;
				ENABLE_TESTABILITY = YES;
				GCC_C_LANGUAGE_STANDARD = gnu11;
				GCC_DYNAMIC_NO_PIC = NO;
				GCC_NO_COMMON_BLOCKS = YES;
				GCC_OPTIMIZATION_LEVEL = 0;
				GCC_PREPROCESSOR_DEFINITIONS = (
					"DEBUG=1",
					"$(inherited)",
				);
				GCC_WARN_64_TO_32_BIT_CONVERSION = YES;
				GCC_WARN_ABOUT_RETURN_TYPE = YES_ERROR;
				GCC_WARN_UNDECLARED_SELECTOR = YES;
				GCC_WARN_UNINITIALIZED_AUTOS = YES_AGGRESSIVE;
				GCC_WARN_UNUSED_FUNCTION = YES;
				GCC_WARN_UNUSED_VARIABLE = YES;
				IPHONEOS_DEPLOYMENT_TARGET = 10.3;
				MTL_ENABLE_DEBUG_INFO = YES;
				ONLY_ACTIVE_ARCH = YES;
				SDKROOT = iphoneos;
				SWIFT_ACTIVE_COMPILATION_CONDITIONS = DEBUG;
				SWIFT_OPTIMIZATION_LEVEL = "-Onone";
			};
			name = Debug;
		};
		A43930D2205AAEE800CA7B15 /* Release */ = {
			isa = XCBuildConfiguration;
			buildSettings = {
				ALWAYS_SEARCH_USER_PATHS = NO;
				CLANG_ANALYZER_NONNULL = YES;
				CLANG_ANALYZER_NUMBER_OBJECT_CONVERSION = YES_AGGRESSIVE;
				CLANG_CXX_LANGUAGE_STANDARD = "gnu++14";
				CLANG_CXX_LIBRARY = "libc++";
				CLANG_ENABLE_MODULES = YES;
				CLANG_ENABLE_OBJC_ARC = YES;
				CLANG_WARN_BLOCK_CAPTURE_AUTORELEASING = YES;
				CLANG_WARN_BOOL_CONVERSION = YES;
				CLANG_WARN_COMMA = YES;
				CLANG_WARN_CONSTANT_CONVERSION = YES;
				CLANG_WARN_DEPRECATED_OBJC_IMPLEMENTATIONS = YES;
				CLANG_WARN_DIRECT_OBJC_ISA_USAGE = YES_ERROR;
				CLANG_WARN_DOCUMENTATION_COMMENTS = YES;
				CLANG_WARN_EMPTY_BODY = YES;
				CLANG_WARN_ENUM_CONVERSION = YES;
				CLANG_WARN_INFINITE_RECURSION = YES;
				CLANG_WARN_INT_CONVERSION = YES;
				CLANG_WARN_NON_LITERAL_NULL_CONVERSION = YES;
				CLANG_WARN_OBJC_IMPLICIT_RETAIN_SELF = YES;
				CLANG_WARN_OBJC_LITERAL_CONVERSION = YES;
				CLANG_WARN_OBJC_ROOT_CLASS = YES_ERROR;
				CLANG_WARN_RANGE_LOOP_ANALYSIS = YES;
				CLANG_WARN_STRICT_PROTOTYPES = YES;
				CLANG_WARN_SUSPICIOUS_MOVE = YES;
				CLANG_WARN_UNGUARDED_AVAILABILITY = YES_AGGRESSIVE;
				CLANG_WARN_UNREACHABLE_CODE = YES;
				CLANG_WARN__DUPLICATE_METHOD_MATCH = YES;
				CODE_SIGN_IDENTITY = "iPhone Developer";
				COPY_PHASE_STRIP = NO;
				DEBUG_INFORMATION_FORMAT = "dwarf-with-dsym";
				ENABLE_NS_ASSERTIONS = NO;
				ENABLE_STRICT_OBJC_MSGSEND = YES;
				GCC_C_LANGUAGE_STANDARD = gnu11;
				GCC_NO_COMMON_BLOCKS = YES;
				GCC_WARN_64_TO_32_BIT_CONVERSION = YES;
				GCC_WARN_ABOUT_RETURN_TYPE = YES_ERROR;
				GCC_WARN_UNDECLARED_SELECTOR = YES;
				GCC_WARN_UNINITIALIZED_AUTOS = YES_AGGRESSIVE;
				GCC_WARN_UNUSED_FUNCTION = YES;
				GCC_WARN_UNUSED_VARIABLE = YES;
				IPHONEOS_DEPLOYMENT_TARGET = 10.3;
				MTL_ENABLE_DEBUG_INFO = NO;
				SDKROOT = iphoneos;
				SWIFT_OPTIMIZATION_LEVEL = "-Owholemodule";
				VALIDATE_PRODUCT = YES;
			};
			name = Release;
		};
		A43930D4205AAEE800CA7B15 /* Debug */ = {
			isa = XCBuildConfiguration;
			baseConfigurationReference = BB89380DF6A3DF5B7778DBF7 /* Pods-IPSX.debug.xcconfig */;
			buildSettings = {
				ASSETCATALOG_COMPILER_APPICON_NAME = AppIcon;
				CODE_SIGN_ENTITLEMENTS = IPSX/IPSX.entitlements;
				CODE_SIGN_STYLE = Automatic;
				DEVELOPMENT_TEAM = 2C9D8PUQU5;
				INFOPLIST_FILE = IPSX/Info.plist;
				IPHONEOS_DEPLOYMENT_TARGET = 10.0;
				LD_RUNPATH_SEARCH_PATHS = "$(inherited) @executable_path/Frameworks";
				PRODUCT_BUNDLE_IDENTIFIER = com.ipsx.mobile;
				PRODUCT_NAME = "$(TARGET_NAME)";
				SWIFT_OBJC_BRIDGING_HEADER = "";
				SWIFT_VERSION = 4.0;
				TARGETED_DEVICE_FAMILY = 1;
			};
			name = Debug;
		};
		A43930D5205AAEE800CA7B15 /* Release */ = {
			isa = XCBuildConfiguration;
			baseConfigurationReference = E13C8D7141F797750D78CBC0 /* Pods-IPSX.release.xcconfig */;
			buildSettings = {
				ASSETCATALOG_COMPILER_APPICON_NAME = AppIcon;
				CODE_SIGN_ENTITLEMENTS = IPSX/IPSX.entitlements;
				CODE_SIGN_STYLE = Automatic;
				DEVELOPMENT_TEAM = 2C9D8PUQU5;
				INFOPLIST_FILE = IPSX/Info.plist;
				IPHONEOS_DEPLOYMENT_TARGET = 10.0;
				LD_RUNPATH_SEARCH_PATHS = "$(inherited) @executable_path/Frameworks";
				PRODUCT_BUNDLE_IDENTIFIER = com.ipsx.mobile;
				PRODUCT_NAME = "$(TARGET_NAME)";
				SWIFT_OBJC_BRIDGING_HEADER = "";
				SWIFT_VERSION = 4.0;
				TARGETED_DEVICE_FAMILY = 1;
			};
			name = Release;
		};
		A43930D7205AAEE800CA7B15 /* Debug */ = {
			isa = XCBuildConfiguration;
			baseConfigurationReference = 6F865841F3B589E49E178500 /* Pods-IPSXTests.debug.xcconfig */;
			buildSettings = {
				ALWAYS_EMBED_SWIFT_STANDARD_LIBRARIES = YES;
				BUNDLE_LOADER = "$(TEST_HOST)";
				CODE_SIGN_STYLE = Automatic;
				DEVELOPMENT_TEAM = 89VEYG8DM2;
				INFOPLIST_FILE = IPSXTests/Info.plist;
				LD_RUNPATH_SEARCH_PATHS = "$(inherited) @executable_path/Frameworks @loader_path/Frameworks";
				PRODUCT_BUNDLE_IDENTIFIER = com.ipsx.cvi.IPSXTests;
				PRODUCT_NAME = "$(TARGET_NAME)";
				SWIFT_VERSION = 4.0;
				TARGETED_DEVICE_FAMILY = "1,2";
				TEST_HOST = "$(BUILT_PRODUCTS_DIR)/IPSX.app/IPSX";
			};
			name = Debug;
		};
		A43930D8205AAEE800CA7B15 /* Release */ = {
			isa = XCBuildConfiguration;
			baseConfigurationReference = 1ECC9748DA612DBD88BC96AD /* Pods-IPSXTests.release.xcconfig */;
			buildSettings = {
				ALWAYS_EMBED_SWIFT_STANDARD_LIBRARIES = YES;
				BUNDLE_LOADER = "$(TEST_HOST)";
				CODE_SIGN_STYLE = Automatic;
				DEVELOPMENT_TEAM = 89VEYG8DM2;
				INFOPLIST_FILE = IPSXTests/Info.plist;
				LD_RUNPATH_SEARCH_PATHS = "$(inherited) @executable_path/Frameworks @loader_path/Frameworks";
				PRODUCT_BUNDLE_IDENTIFIER = com.ipsx.cvi.IPSXTests;
				PRODUCT_NAME = "$(TARGET_NAME)";
				SWIFT_VERSION = 4.0;
				TARGETED_DEVICE_FAMILY = "1,2";
				TEST_HOST = "$(BUILT_PRODUCTS_DIR)/IPSX.app/IPSX";
			};
			name = Release;
		};
		A43930DA205AAEE800CA7B15 /* Debug */ = {
			isa = XCBuildConfiguration;
			baseConfigurationReference = 5E14D7C723875E654DAE319E /* Pods-IPSXUITests.debug.xcconfig */;
			buildSettings = {
				ALWAYS_EMBED_SWIFT_STANDARD_LIBRARIES = YES;
				CODE_SIGN_STYLE = Automatic;
				DEVELOPMENT_TEAM = 89VEYG8DM2;
				INFOPLIST_FILE = IPSXUITests/Info.plist;
				LD_RUNPATH_SEARCH_PATHS = "$(inherited) @executable_path/Frameworks @loader_path/Frameworks";
				PRODUCT_BUNDLE_IDENTIFIER = com.ipsx.cvi.IPSXUITests;
				PRODUCT_NAME = "$(TARGET_NAME)";
				SWIFT_VERSION = 4.0;
				TARGETED_DEVICE_FAMILY = "1,2";
				TEST_TARGET_NAME = IPSX;
			};
			name = Debug;
		};
		A43930DB205AAEE800CA7B15 /* Release */ = {
			isa = XCBuildConfiguration;
			baseConfigurationReference = 8F8620F264A8DDA98F5A07F7 /* Pods-IPSXUITests.release.xcconfig */;
			buildSettings = {
				ALWAYS_EMBED_SWIFT_STANDARD_LIBRARIES = YES;
				CODE_SIGN_STYLE = Automatic;
				DEVELOPMENT_TEAM = 89VEYG8DM2;
				INFOPLIST_FILE = IPSXUITests/Info.plist;
				LD_RUNPATH_SEARCH_PATHS = "$(inherited) @executable_path/Frameworks @loader_path/Frameworks";
				PRODUCT_BUNDLE_IDENTIFIER = com.ipsx.cvi.IPSXUITests;
				PRODUCT_NAME = "$(TARGET_NAME)";
				SWIFT_VERSION = 4.0;
				TARGETED_DEVICE_FAMILY = "1,2";
				TEST_TARGET_NAME = IPSX;
			};
			name = Release;
		};
/* End XCBuildConfiguration section */

/* Begin XCConfigurationList section */
		A43930A6205AAEE800CA7B15 /* Build configuration list for PBXProject "IPSX" */ = {
			isa = XCConfigurationList;
			buildConfigurations = (
				A43930D1205AAEE800CA7B15 /* Debug */,
				A43930D2205AAEE800CA7B15 /* Release */,
			);
			defaultConfigurationIsVisible = 0;
			defaultConfigurationName = Release;
		};
		A43930D3205AAEE800CA7B15 /* Build configuration list for PBXNativeTarget "IPSX" */ = {
			isa = XCConfigurationList;
			buildConfigurations = (
				A43930D4205AAEE800CA7B15 /* Debug */,
				A43930D5205AAEE800CA7B15 /* Release */,
			);
			defaultConfigurationIsVisible = 0;
			defaultConfigurationName = Release;
		};
		A43930D6205AAEE800CA7B15 /* Build configuration list for PBXNativeTarget "IPSXTests" */ = {
			isa = XCConfigurationList;
			buildConfigurations = (
				A43930D7205AAEE800CA7B15 /* Debug */,
				A43930D8205AAEE800CA7B15 /* Release */,
			);
			defaultConfigurationIsVisible = 0;
			defaultConfigurationName = Release;
		};
		A43930D9205AAEE800CA7B15 /* Build configuration list for PBXNativeTarget "IPSXUITests" */ = {
			isa = XCConfigurationList;
			buildConfigurations = (
				A43930DA205AAEE800CA7B15 /* Debug */,
				A43930DB205AAEE800CA7B15 /* Release */,
			);
			defaultConfigurationIsVisible = 0;
			defaultConfigurationName = Release;
		};
/* End XCConfigurationList section */
	};
	rootObject = A43930A3205AAEE800CA7B15 /* Project object */;
}
