// !$*UTF8*$!
{
	archiveVersion = 1;
	classes = {
	};
	objectVersion = 48;
	objects = {

/* Begin PBXBuildFile section */
		4E16E4232D06081BD7CCF59D /* Pods_IPSX.framework in Frameworks */ = {isa = PBXBuildFile; fileRef = A4CCCFEF20C570D5005FA14F /* Pods_IPSX.framework */; };
		A41583B120B6D7A800DEC2BC /* ReachabilityManager.swift in Sources */ = {isa = PBXBuildFile; fileRef = A41583B020B6D7A800DEC2BC /* ReachabilityManager.swift */; };
		A41583B320B6D87B00DEC2BC /* NSNotificationName+extensions.swift in Sources */ = {isa = PBXBuildFile; fileRef = A41583B220B6D87B00DEC2BC /* NSNotificationName+extensions.swift */; };
		A41657C82147B07C007BCB4E /* ChooseDestinyViewController.swift in Sources */ = {isa = PBXBuildFile; fileRef = A41657C72147B07C007BCB4E /* ChooseDestinyViewController.swift */; };
		A43930AF205AAEE800CA7B15 /* AppDelegate.swift in Sources */ = {isa = PBXBuildFile; fileRef = A43930AE205AAEE800CA7B15 /* AppDelegate.swift */; };
		A43930B6205AAEE800CA7B15 /* Assets.xcassets in Resources */ = {isa = PBXBuildFile; fileRef = A43930B5205AAEE800CA7B15 /* Assets.xcassets */; };
		A43930B9205AAEE800CA7B15 /* LaunchScreen.storyboard in Resources */ = {isa = PBXBuildFile; fileRef = A43930B7205AAEE800CA7B15 /* LaunchScreen.storyboard */; };
		A43930C4205AAEE800CA7B15 /* IPSXTests.swift in Sources */ = {isa = PBXBuildFile; fileRef = A43930C3205AAEE800CA7B15 /* IPSXTests.swift */; };
		A43930CF205AAEE800CA7B15 /* IPSXUITests.swift in Sources */ = {isa = PBXBuildFile; fileRef = A43930CE205AAEE800CA7B15 /* IPSXUITests.swift */; };
		A43A5B662091EABC00B7FD3B /* ProxyDetailsCell.swift in Sources */ = {isa = PBXBuildFile; fileRef = A43A5B652091EABC00B7FD3B /* ProxyDetailsCell.swift */; };
		A43CEC8220BFF254005198A5 /* EnrollmentService.swift in Sources */ = {isa = PBXBuildFile; fileRef = A43CEC8120BFF254005198A5 /* EnrollmentService.swift */; };
		A4524C1720A094C600F7BD84 /* EthAddress.swift in Sources */ = {isa = PBXBuildFile; fileRef = A4524C1620A094C600F7BD84 /* EthAddress.swift */; };
		A45331CC20C926710038E0E2 /* SocialIntegrationService.swift in Sources */ = {isa = PBXBuildFile; fileRef = A45331CB20C926710038E0E2 /* SocialIntegrationService.swift */; };
		A45331D120C9468D0038E0E2 /* Pods_IPSX.framework in Frameworks */ = {isa = PBXBuildFile; fileRef = A4F26D1220C56E0700134CAD /* Pods_IPSX.framework */; };
		A456C8D1214AA93C00B823A1 /* ProviderView.swift in Sources */ = {isa = PBXBuildFile; fileRef = A456C8D0214AA93C00B823A1 /* ProviderView.swift */; };
		A45F0ED920AEF485009C55F2 /* ErrorHandlingProtocols.swift in Sources */ = {isa = PBXBuildFile; fileRef = A45F0ED820AEF485009C55F2 /* ErrorHandlingProtocols.swift */; };
		A4606C362092165E0008A9F3 /* ProxyActivationDetailsCell.swift in Sources */ = {isa = PBXBuildFile; fileRef = A4606C352092165D0008A9F3 /* ProxyActivationDetailsCell.swift */; };
		A46480D82091EEE600330CC9 /* ProxySummaryViewController.swift in Sources */ = {isa = PBXBuildFile; fileRef = A46480D72091EEE600330CC9 /* ProxySummaryViewController.swift */; };
		A46480DA2091F1CB00330CC9 /* ProxyActivationDetails.swift in Sources */ = {isa = PBXBuildFile; fileRef = A46480D92091F1CB00330CC9 /* ProxyActivationDetails.swift */; };
		A46480DC2091F22400330CC9 /* ProxySetup.swift in Sources */ = {isa = PBXBuildFile; fileRef = A46480DB2091F22400330CC9 /* ProxySetup.swift */; };
		A46480DE2091F2CC00330CC9 /* Proxy.swift in Sources */ = {isa = PBXBuildFile; fileRef = A46480DD2091F2CC00330CC9 /* Proxy.swift */; };
		A46480E02091F9D500330CC9 /* UITableView+extensions.swift in Sources */ = {isa = PBXBuildFile; fileRef = A46480DF2091F9D500330CC9 /* UITableView+extensions.swift */; };
		A46480E420920A3600330CC9 /* ProxyDetailsViewController.swift in Sources */ = {isa = PBXBuildFile; fileRef = A46480E320920A3600330CC9 /* ProxyDetailsViewController.swift */; };
		A466F06520B4469700A7B68A /* SettingsService.swift in Sources */ = {isa = PBXBuildFile; fileRef = A466F06420B4469700A7B68A /* SettingsService.swift */; };
		A46A614920A2F21300F25CC1 /* UserDefaults+extensions.swift in Sources */ = {isa = PBXBuildFile; fileRef = A46A614820A2F21300F25CC1 /* UserDefaults+extensions.swift */; };
		A4730029205AC16900488009 /* RequestBuilder.swift in Sources */ = {isa = PBXBuildFile; fileRef = A4730025205AC16900488009 /* RequestBuilder.swift */; };
		A473002A205AC16900488009 /* IPInfoProtocol.swift in Sources */ = {isa = PBXBuildFile; fileRef = A4730026205AC16900488009 /* IPInfoProtocol.swift */; };
		A473002B205AC16900488009 /* RequestModel.swift in Sources */ = {isa = PBXBuildFile; fileRef = A4730027205AC16900488009 /* RequestModel.swift */; };
		A473002C205AC16900488009 /* IPService.swift in Sources */ = {isa = PBXBuildFile; fileRef = A4730028205AC16900488009 /* IPService.swift */; };
		A4734AF3214B9B810091654B /* ToastAlertView.xib in Resources */ = {isa = PBXBuildFile; fileRef = A4734AF2214B9B810091654B /* ToastAlertView.xib */; };
		A479DC9520A48CAF00D5C601 /* TokenRequest.swift in Sources */ = {isa = PBXBuildFile; fileRef = A479DC9420A48CAF00D5C601 /* TokenRequest.swift */; };
		A48329CC209C5B1F003B19FC /* UserInfoService.swift in Sources */ = {isa = PBXBuildFile; fileRef = A48329CB209C5B1F003B19FC /* UserInfoService.swift */; };
		A48329CE209C5D41003B19FC /* UserInfo.swift in Sources */ = {isa = PBXBuildFile; fileRef = A48329CD209C5D41003B19FC /* UserInfo.swift */; };
		A4935045212EE86900482BA5 /* Representative.swift in Sources */ = {isa = PBXBuildFile; fileRef = A4935044212EE86900482BA5 /* Representative.swift */; };
		A4935047212EE8F500482BA5 /* Company.swift in Sources */ = {isa = PBXBuildFile; fileRef = A4935046212EE8F500482BA5 /* Company.swift */; };
		A493504A212EEADB00482BA5 /* LegalPersonService.swift in Sources */ = {isa = PBXBuildFile; fileRef = A4935049212EEADB00482BA5 /* LegalPersonService.swift */; };
		A4A83FC62105C385000DD2F4 /* URL+extensions.swift in Sources */ = {isa = PBXBuildFile; fileRef = A4A83FC52105C385000DD2F4 /* URL+extensions.swift */; };
		A4AC761F2099E59800504ED9 /* KeychainWrapper.swift in Sources */ = {isa = PBXBuildFile; fileRef = A4AC761E2099E59800504ED9 /* KeychainWrapper.swift */; };
		A4AC76222099E99900504ED9 /* LoginService.swift in Sources */ = {isa = PBXBuildFile; fileRef = A4AC76212099E99900504ED9 /* LoginService.swift */; };
		A4AC76242099F27F00504ED9 /* UserManager.swift in Sources */ = {isa = PBXBuildFile; fileRef = A4AC76232099F27F00504ED9 /* UserManager.swift */; };
		A4AC76272099F83D00504ED9 /* ProxyService.swift in Sources */ = {isa = PBXBuildFile; fileRef = A4AC76262099F83D00504ED9 /* ProxyService.swift */; };
		A4AC7629209A074600504ED9 /* Double+extensions.swift in Sources */ = {isa = PBXBuildFile; fileRef = A4AC7628209A074600504ED9 /* Double+extensions.swift */; };
		A4B57C2D20F24FE300EEE433 /* TokenDepositService.swift in Sources */ = {isa = PBXBuildFile; fileRef = A4B57C2C20F24FE300EEE433 /* TokenDepositService.swift */; };
		A4B57C3120F268C700EEE433 /* Deposit.swift in Sources */ = {isa = PBXBuildFile; fileRef = A4B57C3020F268C700EEE433 /* Deposit.swift */; };
		A4D5D91E214FE3BA00B79361 /* ProviderDetails.storyboard in Resources */ = {isa = PBXBuildFile; fileRef = A4D5D91D214FE3BA00B79361 /* ProviderDetails.storyboard */; };
		A4D5D920214FE73F00B79361 /* AboutProviderViewController.swift in Sources */ = {isa = PBXBuildFile; fileRef = A4D5D91F214FE73F00B79361 /* AboutProviderViewController.swift */; };
		A4D5D923214FE79000B79361 /* BecomeProviderController.swift in Sources */ = {isa = PBXBuildFile; fileRef = A4D5D922214FE79000B79361 /* BecomeProviderController.swift */; };
		A4DD0BA32097590E00D27759 /* RegisterService.swift in Sources */ = {isa = PBXBuildFile; fileRef = A4DD0BA22097590E00D27759 /* RegisterService.swift */; };
		A4DFBFFE20B44AD200FFC28F /* GeneralSettings.swift in Sources */ = {isa = PBXBuildFile; fileRef = A4DFBFFD20B44AD200FFC28F /* GeneralSettings.swift */; };
		A4E374CA2090C2D100808B86 /* NewProxyController.swift in Sources */ = {isa = PBXBuildFile; fileRef = A4E374C92090C2D100808B86 /* NewProxyController.swift */; };
		A4E6AEA42085EAF1001787DF /* LandingViewController.swift in Sources */ = {isa = PBXBuildFile; fileRef = A4E6AEA32085EAF1001787DF /* LandingViewController.swift */; };
		A4E6AEA62085F6CD001787DF /* UIColor+extensions.swift in Sources */ = {isa = PBXBuildFile; fileRef = A4E6AEA52085F6CD001787DF /* UIColor+extensions.swift */; };
		A4E6AEAB20862E23001787DF /* RoundedButton.swift in Sources */ = {isa = PBXBuildFile; fileRef = A4E6AEAA20862E23001787DF /* RoundedButton.swift */; };
		A4F04CCC214BCACE0044820A /* ProviderService.swift in Sources */ = {isa = PBXBuildFile; fileRef = A4F04CCB214BCACE0044820A /* ProviderService.swift */; };
		A4F2F7452090B02500515883 /* ProxyPack.swift in Sources */ = {isa = PBXBuildFile; fileRef = A4F2F7442090B02500515883 /* ProxyPack.swift */; };
		A4F2F7482090B4F200515883 /* ProxyPackCell.swift in Sources */ = {isa = PBXBuildFile; fileRef = A4F2F7472090B4F200515883 /* ProxyPackCell.swift */; };
		A4FCA934205BB463009FF41B /* ProxyRequest.swift in Sources */ = {isa = PBXBuildFile; fileRef = A4FCA933205BB463009FF41B /* ProxyRequest.swift */; };
		A4FCA937205BD8F1009FF41B /* String+extenstions.swift in Sources */ = {isa = PBXBuildFile; fileRef = A4FCA936205BD8F1009FF41B /* String+extenstions.swift */; };
		DDBA148A50FBFBA3A4F69DCF /* Pods_IPSXTests.framework in Frameworks */ = {isa = PBXBuildFile; fileRef = 568395446C47337957253B00 /* Pods_IPSXTests.framework */; };
		EE1A0543208F593900522426 /* DashboardViewController.swift in Sources */ = {isa = PBXBuildFile; fileRef = EE1A0541208F593900522426 /* DashboardViewController.swift */; };
		EE1A0544208F593900522426 /* TabBarController.swift in Sources */ = {isa = PBXBuildFile; fileRef = EE1A0542208F593900522426 /* TabBarController.swift */; };
		EE1A0546208F650E00522426 /* RoundedView.swift in Sources */ = {isa = PBXBuildFile; fileRef = EE1A0545208F650E00522426 /* RoundedView.swift */; };
		EE2C36C720FC74F300E72E8B /* DeleteAccountController.swift in Sources */ = {isa = PBXBuildFile; fileRef = EE2C36C620FC74F300E72E8B /* DeleteAccountController.swift */; };
		EE354FC820AB10A6002A8132 /* style.css in Resources */ = {isa = PBXBuildFile; fileRef = EE354FC320AB10A6002A8132 /* style.css */; };
		EE354FC920AB10A6002A8132 /* index.js in Resources */ = {isa = PBXBuildFile; fileRef = EE354FC520AB10A6002A8132 /* index.js */; };
		EE354FCA20AB10A6002A8132 /* particles.min.js in Resources */ = {isa = PBXBuildFile; fileRef = EE354FC620AB10A6002A8132 /* particles.min.js */; };
		EE354FCB20AB10A6002A8132 /* background.html in Resources */ = {isa = PBXBuildFile; fileRef = EE354FC720AB10A6002A8132 /* background.html */; };
		EE354FCD20AB1141002A8132 /* LoadingViewController.swift in Sources */ = {isa = PBXBuildFile; fileRef = EE354FCC20AB1141002A8132 /* LoadingViewController.swift */; };
		EE354FCF20AB1345002A8132 /* WebKit.framework in Frameworks */ = {isa = PBXBuildFile; fileRef = EE354FCE20AB1344002A8132 /* WebKit.framework */; };
		EE37F8A22090BCBC00783385 /* SettingsViewController.swift in Sources */ = {isa = PBXBuildFile; fileRef = EE37F8A12090BCBC00783385 /* SettingsViewController.swift */; };
		EE37F8A72091F52700783385 /* SearchViewController.swift in Sources */ = {isa = PBXBuildFile; fileRef = EE37F8A62091F52700783385 /* SearchViewController.swift */; };
		EE3BDFF420A1AC71007AEB1D /* UIView+extensions.swift in Sources */ = {isa = PBXBuildFile; fileRef = EE3BDFF320A1AC71007AEB1D /* UIView+extensions.swift */; };
		EE4AAB912089D7D700FE149D /* RichTextFieldView.swift in Sources */ = {isa = PBXBuildFile; fileRef = EE4AAB902089D7D700FE149D /* RichTextFieldView.swift */; };
		EE4AAB932089D7F900FE149D /* RegisterCredentialsController.swift in Sources */ = {isa = PBXBuildFile; fileRef = EE4AAB922089D7F900FE149D /* RegisterCredentialsController.swift */; };
		EE4AAB952089DA9900FE149D /* RegisterTermsController.swift in Sources */ = {isa = PBXBuildFile; fileRef = EE4AAB942089DA9900FE149D /* RegisterTermsController.swift */; };
		EE4AAB99208DD34B00FE149D /* LoginCredentialsControler.swift in Sources */ = {isa = PBXBuildFile; fileRef = EE4AAB98208DD34B00FE149D /* LoginCredentialsControler.swift */; };
		EE4AAB9B208DDA6500FE149D /* ForgotPassController.swift in Sources */ = {isa = PBXBuildFile; fileRef = EE4AAB9A208DDA6500FE149D /* ForgotPassController.swift */; };
		EE4AAB9D208DDB4800FE149D /* LoginOptionsController.swift in Sources */ = {isa = PBXBuildFile; fileRef = EE4AAB9C208DDB4800FE149D /* LoginOptionsController.swift */; };
		EE4AAB9F208DDD0B00FE149D /* RegisterOptionsController.swift in Sources */ = {isa = PBXBuildFile; fileRef = EE4AAB9E208DDD0B00FE149D /* RegisterOptionsController.swift */; };
		EE4AABA3208E17AA00FE149D /* AddWalletController.swift in Sources */ = {isa = PBXBuildFile; fileRef = EE4AABA2208E17AA00FE149D /* AddWalletController.swift */; };
		EE4DF81220BBE39500CE87E2 /* EnrolStakeLandingController.swift in Sources */ = {isa = PBXBuildFile; fileRef = EE4DF81120BBE39500CE87E2 /* EnrolStakeLandingController.swift */; };
		EE4DF81420BBE3C600CE87E2 /* EnrolStakeSubscribeController.swift in Sources */ = {isa = PBXBuildFile; fileRef = EE4DF81320BBE3C600CE87E2 /* EnrolStakeSubscribeController.swift */; };
		EE4DF81620BBE3DD00CE87E2 /* EnrolStakeSummaryController.swift in Sources */ = {isa = PBXBuildFile; fileRef = EE4DF81520BBE3DD00CE87E2 /* EnrolStakeSummaryController.swift */; };
		EE4DF81920BBECD300CE87E2 /* EnrolStaking.storyboard in Resources */ = {isa = PBXBuildFile; fileRef = EE4DF81B20BBECD300CE87E2 /* EnrolStaking.storyboard */; };
		EE62F7412099A3CF00BE6120 /* ChangePasswordController.swift in Sources */ = {isa = PBXBuildFile; fileRef = EE62F7402099A3CF00BE6120 /* ChangePasswordController.swift */; };
		EE62F7442099C62300BE6120 /* ProfileViewController.swift in Sources */ = {isa = PBXBuildFile; fileRef = EE62F7432099C62300BE6120 /* ProfileViewController.swift */; };
		EE6FC03B2099EF67007971DC /* TokenRequestController.swift in Sources */ = {isa = PBXBuildFile; fileRef = EE6FC03A2099EF67007971DC /* TokenRequestController.swift */; };
		EE6FC03F209B2951007971DC /* CustomLoadingView.swift in Sources */ = {isa = PBXBuildFile; fileRef = EE6FC03E209B2951007971DC /* CustomLoadingView.swift */; };
		EE7AD92820B3F5510022259D /* EthWalletCell.swift in Sources */ = {isa = PBXBuildFile; fileRef = EE7AD92720B3F5510022259D /* EthWalletCell.swift */; };
		EE7AD92C20B3F56D0022259D /* ToastAlertView.swift in Sources */ = {isa = PBXBuildFile; fileRef = EE7AD92A20B3F56C0022259D /* ToastAlertView.swift */; };
		EE7AD92E20B3FA740022259D /* Main.storyboard in Resources */ = {isa = PBXBuildFile; fileRef = EE7AD93020B3FA740022259D /* Main.storyboard */; };
		EE7AD93320B3FB370022259D /* Localizable.strings in Resources */ = {isa = PBXBuildFile; fileRef = EE7AD93520B3FB370022259D /* Localizable.strings */; };
		EE7AD93B20B402790022259D /* Search.storyboard in Resources */ = {isa = PBXBuildFile; fileRef = EE7AD93D20B402790022259D /* Search.storyboard */; };
		EE7AD94320B403180022259D /* Landing.storyboard in Resources */ = {isa = PBXBuildFile; fileRef = EE7AD94520B403180022259D /* Landing.storyboard */; };
		EE7AD94820B403ED0022259D /* Login.storyboard in Resources */ = {isa = PBXBuildFile; fileRef = EE7AD94A20B403ED0022259D /* Login.storyboard */; };
		EE7AD94D20B406930022259D /* Register.storyboard in Resources */ = {isa = PBXBuildFile; fileRef = EE7AD94F20B406930022259D /* Register.storyboard */; };
		EE7AD95220B406A40022259D /* WalletAdd.storyboard in Resources */ = {isa = PBXBuildFile; fileRef = EE7AD95420B406A40022259D /* WalletAdd.storyboard */; };
		EE7AD95720B40C500022259D /* TokenRequest.storyboard in Resources */ = {isa = PBXBuildFile; fileRef = EE7AD95920B40C500022259D /* TokenRequest.storyboard */; };
		EE7AD95C20B40E6B0022259D /* NewProxy.storyboard in Resources */ = {isa = PBXBuildFile; fileRef = EE7AD95E20B40E6B0022259D /* NewProxy.storyboard */; };
		EE7AD96120B413240022259D /* Profile.storyboard in Resources */ = {isa = PBXBuildFile; fileRef = EE7AD96320B413240022259D /* Profile.storyboard */; };
		EEA08C452099E97C00684F33 /* TokenRequestListController.swift in Sources */ = {isa = PBXBuildFile; fileRef = EEA08C442099E97C00684F33 /* TokenRequestListController.swift */; };
		EEAAD49920B5A81F001A2FAE /* SwiftyJSON.swift in Sources */ = {isa = PBXBuildFile; fileRef = EEAAD49820B5A81F001A2FAE /* SwiftyJSON.swift */; };
		EEAAD49E20B6AD6E001A2FAE /* EnrolTestSubscribeController.swift in Sources */ = {isa = PBXBuildFile; fileRef = EEAAD49D20B6AD6E001A2FAE /* EnrolTestSubscribeController.swift */; };
		EEAAD4A320B6CB57001A2FAE /* EnrolTestLandingController .swift in Sources */ = {isa = PBXBuildFile; fileRef = EEAAD4A220B6CB56001A2FAE /* EnrolTestLandingController .swift */; };
		EEAAD4A520B6CB8F001A2FAE /* EnrolTestSummaryController.swift in Sources */ = {isa = PBXBuildFile; fileRef = EEAAD4A420B6CB8F001A2FAE /* EnrolTestSummaryController.swift */; };
		EEAAD4A620B6D0A3001A2FAE /* EnrolTesting.storyboard in Resources */ = {isa = PBXBuildFile; fileRef = EEAAD4A820B6D0A3001A2FAE /* EnrolTesting.storyboard */; };
		EECE360120FE192200168193 /* TokenDeposit.storyboard in Resources */ = {isa = PBXBuildFile; fileRef = EECE360320FE192200168193 /* TokenDeposit.storyboard */; };
		EECEB9CB20ECA92D0081748F /* TokenDepositsListController.swift in Sources */ = {isa = PBXBuildFile; fileRef = EECEB9CA20ECA92D0081748F /* TokenDepositsListController.swift */; };
		EECEB9CD20ECF8250081748F /* TokenDepositController.swift in Sources */ = {isa = PBXBuildFile; fileRef = EECEB9CC20ECF8250081748F /* TokenDepositController.swift */; };
		EECEB9CF20ED00780081748F /* TokenDepositSummaryController.swift in Sources */ = {isa = PBXBuildFile; fileRef = EECEB9CE20ED00780081748F /* TokenDepositSummaryController.swift */; };
		EECFA9212105D54700F58ABE /* ReferFriendController.swift in Sources */ = {isa = PBXBuildFile; fileRef = EECFA9202105D54700F58ABE /* ReferFriendController.swift */; };
		EED38F2120A5B1CD004DA2CC /* DateFormatter+extensions.swift in Sources */ = {isa = PBXBuildFile; fileRef = EED38F2020A5B1CD004DA2CC /* DateFormatter+extensions.swift */; };
		EEDB132420A9BE9C00FBFFD0 /* Date+extensions.swift in Sources */ = {isa = PBXBuildFile; fileRef = EEDB132320A9BE9C00FBFFD0 /* Date+extensions.swift */; };
		EEE1FC9A212AE9A0002631E6 /* SimpleWebView.storyboard in Resources */ = {isa = PBXBuildFile; fileRef = EEE1FC9C212AE9A0002631E6 /* SimpleWebView.storyboard */; };
		EEE1FCA1212E9425002631E6 /* LegalDetails.storyboard in Resources */ = {isa = PBXBuildFile; fileRef = EEE1FCA0212E9425002631E6 /* LegalDetails.storyboard */; };
		EEE1FCA3212EA17E002631E6 /* CompanyDetailsController.swift in Sources */ = {isa = PBXBuildFile; fileRef = EEE1FCA2212EA17E002631E6 /* CompanyDetailsController.swift */; };
		EEE1FCA5212EA196002631E6 /* RepresentativeDetailsController.swift in Sources */ = {isa = PBXBuildFile; fileRef = EEE1FCA4212EA196002631E6 /* RepresentativeDetailsController.swift */; };
		EEEBF04B20999259008AB061 /* EditProfileController.swift in Sources */ = {isa = PBXBuildFile; fileRef = EEEBF04A20999259008AB061 /* EditProfileController.swift */; };
		EEF039C520D3D10500AF89D6 /* SimpleWebView.swift in Sources */ = {isa = PBXBuildFile; fileRef = EEF039C420D3D10500AF89D6 /* SimpleWebView.swift */; };
		F848760500F5D1416B01EEE2 /* Pods_IPSXUITests.framework in Frameworks */ = {isa = PBXBuildFile; fileRef = E2D1559917C4E87494F213D4 /* Pods_IPSXUITests.framework */; };
/* End PBXBuildFile section */

/* Begin PBXContainerItemProxy section */
		A43930C0205AAEE800CA7B15 /* PBXContainerItemProxy */ = {
			isa = PBXContainerItemProxy;
			containerPortal = A43930A3205AAEE800CA7B15 /* Project object */;
			proxyType = 1;
			remoteGlobalIDString = A43930AA205AAEE800CA7B15;
			remoteInfo = IPSX;
		};
		A43930CB205AAEE800CA7B15 /* PBXContainerItemProxy */ = {
			isa = PBXContainerItemProxy;
			containerPortal = A43930A3205AAEE800CA7B15 /* Project object */;
			proxyType = 1;
			remoteGlobalIDString = A43930AA205AAEE800CA7B15;
			remoteInfo = IPSX;
		};
/* End PBXContainerItemProxy section */

/* Begin PBXFileReference section */
		0BA7DC4C74928AE27400C3EE /* Pods-IPSX.debug.xcconfig */ = {isa = PBXFileReference; includeInIndex = 1; lastKnownFileType = text.xcconfig; name = "Pods-IPSX.debug.xcconfig"; path = "Pods/Target Support Files/Pods-IPSX/Pods-IPSX.debug.xcconfig"; sourceTree = "<group>"; };
		218266F16EE3BC71709FC626 /* Pods-IPSXTests.debug.xcconfig */ = {isa = PBXFileReference; includeInIndex = 1; lastKnownFileType = text.xcconfig; name = "Pods-IPSXTests.debug.xcconfig"; path = "Pods/Target Support Files/Pods-IPSXTests/Pods-IPSXTests.debug.xcconfig"; sourceTree = "<group>"; };
		568395446C47337957253B00 /* Pods_IPSXTests.framework */ = {isa = PBXFileReference; explicitFileType = wrapper.framework; includeInIndex = 0; path = Pods_IPSXTests.framework; sourceTree = BUILT_PRODUCTS_DIR; };
		65DBA2AF0F814C4859671233 /* Pods-IPSXUITests.release.xcconfig */ = {isa = PBXFileReference; includeInIndex = 1; lastKnownFileType = text.xcconfig; name = "Pods-IPSXUITests.release.xcconfig"; path = "Pods/Target Support Files/Pods-IPSXUITests/Pods-IPSXUITests.release.xcconfig"; sourceTree = "<group>"; };
		9C7DE1B27104CE04007B742B /* Pods-IPSX.release.xcconfig */ = {isa = PBXFileReference; includeInIndex = 1; lastKnownFileType = text.xcconfig; name = "Pods-IPSX.release.xcconfig"; path = "Pods/Target Support Files/Pods-IPSX/Pods-IPSX.release.xcconfig"; sourceTree = "<group>"; };
		A41583B020B6D7A800DEC2BC /* ReachabilityManager.swift */ = {isa = PBXFileReference; lastKnownFileType = sourcecode.swift; path = ReachabilityManager.swift; sourceTree = "<group>"; };
		A41583B220B6D87B00DEC2BC /* NSNotificationName+extensions.swift */ = {isa = PBXFileReference; lastKnownFileType = sourcecode.swift; path = "NSNotificationName+extensions.swift"; sourceTree = "<group>"; };
		A41657C72147B07C007BCB4E /* ChooseDestinyViewController.swift */ = {isa = PBXFileReference; lastKnownFileType = sourcecode.swift; path = ChooseDestinyViewController.swift; sourceTree = "<group>"; };
		A43930AB205AAEE800CA7B15 /* IPSX.app */ = {isa = PBXFileReference; explicitFileType = wrapper.application; includeInIndex = 0; path = IPSX.app; sourceTree = BUILT_PRODUCTS_DIR; };
		A43930AE205AAEE800CA7B15 /* AppDelegate.swift */ = {isa = PBXFileReference; lastKnownFileType = sourcecode.swift; path = AppDelegate.swift; sourceTree = "<group>"; };
		A43930B5205AAEE800CA7B15 /* Assets.xcassets */ = {isa = PBXFileReference; lastKnownFileType = folder.assetcatalog; path = Assets.xcassets; sourceTree = "<group>"; };
		A43930B8205AAEE800CA7B15 /* Base */ = {isa = PBXFileReference; lastKnownFileType = file.storyboard; name = Base; path = Base.lproj/LaunchScreen.storyboard; sourceTree = "<group>"; };
		A43930BA205AAEE800CA7B15 /* Info.plist */ = {isa = PBXFileReference; lastKnownFileType = text.plist.xml; path = Info.plist; sourceTree = "<group>"; };
		A43930BF205AAEE800CA7B15 /* IPSXTests.xctest */ = {isa = PBXFileReference; explicitFileType = wrapper.cfbundle; includeInIndex = 0; path = IPSXTests.xctest; sourceTree = BUILT_PRODUCTS_DIR; };
		A43930C3205AAEE800CA7B15 /* IPSXTests.swift */ = {isa = PBXFileReference; lastKnownFileType = sourcecode.swift; path = IPSXTests.swift; sourceTree = "<group>"; };
		A43930C5205AAEE800CA7B15 /* Info.plist */ = {isa = PBXFileReference; lastKnownFileType = text.plist.xml; path = Info.plist; sourceTree = "<group>"; };
		A43930CA205AAEE800CA7B15 /* IPSXUITests.xctest */ = {isa = PBXFileReference; explicitFileType = wrapper.cfbundle; includeInIndex = 0; path = IPSXUITests.xctest; sourceTree = BUILT_PRODUCTS_DIR; };
		A43930CE205AAEE800CA7B15 /* IPSXUITests.swift */ = {isa = PBXFileReference; lastKnownFileType = sourcecode.swift; path = IPSXUITests.swift; sourceTree = "<group>"; };
		A43930D0205AAEE800CA7B15 /* Info.plist */ = {isa = PBXFileReference; lastKnownFileType = text.plist.xml; path = Info.plist; sourceTree = "<group>"; };
		A43A5B652091EABC00B7FD3B /* ProxyDetailsCell.swift */ = {isa = PBXFileReference; lastKnownFileType = sourcecode.swift; path = ProxyDetailsCell.swift; sourceTree = "<group>"; };
		A43CEC8120BFF254005198A5 /* EnrollmentService.swift */ = {isa = PBXFileReference; lastKnownFileType = sourcecode.swift; path = EnrollmentService.swift; sourceTree = "<group>"; };
		A4524C1620A094C600F7BD84 /* EthAddress.swift */ = {isa = PBXFileReference; lastKnownFileType = sourcecode.swift; path = EthAddress.swift; sourceTree = "<group>"; };
		A45331CB20C926710038E0E2 /* SocialIntegrationService.swift */ = {isa = PBXFileReference; lastKnownFileType = sourcecode.swift; path = SocialIntegrationService.swift; sourceTree = "<group>"; };
		A45331CD20C944790038E0E2 /* FacebookLogin.framework */ = {isa = PBXFileReference; explicitFileType = wrapper.framework; path = FacebookLogin.framework; sourceTree = BUILT_PRODUCTS_DIR; };
		A456C8D0214AA93C00B823A1 /* ProviderView.swift */ = {isa = PBXFileReference; lastKnownFileType = sourcecode.swift; name = ProviderView.swift; path = ProviderView/ProviderView.swift; sourceTree = "<group>"; };
		A45F0ED820AEF485009C55F2 /* ErrorHandlingProtocols.swift */ = {isa = PBXFileReference; lastKnownFileType = sourcecode.swift; path = ErrorHandlingProtocols.swift; sourceTree = "<group>"; };
		A4606C352092165D0008A9F3 /* ProxyActivationDetailsCell.swift */ = {isa = PBXFileReference; lastKnownFileType = sourcecode.swift; path = ProxyActivationDetailsCell.swift; sourceTree = "<group>"; };
		A46480D72091EEE600330CC9 /* ProxySummaryViewController.swift */ = {isa = PBXFileReference; lastKnownFileType = sourcecode.swift; path = ProxySummaryViewController.swift; sourceTree = "<group>"; };
		A46480D92091F1CB00330CC9 /* ProxyActivationDetails.swift */ = {isa = PBXFileReference; lastKnownFileType = sourcecode.swift; path = ProxyActivationDetails.swift; sourceTree = "<group>"; };
		A46480DB2091F22400330CC9 /* ProxySetup.swift */ = {isa = PBXFileReference; lastKnownFileType = sourcecode.swift; path = ProxySetup.swift; sourceTree = "<group>"; };
		A46480DD2091F2CC00330CC9 /* Proxy.swift */ = {isa = PBXFileReference; lastKnownFileType = sourcecode.swift; path = Proxy.swift; sourceTree = "<group>"; };
		A46480DF2091F9D500330CC9 /* UITableView+extensions.swift */ = {isa = PBXFileReference; lastKnownFileType = sourcecode.swift; path = "UITableView+extensions.swift"; sourceTree = "<group>"; };
		A46480E320920A3600330CC9 /* ProxyDetailsViewController.swift */ = {isa = PBXFileReference; lastKnownFileType = sourcecode.swift; path = ProxyDetailsViewController.swift; sourceTree = "<group>"; };
		A466F06420B4469700A7B68A /* SettingsService.swift */ = {isa = PBXFileReference; lastKnownFileType = sourcecode.swift; path = SettingsService.swift; sourceTree = "<group>"; };
		A46A614820A2F21300F25CC1 /* UserDefaults+extensions.swift */ = {isa = PBXFileReference; lastKnownFileType = sourcecode.swift; path = "UserDefaults+extensions.swift"; sourceTree = "<group>"; };
		A4730025205AC16900488009 /* RequestBuilder.swift */ = {isa = PBXFileReference; fileEncoding = 4; lastKnownFileType = sourcecode.swift; path = RequestBuilder.swift; sourceTree = "<group>"; };
		A4730026205AC16900488009 /* IPInfoProtocol.swift */ = {isa = PBXFileReference; fileEncoding = 4; lastKnownFileType = sourcecode.swift; path = IPInfoProtocol.swift; sourceTree = "<group>"; };
		A4730027205AC16900488009 /* RequestModel.swift */ = {isa = PBXFileReference; fileEncoding = 4; lastKnownFileType = sourcecode.swift; path = RequestModel.swift; sourceTree = "<group>"; };
		A4730028205AC16900488009 /* IPService.swift */ = {isa = PBXFileReference; fileEncoding = 4; lastKnownFileType = sourcecode.swift; path = IPService.swift; sourceTree = "<group>"; };
		A4734AF2214B9B810091654B /* ToastAlertView.xib */ = {isa = PBXFileReference; fileEncoding = 4; lastKnownFileType = file.xib; path = ToastAlertView.xib; sourceTree = "<group>"; };
		A479DC9420A48CAF00D5C601 /* TokenRequest.swift */ = {isa = PBXFileReference; lastKnownFileType = sourcecode.swift; path = TokenRequest.swift; sourceTree = "<group>"; };
		A48329CB209C5B1F003B19FC /* UserInfoService.swift */ = {isa = PBXFileReference; lastKnownFileType = sourcecode.swift; path = UserInfoService.swift; sourceTree = "<group>"; };
		A48329CD209C5D41003B19FC /* UserInfo.swift */ = {isa = PBXFileReference; lastKnownFileType = sourcecode.swift; path = UserInfo.swift; sourceTree = "<group>"; };
		A4935044212EE86900482BA5 /* Representative.swift */ = {isa = PBXFileReference; lastKnownFileType = sourcecode.swift; path = Representative.swift; sourceTree = "<group>"; };
		A4935046212EE8F500482BA5 /* Company.swift */ = {isa = PBXFileReference; lastKnownFileType = sourcecode.swift; path = Company.swift; sourceTree = "<group>"; };
		A4935049212EEADB00482BA5 /* LegalPersonService.swift */ = {isa = PBXFileReference; lastKnownFileType = sourcecode.swift; path = LegalPersonService.swift; sourceTree = "<group>"; };
		A4A83FC52105C385000DD2F4 /* URL+extensions.swift */ = {isa = PBXFileReference; lastKnownFileType = sourcecode.swift; path = "URL+extensions.swift"; sourceTree = "<group>"; };
		A4AC761E2099E59800504ED9 /* KeychainWrapper.swift */ = {isa = PBXFileReference; lastKnownFileType = sourcecode.swift; path = KeychainWrapper.swift; sourceTree = "<group>"; };
		A4AC76212099E99900504ED9 /* LoginService.swift */ = {isa = PBXFileReference; lastKnownFileType = sourcecode.swift; path = LoginService.swift; sourceTree = "<group>"; };
		A4AC76232099F27F00504ED9 /* UserManager.swift */ = {isa = PBXFileReference; lastKnownFileType = sourcecode.swift; path = UserManager.swift; sourceTree = "<group>"; };
		A4AC76262099F83D00504ED9 /* ProxyService.swift */ = {isa = PBXFileReference; lastKnownFileType = sourcecode.swift; path = ProxyService.swift; sourceTree = "<group>"; };
		A4AC7628209A074600504ED9 /* Double+extensions.swift */ = {isa = PBXFileReference; lastKnownFileType = sourcecode.swift; path = "Double+extensions.swift"; sourceTree = "<group>"; };
		A4AD5FAA20A5BF630056D2ED /* IPSX.entitlements */ = {isa = PBXFileReference; lastKnownFileType = text.plist.entitlements; path = IPSX.entitlements; sourceTree = "<group>"; };
		A4B57C2C20F24FE300EEE433 /* TokenDepositService.swift */ = {isa = PBXFileReference; lastKnownFileType = sourcecode.swift; path = TokenDepositService.swift; sourceTree = "<group>"; };
		A4B57C3020F268C700EEE433 /* Deposit.swift */ = {isa = PBXFileReference; lastKnownFileType = sourcecode.swift; path = Deposit.swift; sourceTree = "<group>"; };
		A4CCCFED20C56FCC005FA14F /* Pods_IPSX.framework */ = {isa = PBXFileReference; explicitFileType = wrapper.framework; path = Pods_IPSX.framework; sourceTree = BUILT_PRODUCTS_DIR; };
		A4CCCFEF20C570D5005FA14F /* Pods_IPSX.framework */ = {isa = PBXFileReference; explicitFileType = wrapper.framework; path = Pods_IPSX.framework; sourceTree = BUILT_PRODUCTS_DIR; };
		A4D5D91D214FE3BA00B79361 /* ProviderDetails.storyboard */ = {isa = PBXFileReference; lastKnownFileType = file.storyboard; path = ProviderDetails.storyboard; sourceTree = "<group>"; };
		A4D5D91F214FE73F00B79361 /* AboutProviderViewController.swift */ = {isa = PBXFileReference; lastKnownFileType = sourcecode.swift; path = AboutProviderViewController.swift; sourceTree = "<group>"; };
		A4D5D922214FE79000B79361 /* BecomeProviderController.swift */ = {isa = PBXFileReference; lastKnownFileType = sourcecode.swift; path = BecomeProviderController.swift; sourceTree = "<group>"; };
		A4DD0BA22097590E00D27759 /* RegisterService.swift */ = {isa = PBXFileReference; lastKnownFileType = sourcecode.swift; path = RegisterService.swift; sourceTree = "<group>"; };
		A4DFBFFD20B44AD200FFC28F /* GeneralSettings.swift */ = {isa = PBXFileReference; lastKnownFileType = sourcecode.swift; path = GeneralSettings.swift; sourceTree = "<group>"; };
		A4E374C92090C2D100808B86 /* NewProxyController.swift */ = {isa = PBXFileReference; fileEncoding = 4; lastKnownFileType = sourcecode.swift; path = NewProxyController.swift; sourceTree = "<group>"; };
		A4E6AEA32085EAF1001787DF /* LandingViewController.swift */ = {isa = PBXFileReference; lastKnownFileType = sourcecode.swift; path = LandingViewController.swift; sourceTree = "<group>"; };
		A4E6AEA52085F6CD001787DF /* UIColor+extensions.swift */ = {isa = PBXFileReference; lastKnownFileType = sourcecode.swift; path = "UIColor+extensions.swift"; sourceTree = "<group>"; };
		A4E6AEAA20862E23001787DF /* RoundedButton.swift */ = {isa = PBXFileReference; lastKnownFileType = sourcecode.swift; path = RoundedButton.swift; sourceTree = "<group>"; };
		A4F04CCB214BCACE0044820A /* ProviderService.swift */ = {isa = PBXFileReference; lastKnownFileType = sourcecode.swift; path = ProviderService.swift; sourceTree = "<group>"; };
		A4F26D1220C56E0700134CAD /* Pods_IPSX.framework */ = {isa = PBXFileReference; explicitFileType = wrapper.framework; path = Pods_IPSX.framework; sourceTree = BUILT_PRODUCTS_DIR; };
		A4F26D1420C56E3800134CAD /* FBSDKCoreKit.framework */ = {isa = PBXFileReference; explicitFileType = wrapper.framework; path = FBSDKCoreKit.framework; sourceTree = BUILT_PRODUCTS_DIR; };
		A4F26D1620C56E4400134CAD /* FBSDKLoginKit.framework */ = {isa = PBXFileReference; explicitFileType = wrapper.framework; path = FBSDKLoginKit.framework; sourceTree = BUILT_PRODUCTS_DIR; };
		A4F2F7442090B02500515883 /* ProxyPack.swift */ = {isa = PBXFileReference; lastKnownFileType = sourcecode.swift; path = ProxyPack.swift; sourceTree = "<group>"; };
		A4F2F7472090B4F200515883 /* ProxyPackCell.swift */ = {isa = PBXFileReference; lastKnownFileType = sourcecode.swift; path = ProxyPackCell.swift; sourceTree = "<group>"; };
		A4FCA933205BB463009FF41B /* ProxyRequest.swift */ = {isa = PBXFileReference; lastKnownFileType = sourcecode.swift; path = ProxyRequest.swift; sourceTree = "<group>"; };
		A4FCA936205BD8F1009FF41B /* String+extenstions.swift */ = {isa = PBXFileReference; lastKnownFileType = sourcecode.swift; path = "String+extenstions.swift"; sourceTree = "<group>"; };
		ABED58081B456F0EAF8C9CA3 /* Pods-IPSXUITests.debug.xcconfig */ = {isa = PBXFileReference; includeInIndex = 1; lastKnownFileType = text.xcconfig; name = "Pods-IPSXUITests.debug.xcconfig"; path = "Pods/Target Support Files/Pods-IPSXUITests/Pods-IPSXUITests.debug.xcconfig"; sourceTree = "<group>"; };
		E2D1559917C4E87494F213D4 /* Pods_IPSXUITests.framework */ = {isa = PBXFileReference; explicitFileType = wrapper.framework; includeInIndex = 0; path = Pods_IPSXUITests.framework; sourceTree = BUILT_PRODUCTS_DIR; };
		E4C0643C473D99484CCA08B9 /* Pods-IPSXTests.release.xcconfig */ = {isa = PBXFileReference; includeInIndex = 1; lastKnownFileType = text.xcconfig; name = "Pods-IPSXTests.release.xcconfig"; path = "Pods/Target Support Files/Pods-IPSXTests/Pods-IPSXTests.release.xcconfig"; sourceTree = "<group>"; };
		EE1A0541208F593900522426 /* DashboardViewController.swift */ = {isa = PBXFileReference; fileEncoding = 4; lastKnownFileType = sourcecode.swift; path = DashboardViewController.swift; sourceTree = "<group>"; };
		EE1A0542208F593900522426 /* TabBarController.swift */ = {isa = PBXFileReference; fileEncoding = 4; lastKnownFileType = sourcecode.swift; path = TabBarController.swift; sourceTree = "<group>"; };
		EE1A0545208F650E00522426 /* RoundedView.swift */ = {isa = PBXFileReference; lastKnownFileType = sourcecode.swift; path = RoundedView.swift; sourceTree = "<group>"; };
		EE2C36C620FC74F300E72E8B /* DeleteAccountController.swift */ = {isa = PBXFileReference; lastKnownFileType = sourcecode.swift; path = DeleteAccountController.swift; sourceTree = "<group>"; };
		EE354FC320AB10A6002A8132 /* style.css */ = {isa = PBXFileReference; fileEncoding = 4; lastKnownFileType = text.css; path = style.css; sourceTree = "<group>"; };
		EE354FC520AB10A6002A8132 /* index.js */ = {isa = PBXFileReference; fileEncoding = 4; lastKnownFileType = sourcecode.javascript; path = index.js; sourceTree = "<group>"; };
		EE354FC620AB10A6002A8132 /* particles.min.js */ = {isa = PBXFileReference; fileEncoding = 4; lastKnownFileType = sourcecode.javascript; path = particles.min.js; sourceTree = "<group>"; };
		EE354FC720AB10A6002A8132 /* background.html */ = {isa = PBXFileReference; fileEncoding = 4; lastKnownFileType = text.html; path = background.html; sourceTree = "<group>"; };
		EE354FCC20AB1141002A8132 /* LoadingViewController.swift */ = {isa = PBXFileReference; lastKnownFileType = sourcecode.swift; path = LoadingViewController.swift; sourceTree = "<group>"; };
		EE354FCE20AB1344002A8132 /* WebKit.framework */ = {isa = PBXFileReference; lastKnownFileType = wrapper.framework; name = WebKit.framework; path = System/Library/Frameworks/WebKit.framework; sourceTree = SDKROOT; };
		EE37F8A12090BCBC00783385 /* SettingsViewController.swift */ = {isa = PBXFileReference; lastKnownFileType = sourcecode.swift; path = SettingsViewController.swift; sourceTree = "<group>"; };
		EE37F8A62091F52700783385 /* SearchViewController.swift */ = {isa = PBXFileReference; lastKnownFileType = sourcecode.swift; path = SearchViewController.swift; sourceTree = "<group>"; };
		EE37F8A82092035800783385 /* AVFoundation.framework */ = {isa = PBXFileReference; lastKnownFileType = wrapper.framework; name = AVFoundation.framework; path = System/Library/Frameworks/AVFoundation.framework; sourceTree = SDKROOT; };
		EE3BDFF320A1AC71007AEB1D /* UIView+extensions.swift */ = {isa = PBXFileReference; fileEncoding = 4; lastKnownFileType = sourcecode.swift; path = "UIView+extensions.swift"; sourceTree = "<group>"; };
		EE4AAB902089D7D700FE149D /* RichTextFieldView.swift */ = {isa = PBXFileReference; fileEncoding = 4; lastKnownFileType = sourcecode.swift; path = RichTextFieldView.swift; sourceTree = "<group>"; };
		EE4AAB922089D7F900FE149D /* RegisterCredentialsController.swift */ = {isa = PBXFileReference; fileEncoding = 4; lastKnownFileType = sourcecode.swift; path = RegisterCredentialsController.swift; sourceTree = "<group>"; };
		EE4AAB942089DA9900FE149D /* RegisterTermsController.swift */ = {isa = PBXFileReference; lastKnownFileType = sourcecode.swift; path = RegisterTermsController.swift; sourceTree = "<group>"; };
		EE4AAB98208DD34B00FE149D /* LoginCredentialsControler.swift */ = {isa = PBXFileReference; lastKnownFileType = sourcecode.swift; path = LoginCredentialsControler.swift; sourceTree = "<group>"; };
		EE4AAB9A208DDA6500FE149D /* ForgotPassController.swift */ = {isa = PBXFileReference; lastKnownFileType = sourcecode.swift; path = ForgotPassController.swift; sourceTree = "<group>"; };
		EE4AAB9C208DDB4800FE149D /* LoginOptionsController.swift */ = {isa = PBXFileReference; lastKnownFileType = sourcecode.swift; path = LoginOptionsController.swift; sourceTree = "<group>"; };
		EE4AAB9E208DDD0B00FE149D /* RegisterOptionsController.swift */ = {isa = PBXFileReference; lastKnownFileType = sourcecode.swift; path = RegisterOptionsController.swift; sourceTree = "<group>"; };
		EE4AABA2208E17AA00FE149D /* AddWalletController.swift */ = {isa = PBXFileReference; lastKnownFileType = sourcecode.swift; path = AddWalletController.swift; sourceTree = "<group>"; };
		EE4DF81120BBE39500CE87E2 /* EnrolStakeLandingController.swift */ = {isa = PBXFileReference; lastKnownFileType = sourcecode.swift; path = EnrolStakeLandingController.swift; sourceTree = "<group>"; };
		EE4DF81320BBE3C600CE87E2 /* EnrolStakeSubscribeController.swift */ = {isa = PBXFileReference; lastKnownFileType = sourcecode.swift; path = EnrolStakeSubscribeController.swift; sourceTree = "<group>"; };
		EE4DF81520BBE3DD00CE87E2 /* EnrolStakeSummaryController.swift */ = {isa = PBXFileReference; lastKnownFileType = sourcecode.swift; path = EnrolStakeSummaryController.swift; sourceTree = "<group>"; };
		EE4DF81A20BBECD300CE87E2 /* Base */ = {isa = PBXFileReference; lastKnownFileType = file.storyboard; name = Base; path = Base.lproj/EnrolStaking.storyboard; sourceTree = "<group>"; };
		EE62F7402099A3CF00BE6120 /* ChangePasswordController.swift */ = {isa = PBXFileReference; lastKnownFileType = sourcecode.swift; path = ChangePasswordController.swift; sourceTree = "<group>"; };
		EE62F7432099C62300BE6120 /* ProfileViewController.swift */ = {isa = PBXFileReference; fileEncoding = 4; lastKnownFileType = sourcecode.swift; path = ProfileViewController.swift; sourceTree = "<group>"; };
		EE6FC03A2099EF67007971DC /* TokenRequestController.swift */ = {isa = PBXFileReference; lastKnownFileType = sourcecode.swift; path = TokenRequestController.swift; sourceTree = "<group>"; };
		EE6FC03E209B2951007971DC /* CustomLoadingView.swift */ = {isa = PBXFileReference; lastKnownFileType = sourcecode.swift; path = CustomLoadingView.swift; sourceTree = "<group>"; };
		EE7AD92720B3F5510022259D /* EthWalletCell.swift */ = {isa = PBXFileReference; fileEncoding = 4; lastKnownFileType = sourcecode.swift; path = EthWalletCell.swift; sourceTree = "<group>"; };
		EE7AD92A20B3F56C0022259D /* ToastAlertView.swift */ = {isa = PBXFileReference; fileEncoding = 4; lastKnownFileType = sourcecode.swift; path = ToastAlertView.swift; sourceTree = "<group>"; };
		EE7AD92F20B3FA740022259D /* Base */ = {isa = PBXFileReference; lastKnownFileType = file.storyboard; name = Base; path = Base.lproj/Main.storyboard; sourceTree = "<group>"; };
		EE7AD93420B3FB370022259D /* ro-RO */ = {isa = PBXFileReference; lastKnownFileType = text.plist.strings; name = "ro-RO"; path = "ro-RO.lproj/Localizable.strings"; sourceTree = "<group>"; };
		EE7AD93620B3FB3A0022259D /* en */ = {isa = PBXFileReference; lastKnownFileType = text.plist.strings; name = en; path = en.lproj/Localizable.strings; sourceTree = "<group>"; };
		EE7AD93C20B402790022259D /* Base */ = {isa = PBXFileReference; lastKnownFileType = file.storyboard; name = Base; path = Base.lproj/Search.storyboard; sourceTree = "<group>"; };
		EE7AD94420B403180022259D /* Base */ = {isa = PBXFileReference; lastKnownFileType = file.storyboard; name = Base; path = Base.lproj/Landing.storyboard; sourceTree = "<group>"; };
		EE7AD94920B403ED0022259D /* Base */ = {isa = PBXFileReference; lastKnownFileType = file.storyboard; name = Base; path = Base.lproj/Login.storyboard; sourceTree = "<group>"; };
		EE7AD94E20B406930022259D /* Base */ = {isa = PBXFileReference; lastKnownFileType = file.storyboard; name = Base; path = Base.lproj/Register.storyboard; sourceTree = "<group>"; };
		EE7AD95320B406A40022259D /* Base */ = {isa = PBXFileReference; lastKnownFileType = file.storyboard; name = Base; path = Base.lproj/WalletAdd.storyboard; sourceTree = "<group>"; };
		EE7AD95820B40C500022259D /* Base */ = {isa = PBXFileReference; lastKnownFileType = file.storyboard; name = Base; path = Base.lproj/TokenRequest.storyboard; sourceTree = "<group>"; };
		EE7AD95D20B40E6B0022259D /* Base */ = {isa = PBXFileReference; lastKnownFileType = file.storyboard; name = Base; path = Base.lproj/NewProxy.storyboard; sourceTree = "<group>"; };
		EE7AD96220B413240022259D /* Base */ = {isa = PBXFileReference; lastKnownFileType = file.storyboard; name = Base; path = Base.lproj/Profile.storyboard; sourceTree = "<group>"; };
		EEA08C442099E97C00684F33 /* TokenRequestListController.swift */ = {isa = PBXFileReference; lastKnownFileType = sourcecode.swift; path = TokenRequestListController.swift; sourceTree = "<group>"; };
		EEAAD49820B5A81F001A2FAE /* SwiftyJSON.swift */ = {isa = PBXFileReference; fileEncoding = 4; lastKnownFileType = sourcecode.swift; path = SwiftyJSON.swift; sourceTree = "<group>"; };
		EEAAD49D20B6AD6E001A2FAE /* EnrolTestSubscribeController.swift */ = {isa = PBXFileReference; lastKnownFileType = sourcecode.swift; path = EnrolTestSubscribeController.swift; sourceTree = "<group>"; };
		EEAAD4A220B6CB56001A2FAE /* EnrolTestLandingController .swift */ = {isa = PBXFileReference; lastKnownFileType = sourcecode.swift; path = "EnrolTestLandingController .swift"; sourceTree = "<group>"; };
		EEAAD4A420B6CB8F001A2FAE /* EnrolTestSummaryController.swift */ = {isa = PBXFileReference; lastKnownFileType = sourcecode.swift; path = EnrolTestSummaryController.swift; sourceTree = "<group>"; };
		EEAAD4A720B6D0A3001A2FAE /* Base */ = {isa = PBXFileReference; lastKnownFileType = file.storyboard; name = Base; path = Base.lproj/EnrolTesting.storyboard; sourceTree = "<group>"; };
		EECE360220FE192200168193 /* Base */ = {isa = PBXFileReference; lastKnownFileType = file.storyboard; name = Base; path = Base.lproj/TokenDeposit.storyboard; sourceTree = "<group>"; };
		EECEB9CA20ECA92D0081748F /* TokenDepositsListController.swift */ = {isa = PBXFileReference; lastKnownFileType = sourcecode.swift; path = TokenDepositsListController.swift; sourceTree = "<group>"; };
		EECEB9CC20ECF8250081748F /* TokenDepositController.swift */ = {isa = PBXFileReference; lastKnownFileType = sourcecode.swift; path = TokenDepositController.swift; sourceTree = "<group>"; };
		EECEB9CE20ED00780081748F /* TokenDepositSummaryController.swift */ = {isa = PBXFileReference; lastKnownFileType = sourcecode.swift; path = TokenDepositSummaryController.swift; sourceTree = "<group>"; };
		EECFA9202105D54700F58ABE /* ReferFriendController.swift */ = {isa = PBXFileReference; lastKnownFileType = sourcecode.swift; path = ReferFriendController.swift; sourceTree = "<group>"; };
		EED38F2020A5B1CD004DA2CC /* DateFormatter+extensions.swift */ = {isa = PBXFileReference; lastKnownFileType = sourcecode.swift; path = "DateFormatter+extensions.swift"; sourceTree = "<group>"; };
		EEDB132320A9BE9C00FBFFD0 /* Date+extensions.swift */ = {isa = PBXFileReference; lastKnownFileType = sourcecode.swift; path = "Date+extensions.swift"; sourceTree = "<group>"; };
		EEE1FC81212ABD96002631E6 /* ro-RO */ = {isa = PBXFileReference; lastKnownFileType = text.plist.strings; name = "ro-RO"; path = "ro-RO.lproj/Landing.strings"; sourceTree = "<group>"; };
		EEE1FC83212ABDC3002631E6 /* ro-RO */ = {isa = PBXFileReference; lastKnownFileType = text.plist.strings; name = "ro-RO"; path = "ro-RO.lproj/LaunchScreen.strings"; sourceTree = "<group>"; };
		EEE1FC85212ABDD7002631E6 /* ro-RO */ = {isa = PBXFileReference; lastKnownFileType = text.plist.strings; name = "ro-RO"; path = "ro-RO.lproj/Main.strings"; sourceTree = "<group>"; };
		EEE1FC87212AC397002631E6 /* ro-RO */ = {isa = PBXFileReference; lastKnownFileType = text.plist.strings; name = "ro-RO"; path = "ro-RO.lproj/Search.strings"; sourceTree = "<group>"; };
		EEE1FC89212AC3B4002631E6 /* ro-RO */ = {isa = PBXFileReference; lastKnownFileType = text.plist.strings; name = "ro-RO"; path = "ro-RO.lproj/EnrolStaking.strings"; sourceTree = "<group>"; };
		EEE1FC8B212AC465002631E6 /* ro-RO */ = {isa = PBXFileReference; lastKnownFileType = text.plist.strings; name = "ro-RO"; path = "ro-RO.lproj/EnrolTesting.strings"; sourceTree = "<group>"; };
		EEE1FC8D212AC54C002631E6 /* ro-RO */ = {isa = PBXFileReference; lastKnownFileType = text.plist.strings; name = "ro-RO"; path = "ro-RO.lproj/Login.strings"; sourceTree = "<group>"; };
		EEE1FC8F212AC5EF002631E6 /* ro-RO */ = {isa = PBXFileReference; lastKnownFileType = text.plist.strings; name = "ro-RO"; path = "ro-RO.lproj/Register.strings"; sourceTree = "<group>"; };
		EEE1FC91212AC700002631E6 /* ro-RO */ = {isa = PBXFileReference; lastKnownFileType = text.plist.strings; name = "ro-RO"; path = "ro-RO.lproj/WalletAdd.strings"; sourceTree = "<group>"; };
		EEE1FC93212AC8A3002631E6 /* ro-RO */ = {isa = PBXFileReference; lastKnownFileType = text.plist.strings; name = "ro-RO"; path = "ro-RO.lproj/TokenRequest.strings"; sourceTree = "<group>"; };
		EEE1FC95212AC974002631E6 /* ro-RO */ = {isa = PBXFileReference; lastKnownFileType = text.plist.strings; name = "ro-RO"; path = "ro-RO.lproj/TokenDeposit.strings"; sourceTree = "<group>"; };
		EEE1FC97212AE831002631E6 /* ro-RO */ = {isa = PBXFileReference; lastKnownFileType = text.plist.strings; name = "ro-RO"; path = "ro-RO.lproj/NewProxy.strings"; sourceTree = "<group>"; };
		EEE1FC99212AE8ED002631E6 /* ro-RO */ = {isa = PBXFileReference; lastKnownFileType = text.plist.strings; name = "ro-RO"; path = "ro-RO.lproj/Profile.strings"; sourceTree = "<group>"; };
		EEE1FC9D212AE9A8002631E6 /* Base */ = {isa = PBXFileReference; lastKnownFileType = file.storyboard; name = Base; path = Base.lproj/SimpleWebView.storyboard; sourceTree = "<group>"; };
		EEE1FC9F212AE9BE002631E6 /* ro-RO */ = {isa = PBXFileReference; lastKnownFileType = text.plist.strings; name = "ro-RO"; path = "ro-RO.lproj/SimpleWebView.strings"; sourceTree = "<group>"; };
		EEE1FCA0212E9425002631E6 /* LegalDetails.storyboard */ = {isa = PBXFileReference; lastKnownFileType = file.storyboard; path = LegalDetails.storyboard; sourceTree = "<group>"; };
		EEE1FCA2212EA17E002631E6 /* CompanyDetailsController.swift */ = {isa = PBXFileReference; lastKnownFileType = sourcecode.swift; path = CompanyDetailsController.swift; sourceTree = "<group>"; };
		EEE1FCA4212EA196002631E6 /* RepresentativeDetailsController.swift */ = {isa = PBXFileReference; lastKnownFileType = sourcecode.swift; path = RepresentativeDetailsController.swift; sourceTree = "<group>"; };
		EEEBF04A20999259008AB061 /* EditProfileController.swift */ = {isa = PBXFileReference; lastKnownFileType = sourcecode.swift; path = EditProfileController.swift; sourceTree = "<group>"; };
		EEF039C420D3D10500AF89D6 /* SimpleWebView.swift */ = {isa = PBXFileReference; lastKnownFileType = sourcecode.swift; path = SimpleWebView.swift; sourceTree = "<group>"; };
/* End PBXFileReference section */

/* Begin PBXFrameworksBuildPhase section */
		A43930A8205AAEE800CA7B15 /* Frameworks */ = {
			isa = PBXFrameworksBuildPhase;
			buildActionMask = 2147483647;
			files = (
				A45331D120C9468D0038E0E2 /* Pods_IPSX.framework in Frameworks */,
				EE354FCF20AB1345002A8132 /* WebKit.framework in Frameworks */,
				4E16E4232D06081BD7CCF59D /* Pods_IPSX.framework in Frameworks */,
			);
			runOnlyForDeploymentPostprocessing = 0;
		};
		A43930BC205AAEE800CA7B15 /* Frameworks */ = {
			isa = PBXFrameworksBuildPhase;
			buildActionMask = 2147483647;
			files = (
				DDBA148A50FBFBA3A4F69DCF /* Pods_IPSXTests.framework in Frameworks */,
			);
			runOnlyForDeploymentPostprocessing = 0;
		};
		A43930C7205AAEE800CA7B15 /* Frameworks */ = {
			isa = PBXFrameworksBuildPhase;
			buildActionMask = 2147483647;
			files = (
				F848760500F5D1416B01EEE2 /* Pods_IPSXUITests.framework in Frameworks */,
			);
			runOnlyForDeploymentPostprocessing = 0;
		};
/* End PBXFrameworksBuildPhase section */

/* Begin PBXGroup section */
		2630495A85ED280BA0C22C16 /* Pods */ = {
			isa = PBXGroup;
			children = (
				0BA7DC4C74928AE27400C3EE /* Pods-IPSX.debug.xcconfig */,
				9C7DE1B27104CE04007B742B /* Pods-IPSX.release.xcconfig */,
				218266F16EE3BC71709FC626 /* Pods-IPSXTests.debug.xcconfig */,
				E4C0643C473D99484CCA08B9 /* Pods-IPSXTests.release.xcconfig */,
				ABED58081B456F0EAF8C9CA3 /* Pods-IPSXUITests.debug.xcconfig */,
				65DBA2AF0F814C4859671233 /* Pods-IPSXUITests.release.xcconfig */,
			);
			name = Pods;
			sourceTree = "<group>";
		};
		A43930A2205AAEE800CA7B15 = {
			isa = PBXGroup;
			children = (
				A43930AD205AAEE800CA7B15 /* IPSX */,
				A43930C2205AAEE800CA7B15 /* IPSXTests */,
				A43930CD205AAEE800CA7B15 /* IPSXUITests */,
				A43930AC205AAEE800CA7B15 /* Products */,
				E4ADA5C2E44FF7B123F97D7E /* Frameworks */,
				2630495A85ED280BA0C22C16 /* Pods */,
			);
			sourceTree = "<group>";
		};
		A43930AC205AAEE800CA7B15 /* Products */ = {
			isa = PBXGroup;
			children = (
				A43930AB205AAEE800CA7B15 /* IPSX.app */,
				A43930BF205AAEE800CA7B15 /* IPSXTests.xctest */,
				A43930CA205AAEE800CA7B15 /* IPSXUITests.xctest */,
			);
			name = Products;
			sourceTree = "<group>";
		};
		A43930AD205AAEE800CA7B15 /* IPSX */ = {
			isa = PBXGroup;
			children = (
				A4AD5FAA20A5BF630056D2ED /* IPSX.entitlements */,
				A4FCA932205BB448009FF41B /* Model */,
				A4FCA92C205BB02C009FF41B /* Service */,
				A4FCA92B205BB01F009FF41B /* Controller */,
				A4FCA931205BB0A9009FF41B /* Storyboard */,
				A46A614A20A32AC900F25CC1 /* Flows */,
				A4FCA930205BB092009FF41B /* Common */,
				A43930AE205AAEE800CA7B15 /* AppDelegate.swift */,
				A43930B5205AAEE800CA7B15 /* Assets.xcassets */,
				A43930BA205AAEE800CA7B15 /* Info.plist */,
			);
			path = IPSX;
			sourceTree = "<group>";
		};
		A43930C2205AAEE800CA7B15 /* IPSXTests */ = {
			isa = PBXGroup;
			children = (
				A43930C3205AAEE800CA7B15 /* IPSXTests.swift */,
				A43930C5205AAEE800CA7B15 /* Info.plist */,
			);
			path = IPSXTests;
			sourceTree = "<group>";
		};
		A43930CD205AAEE800CA7B15 /* IPSXUITests */ = {
			isa = PBXGroup;
			children = (
				A43930CE205AAEE800CA7B15 /* IPSXUITests.swift */,
				A43930D0205AAEE800CA7B15 /* Info.plist */,
			);
			path = IPSXUITests;
			sourceTree = "<group>";
		};
		A444DB2A209B5081008ECEB3 /* Strings */ = {
			isa = PBXGroup;
			children = (
				EE7AD93520B3FB370022259D /* Localizable.strings */,
			);
			path = Strings;
			sourceTree = "<group>";
		};
		A456C8CE214AA8FA00B823A1 /* ToastAlertView */ = {
			isa = PBXGroup;
			children = (
				EE7AD92A20B3F56C0022259D /* ToastAlertView.swift */,
				A4734AF2214B9B810091654B /* ToastAlertView.xib */,
			);
			path = ToastAlertView;
			sourceTree = "<group>";
		};
		A46A614A20A32AC900F25CC1 /* Flows */ = {
			isa = PBXGroup;
			children = (
				EE4DF81020BBE33600CE87E2 /* EnrolStaking */,
				EEAAD49A20B6A396001A2FAE /* EnrolTesting */,
				A46A614B20A32AE600F25CC1 /* Login */,
				A4F2F7402090A21B00515883 /* Register */,
				A46A615320A32BB700F25CC1 /* Dashboard */,
				A4F2F7412090A22100515883 /* New Proxy */,
				EE37F8A32090BCC500783385 /* Settings */,
				EE62F7422099C5EC00BE6120 /* Profile */,
			);
			path = Flows;
			sourceTree = "<group>";
		};
		A46A614B20A32AE600F25CC1 /* Login */ = {
			isa = PBXGroup;
			children = (
				A46A614C20A32AF500F25CC1 /* Controller */,
				A46A614D20A32B1100F25CC1 /* Storyboard */,
			);
			path = Login;
			sourceTree = "<group>";
		};
		A46A614C20A32AF500F25CC1 /* Controller */ = {
			isa = PBXGroup;
			children = (
				EE4AAB98208DD34B00FE149D /* LoginCredentialsControler.swift */,
				EE4AAB9C208DDB4800FE149D /* LoginOptionsController.swift */,
				EE4AAB9A208DDA6500FE149D /* ForgotPassController.swift */,
			);
			path = Controller;
			sourceTree = "<group>";
		};
		A46A614D20A32B1100F25CC1 /* Storyboard */ = {
			isa = PBXGroup;
			children = (
				EE7AD94A20B403ED0022259D /* Login.storyboard */,
			);
			path = Storyboard;
			sourceTree = "<group>";
		};
		A46A614E20A32B4700F25CC1 /* Controller */ = {
			isa = PBXGroup;
			children = (
				EE4AAB922089D7F900FE149D /* RegisterCredentialsController.swift */,
				EE4AAB942089DA9900FE149D /* RegisterTermsController.swift */,
				EE4AAB9E208DDD0B00FE149D /* RegisterOptionsController.swift */,
				EE4AABA2208E17AA00FE149D /* AddWalletController.swift */,
				EEE1FCA2212EA17E002631E6 /* CompanyDetailsController.swift */,
				EEE1FCA4212EA196002631E6 /* RepresentativeDetailsController.swift */,
				A41657C72147B07C007BCB4E /* ChooseDestinyViewController.swift */,
			);
			path = Controller;
			sourceTree = "<group>";
		};
		A46A614F20A32B5500F25CC1 /* Storyboard */ = {
			isa = PBXGroup;
			children = (
				EE7AD94F20B406930022259D /* Register.storyboard */,
				EE7AD95420B406A40022259D /* WalletAdd.storyboard */,
				EEE1FCA0212E9425002631E6 /* LegalDetails.storyboard */,
			);
			path = Storyboard;
			sourceTree = "<group>";
		};
		A46A615020A32B7A00F25CC1 /* Storyboard */ = {
			isa = PBXGroup;
			children = (
				EE7AD96320B413240022259D /* Profile.storyboard */,
			);
			path = Storyboard;
			sourceTree = "<group>";
		};
		A46A615120A32B7F00F25CC1 /* Controller */ = {
			isa = PBXGroup;
			children = (
				EE62F7432099C62300BE6120 /* ProfileViewController.swift */,
				EEEBF04A20999259008AB061 /* EditProfileController.swift */,
				EE62F7402099A3CF00BE6120 /* ChangePasswordController.swift */,
			);
			path = Controller;
			sourceTree = "<group>";
		};
		A46A615320A32BB700F25CC1 /* Dashboard */ = {
			isa = PBXGroup;
			children = (
				A46A615420A32BD500F25CC1 /* Controller */,
				A46A615520A32C7200F25CC1 /* Storyboard */,
			);
			path = Dashboard;
			sourceTree = "<group>";
		};
		A46A615420A32BD500F25CC1 /* Controller */ = {
			isa = PBXGroup;
			children = (
				EE1A0541208F593900522426 /* DashboardViewController.swift */,
				EECFA9202105D54700F58ABE /* ReferFriendController.swift */,
				A4B57C2E20F256F800EEE433 /* Token Request */,
				A4B57C2F20F2570E00EEE433 /* Deposit */,
				A4D5D921214FE75000B79361 /* Provider */,
			);
			path = Controller;
			sourceTree = "<group>";
		};
		A46A615520A32C7200F25CC1 /* Storyboard */ = {
			isa = PBXGroup;
			children = (
				EE7AD95920B40C500022259D /* TokenRequest.storyboard */,
				EECE360320FE192200168193 /* TokenDeposit.storyboard */,
				A4D5D91D214FE3BA00B79361 /* ProviderDetails.storyboard */,
			);
			path = Storyboard;
			sourceTree = "<group>";
		};
		A4B57C2E20F256F800EEE433 /* Token Request */ = {
			isa = PBXGroup;
			children = (
				EEA08C442099E97C00684F33 /* TokenRequestListController.swift */,
				EE6FC03A2099EF67007971DC /* TokenRequestController.swift */,
			);
			path = "Token Request";
			sourceTree = "<group>";
		};
		A4B57C2F20F2570E00EEE433 /* Deposit */ = {
			isa = PBXGroup;
			children = (
				EECEB9CA20ECA92D0081748F /* TokenDepositsListController.swift */,
				EECEB9CC20ECF8250081748F /* TokenDepositController.swift */,
				EECEB9CE20ED00780081748F /* TokenDepositSummaryController.swift */,
			);
			path = Deposit;
			sourceTree = "<group>";
		};
		A4D5D921214FE75000B79361 /* Provider */ = {
			isa = PBXGroup;
			children = (
				A4D5D91F214FE73F00B79361 /* AboutProviderViewController.swift */,
				A4D5D922214FE79000B79361 /* BecomeProviderController.swift */,
			);
			path = Provider;
			sourceTree = "<group>";
		};
		A4E6AEA920862DD2001787DF /* UI elements */ = {
			isa = PBXGroup;
			children = (
				EE354FC120AB10A6002A8132 /* Background Particles */,
				EE7AD92620B3F5280022259D /* View */,
				EEF039C620D3D1FA00AF89D6 /* SimpleWebView */,
			);
			path = "UI elements";
			sourceTree = "<group>";
		};
		A4ED74072091CC400099B9D7 /* Storyboard */ = {
			isa = PBXGroup;
			children = (
				EE7AD95E20B40E6B0022259D /* NewProxy.storyboard */,
			);
			path = Storyboard;
			sourceTree = "<group>";
		};
		A4F2F7402090A21B00515883 /* Register */ = {
			isa = PBXGroup;
			children = (
				A46A614E20A32B4700F25CC1 /* Controller */,
				A46A614F20A32B5500F25CC1 /* Storyboard */,
			);
			path = Register;
			sourceTree = "<group>";
		};
		A4F2F7412090A22100515883 /* New Proxy */ = {
			isa = PBXGroup;
			children = (
				A4F2F7422090AF4000515883 /* Model */,
				A4F2F7462090B4D600515883 /* View */,
				A4F2F7432090AF4800515883 /* Controller */,
				A4ED74072091CC400099B9D7 /* Storyboard */,
			);
			path = "New Proxy";
			sourceTree = "<group>";
		};
		A4F2F7422090AF4000515883 /* Model */ = {
			isa = PBXGroup;
			children = (
				A46480DD2091F2CC00330CC9 /* Proxy.swift */,
				A4F2F7442090B02500515883 /* ProxyPack.swift */,
				A46480D92091F1CB00330CC9 /* ProxyActivationDetails.swift */,
				A46480DB2091F22400330CC9 /* ProxySetup.swift */,
			);
			path = Model;
			sourceTree = "<group>";
		};
		A4F2F7432090AF4800515883 /* Controller */ = {
			isa = PBXGroup;
			children = (
				A4E374C92090C2D100808B86 /* NewProxyController.swift */,
				A46480D72091EEE600330CC9 /* ProxySummaryViewController.swift */,
				A46480E320920A3600330CC9 /* ProxyDetailsViewController.swift */,
			);
			path = Controller;
			sourceTree = "<group>";
		};
		A4F2F7462090B4D600515883 /* View */ = {
			isa = PBXGroup;
			children = (
				A4F2F7472090B4F200515883 /* ProxyPackCell.swift */,
				A43A5B652091EABC00B7FD3B /* ProxyDetailsCell.swift */,
				A4606C352092165D0008A9F3 /* ProxyActivationDetailsCell.swift */,
			);
			path = View;
			sourceTree = "<group>";
		};
		A4FCA92B205BB01F009FF41B /* Controller */ = {
			isa = PBXGroup;
			children = (
				EE1A0542208F593900522426 /* TabBarController.swift */,
				EE354FCC20AB1141002A8132 /* LoadingViewController.swift */,
				A4E6AEA32085EAF1001787DF /* LandingViewController.swift */,
				EE37F8A62091F52700783385 /* SearchViewController.swift */,
			);
			path = Controller;
			sourceTree = "<group>";
		};
		A4FCA92C205BB02C009FF41B /* Service */ = {
			isa = PBXGroup;
			children = (
				A4730028205AC16900488009 /* IPService.swift */,
				A4DD0BA22097590E00D27759 /* RegisterService.swift */,
				A4AC76212099E99900504ED9 /* LoginService.swift */,
				A4AC76262099F83D00504ED9 /* ProxyService.swift */,
				A48329CB209C5B1F003B19FC /* UserInfoService.swift */,
				A466F06420B4469700A7B68A /* SettingsService.swift */,
				A43CEC8120BFF254005198A5 /* EnrollmentService.swift */,
				A45331CB20C926710038E0E2 /* SocialIntegrationService.swift */,
				A4B57C2C20F24FE300EEE433 /* TokenDepositService.swift */,
				A4935049212EEADB00482BA5 /* LegalPersonService.swift */,
				A4F04CCB214BCACE0044820A /* ProviderService.swift */,
			);
			path = Service;
			sourceTree = "<group>";
		};
		A4FCA92E205BB04B009FF41B /* Protocols */ = {
			isa = PBXGroup;
			children = (
				A4730026205AC16900488009 /* IPInfoProtocol.swift */,
				A45F0ED820AEF485009C55F2 /* ErrorHandlingProtocols.swift */,
			);
			path = Protocols;
			sourceTree = "<group>";
		};
		A4FCA930205BB092009FF41B /* Common */ = {
			isa = PBXGroup;
			children = (
				EEAAD49820B5A81F001A2FAE /* SwiftyJSON.swift */,
				A4730027205AC16900488009 /* RequestModel.swift */,
				A4730025205AC16900488009 /* RequestBuilder.swift */,
				A4AC761E2099E59800504ED9 /* KeychainWrapper.swift */,
				A4AC76232099F27F00504ED9 /* UserManager.swift */,
				A41583B020B6D7A800DEC2BC /* ReachabilityManager.swift */,
				A4FCA935205BD8DF009FF41B /* Extensions */,
				A4FCA92E205BB04B009FF41B /* Protocols */,
				A444DB2A209B5081008ECEB3 /* Strings */,
				A4E6AEA920862DD2001787DF /* UI elements */,
			);
			path = Common;
			sourceTree = "<group>";
		};
		A4FCA931205BB0A9009FF41B /* Storyboard */ = {
			isa = PBXGroup;
			children = (
				EE7AD94520B403180022259D /* Landing.storyboard */,
				A43930B7205AAEE800CA7B15 /* LaunchScreen.storyboard */,
				EE7AD93020B3FA740022259D /* Main.storyboard */,
				EE7AD93D20B402790022259D /* Search.storyboard */,
			);
			path = Storyboard;
			sourceTree = "<group>";
		};
		A4FCA932205BB448009FF41B /* Model */ = {
			isa = PBXGroup;
			children = (
				A4FCA933205BB463009FF41B /* ProxyRequest.swift */,
				A48329CD209C5D41003B19FC /* UserInfo.swift */,
				A4524C1620A094C600F7BD84 /* EthAddress.swift */,
				A479DC9420A48CAF00D5C601 /* TokenRequest.swift */,
				A4B57C3020F268C700EEE433 /* Deposit.swift */,
				A4DFBFFD20B44AD200FFC28F /* GeneralSettings.swift */,
				A4935044212EE86900482BA5 /* Representative.swift */,
				A4935046212EE8F500482BA5 /* Company.swift */,
			);
			path = Model;
			sourceTree = "<group>";
		};
		A4FCA935205BD8DF009FF41B /* Extensions */ = {
			isa = PBXGroup;
			children = (
				EE3BDFF320A1AC71007AEB1D /* UIView+extensions.swift */,
				EED38F2020A5B1CD004DA2CC /* DateFormatter+extensions.swift */,
				EEDB132320A9BE9C00FBFFD0 /* Date+extensions.swift */,
				A4FCA936205BD8F1009FF41B /* String+extenstions.swift */,
				A4E6AEA52085F6CD001787DF /* UIColor+extensions.swift */,
				A46480DF2091F9D500330CC9 /* UITableView+extensions.swift */,
				A4AC7628209A074600504ED9 /* Double+extensions.swift */,
				A46A614820A2F21300F25CC1 /* UserDefaults+extensions.swift */,
				A41583B220B6D87B00DEC2BC /* NSNotificationName+extensions.swift */,
				A4A83FC52105C385000DD2F4 /* URL+extensions.swift */,
			);
			path = Extensions;
			sourceTree = "<group>";
		};
		E4ADA5C2E44FF7B123F97D7E /* Frameworks */ = {
			isa = PBXGroup;
			children = (
				A45331CD20C944790038E0E2 /* FacebookLogin.framework */,
				A4CCCFEF20C570D5005FA14F /* Pods_IPSX.framework */,
				A4CCCFED20C56FCC005FA14F /* Pods_IPSX.framework */,
				A4F26D1620C56E4400134CAD /* FBSDKLoginKit.framework */,
				A4F26D1420C56E3800134CAD /* FBSDKCoreKit.framework */,
				A4F26D1220C56E0700134CAD /* Pods_IPSX.framework */,
				EE354FCE20AB1344002A8132 /* WebKit.framework */,
				EE37F8A82092035800783385 /* AVFoundation.framework */,
				568395446C47337957253B00 /* Pods_IPSXTests.framework */,
				E2D1559917C4E87494F213D4 /* Pods_IPSXUITests.framework */,
			);
			name = Frameworks;
			sourceTree = "<group>";
		};
		EE354FC120AB10A6002A8132 /* Background Particles */ = {
			isa = PBXGroup;
			children = (
				EE354FC220AB10A6002A8132 /* css */,
				EE354FC420AB10A6002A8132 /* js */,
				EE354FC720AB10A6002A8132 /* background.html */,
			);
			path = "Background Particles";
			sourceTree = "<group>";
		};
		EE354FC220AB10A6002A8132 /* css */ = {
			isa = PBXGroup;
			children = (
				EE354FC320AB10A6002A8132 /* style.css */,
			);
			path = css;
			sourceTree = "<group>";
		};
		EE354FC420AB10A6002A8132 /* js */ = {
			isa = PBXGroup;
			children = (
				EE354FC520AB10A6002A8132 /* index.js */,
				EE354FC620AB10A6002A8132 /* particles.min.js */,
			);
			path = js;
			sourceTree = "<group>";
		};
		EE37F8A32090BCC500783385 /* Settings */ = {
			isa = PBXGroup;
			children = (
				EE37F8A12090BCBC00783385 /* SettingsViewController.swift */,
				EE2C36C620FC74F300E72E8B /* DeleteAccountController.swift */,
			);
			path = Settings;
			sourceTree = "<group>";
		};
		EE4DF81020BBE33600CE87E2 /* EnrolStaking */ = {
			isa = PBXGroup;
			children = (
				EE4DF81720BBE3E800CE87E2 /* Controller */,
				EE4DF81820BBE3F300CE87E2 /* Storyboard */,
			);
			path = EnrolStaking;
			sourceTree = "<group>";
		};
		EE4DF81720BBE3E800CE87E2 /* Controller */ = {
			isa = PBXGroup;
			children = (
				EE4DF81120BBE39500CE87E2 /* EnrolStakeLandingController.swift */,
				EE4DF81320BBE3C600CE87E2 /* EnrolStakeSubscribeController.swift */,
				EE4DF81520BBE3DD00CE87E2 /* EnrolStakeSummaryController.swift */,
			);
			path = Controller;
			sourceTree = "<group>";
		};
		EE4DF81820BBE3F300CE87E2 /* Storyboard */ = {
			isa = PBXGroup;
			children = (
				EE4DF81B20BBECD300CE87E2 /* EnrolStaking.storyboard */,
			);
			path = Storyboard;
			sourceTree = "<group>";
		};
		EE62F7422099C5EC00BE6120 /* Profile */ = {
			isa = PBXGroup;
			children = (
				A46A615120A32B7F00F25CC1 /* Controller */,
				A46A615020A32B7A00F25CC1 /* Storyboard */,
			);
			path = Profile;
			sourceTree = "<group>";
		};
		EE7AD92620B3F5280022259D /* View */ = {
			isa = PBXGroup;
			children = (
				A456C8CE214AA8FA00B823A1 /* ToastAlertView */,
				EE6FC03E209B2951007971DC /* CustomLoadingView.swift */,
				A456C8D0214AA93C00B823A1 /* ProviderView.swift */,
				EE7AD92720B3F5510022259D /* EthWalletCell.swift */,
				EE4AAB902089D7D700FE149D /* RichTextFieldView.swift */,
				EE1A0545208F650E00522426 /* RoundedView.swift */,
				A4E6AEAA20862E23001787DF /* RoundedButton.swift */,
			);
			path = View;
			sourceTree = "<group>";
		};
		EEAAD49A20B6A396001A2FAE /* EnrolTesting */ = {
			isa = PBXGroup;
			children = (
				EEAAD49F20B6ADC0001A2FAE /* Controller */,
				EEAAD4A120B6ADD0001A2FAE /* Storyboard */,
			);
			path = EnrolTesting;
			sourceTree = "<group>";
		};
		EEAAD49F20B6ADC0001A2FAE /* Controller */ = {
			isa = PBXGroup;
			children = (
				EEAAD4A220B6CB56001A2FAE /* EnrolTestLandingController .swift */,
				EEAAD49D20B6AD6E001A2FAE /* EnrolTestSubscribeController.swift */,
				EEAAD4A420B6CB8F001A2FAE /* EnrolTestSummaryController.swift */,
			);
			path = Controller;
			sourceTree = "<group>";
		};
		EEAAD4A120B6ADD0001A2FAE /* Storyboard */ = {
			isa = PBXGroup;
			children = (
				EEAAD4A820B6D0A3001A2FAE /* EnrolTesting.storyboard */,
			);
			path = Storyboard;
			sourceTree = "<group>";
		};
		EEF039C620D3D1FA00AF89D6 /* SimpleWebView */ = {
			isa = PBXGroup;
			children = (
				EEE1FC9C212AE9A0002631E6 /* SimpleWebView.storyboard */,
				EEF039C420D3D10500AF89D6 /* SimpleWebView.swift */,
			);
			path = SimpleWebView;
			sourceTree = "<group>";
		};
/* End PBXGroup section */

/* Begin PBXNativeTarget section */
		A43930AA205AAEE800CA7B15 /* IPSX */ = {
			isa = PBXNativeTarget;
			buildConfigurationList = A43930D3205AAEE800CA7B15 /* Build configuration list for PBXNativeTarget "IPSX" */;
			buildPhases = (
				26D0034655E5558B1834D858 /* [CP] Check Pods Manifest.lock */,
				A43930A7205AAEE800CA7B15 /* Sources */,
				A43930A8205AAEE800CA7B15 /* Frameworks */,
				A43930A9205AAEE800CA7B15 /* Resources */,
				09C381433DBEE5C6A0BA578B /* [CP] Embed Pods Frameworks */,
			);
			buildRules = (
			);
			dependencies = (
			);
			name = IPSX;
			productName = IPSX;
			productReference = A43930AB205AAEE800CA7B15 /* IPSX.app */;
			productType = "com.apple.product-type.application";
		};
		A43930BE205AAEE800CA7B15 /* IPSXTests */ = {
			isa = PBXNativeTarget;
			buildConfigurationList = A43930D6205AAEE800CA7B15 /* Build configuration list for PBXNativeTarget "IPSXTests" */;
			buildPhases = (
				B078AFBFF704253713E77FC6 /* [CP] Check Pods Manifest.lock */,
				A43930BB205AAEE800CA7B15 /* Sources */,
				A43930BC205AAEE800CA7B15 /* Frameworks */,
				A43930BD205AAEE800CA7B15 /* Resources */,
			);
			buildRules = (
			);
			dependencies = (
				A43930C1205AAEE800CA7B15 /* PBXTargetDependency */,
			);
			name = IPSXTests;
			productName = IPSXTests;
			productReference = A43930BF205AAEE800CA7B15 /* IPSXTests.xctest */;
			productType = "com.apple.product-type.bundle.unit-test";
		};
		A43930C9205AAEE800CA7B15 /* IPSXUITests */ = {
			isa = PBXNativeTarget;
			buildConfigurationList = A43930D9205AAEE800CA7B15 /* Build configuration list for PBXNativeTarget "IPSXUITests" */;
			buildPhases = (
				7D7794E1F95C8F3A71319EE5 /* [CP] Check Pods Manifest.lock */,
				A43930C6205AAEE800CA7B15 /* Sources */,
				A43930C7205AAEE800CA7B15 /* Frameworks */,
				A43930C8205AAEE800CA7B15 /* Resources */,
			);
			buildRules = (
			);
			dependencies = (
				A43930CC205AAEE800CA7B15 /* PBXTargetDependency */,
			);
			name = IPSXUITests;
			productName = IPSXUITests;
			productReference = A43930CA205AAEE800CA7B15 /* IPSXUITests.xctest */;
			productType = "com.apple.product-type.bundle.ui-testing";
		};
/* End PBXNativeTarget section */

/* Begin PBXProject section */
		A43930A3205AAEE800CA7B15 /* Project object */ = {
			isa = PBXProject;
			attributes = {
				LastSwiftUpdateCheck = 0920;
				LastUpgradeCheck = 0940;
				ORGANIZATIONNAME = "Cristina Virlan";
				TargetAttributes = {
					A43930AA205AAEE800CA7B15 = {
						CreatedOnToolsVersion = 9.2;
						LastSwiftMigration = 1000;
						ProvisioningStyle = Automatic;
						SystemCapabilities = {
							com.apple.Keychain = {
								enabled = 1;
							};
							com.apple.Push = {
								enabled = 1;
							};
						};
					};
					A43930BE205AAEE800CA7B15 = {
						CreatedOnToolsVersion = 9.2;
						LastSwiftMigration = 1000;
						ProvisioningStyle = Automatic;
						TestTargetID = A43930AA205AAEE800CA7B15;
					};
					A43930C9205AAEE800CA7B15 = {
						CreatedOnToolsVersion = 9.2;
						LastSwiftMigration = 1000;
						ProvisioningStyle = Automatic;
						TestTargetID = A43930AA205AAEE800CA7B15;
					};
				};
			};
			buildConfigurationList = A43930A6205AAEE800CA7B15 /* Build configuration list for PBXProject "IPSX" */;
			compatibilityVersion = "Xcode 8.0";
			developmentRegion = en;
			hasScannedForEncodings = 0;
			knownRegions = (
				en,
				Base,
				"ro-RO",
			);
			mainGroup = A43930A2205AAEE800CA7B15;
			productRefGroup = A43930AC205AAEE800CA7B15 /* Products */;
			projectDirPath = "";
			projectRoot = "";
			targets = (
				A43930AA205AAEE800CA7B15 /* IPSX */,
				A43930BE205AAEE800CA7B15 /* IPSXTests */,
				A43930C9205AAEE800CA7B15 /* IPSXUITests */,
			);
		};
/* End PBXProject section */

/* Begin PBXResourcesBuildPhase section */
		A43930A9205AAEE800CA7B15 /* Resources */ = {
			isa = PBXResourcesBuildPhase;
			buildActionMask = 2147483647;
			files = (
				EE354FC920AB10A6002A8132 /* index.js in Resources */,
				EE7AD92E20B3FA740022259D /* Main.storyboard in Resources */,
				EEE1FC9A212AE9A0002631E6 /* SimpleWebView.storyboard in Resources */,
				A4D5D91E214FE3BA00B79361 /* ProviderDetails.storyboard in Resources */,
				A43930B9205AAEE800CA7B15 /* LaunchScreen.storyboard in Resources */,
				EE7AD96120B413240022259D /* Profile.storyboard in Resources */,
				EE4DF81920BBECD300CE87E2 /* EnrolStaking.storyboard in Resources */,
				EE354FCA20AB10A6002A8132 /* particles.min.js in Resources */,
				A43930B6205AAEE800CA7B15 /* Assets.xcassets in Resources */,
				EE7AD93320B3FB370022259D /* Localizable.strings in Resources */,
				EECE360120FE192200168193 /* TokenDeposit.storyboard in Resources */,
				EE354FCB20AB10A6002A8132 /* background.html in Resources */,
				EE7AD95720B40C500022259D /* TokenRequest.storyboard in Resources */,
				EE7AD94320B403180022259D /* Landing.storyboard in Resources */,
				EE7AD95220B406A40022259D /* WalletAdd.storyboard in Resources */,
				EE354FC820AB10A6002A8132 /* style.css in Resources */,
				EE7AD94820B403ED0022259D /* Login.storyboard in Resources */,
				EEE1FCA1212E9425002631E6 /* LegalDetails.storyboard in Resources */,
				A4734AF3214B9B810091654B /* ToastAlertView.xib in Resources */,
				EEAAD4A620B6D0A3001A2FAE /* EnrolTesting.storyboard in Resources */,
				EE7AD95C20B40E6B0022259D /* NewProxy.storyboard in Resources */,
				EE7AD93B20B402790022259D /* Search.storyboard in Resources */,
				EE7AD94D20B406930022259D /* Register.storyboard in Resources */,
			);
			runOnlyForDeploymentPostprocessing = 0;
		};
		A43930BD205AAEE800CA7B15 /* Resources */ = {
			isa = PBXResourcesBuildPhase;
			buildActionMask = 2147483647;
			files = (
			);
			runOnlyForDeploymentPostprocessing = 0;
		};
		A43930C8205AAEE800CA7B15 /* Resources */ = {
			isa = PBXResourcesBuildPhase;
			buildActionMask = 2147483647;
			files = (
			);
			runOnlyForDeploymentPostprocessing = 0;
		};
/* End PBXResourcesBuildPhase section */

/* Begin PBXShellScriptBuildPhase section */
		09C381433DBEE5C6A0BA578B /* [CP] Embed Pods Frameworks */ = {
			isa = PBXShellScriptBuildPhase;
			buildActionMask = 2147483647;
			files = (
			);
			inputPaths = (
				"${SRCROOT}/Pods/Target Support Files/Pods-IPSX/Pods-IPSX-frameworks.sh",
				"${BUILT_PRODUCTS_DIR}/Alamofire/Alamofire.framework",
				"${BUILT_PRODUCTS_DIR}/Bolts/Bolts.framework",
				"${BUILT_PRODUCTS_DIR}/FBSDKCoreKit/FBSDKCoreKit.framework",
				"${BUILT_PRODUCTS_DIR}/FBSDKLoginKit/FBSDKLoginKit.framework",
				"${BUILT_PRODUCTS_DIR}/FacebookCore/FacebookCore.framework",
				"${BUILT_PRODUCTS_DIR}/FacebookLogin/FacebookLogin.framework",
			);
			name = "[CP] Embed Pods Frameworks";
			outputPaths = (
				"${TARGET_BUILD_DIR}/${FRAMEWORKS_FOLDER_PATH}/Alamofire.framework",
				"${TARGET_BUILD_DIR}/${FRAMEWORKS_FOLDER_PATH}/Bolts.framework",
				"${TARGET_BUILD_DIR}/${FRAMEWORKS_FOLDER_PATH}/FBSDKCoreKit.framework",
				"${TARGET_BUILD_DIR}/${FRAMEWORKS_FOLDER_PATH}/FBSDKLoginKit.framework",
				"${TARGET_BUILD_DIR}/${FRAMEWORKS_FOLDER_PATH}/FacebookCore.framework",
				"${TARGET_BUILD_DIR}/${FRAMEWORKS_FOLDER_PATH}/FacebookLogin.framework",
			);
			runOnlyForDeploymentPostprocessing = 0;
			shellPath = /bin/sh;
			shellScript = "\"${SRCROOT}/Pods/Target Support Files/Pods-IPSX/Pods-IPSX-frameworks.sh\"\n";
			showEnvVarsInLog = 0;
		};
		26D0034655E5558B1834D858 /* [CP] Check Pods Manifest.lock */ = {
			isa = PBXShellScriptBuildPhase;
			buildActionMask = 2147483647;
			files = (
			);
			inputPaths = (
				"${PODS_PODFILE_DIR_PATH}/Podfile.lock",
				"${PODS_ROOT}/Manifest.lock",
			);
			name = "[CP] Check Pods Manifest.lock";
			outputPaths = (
				"$(DERIVED_FILE_DIR)/Pods-IPSX-checkManifestLockResult.txt",
			);
			runOnlyForDeploymentPostprocessing = 0;
			shellPath = /bin/sh;
			shellScript = "diff \"${PODS_PODFILE_DIR_PATH}/Podfile.lock\" \"${PODS_ROOT}/Manifest.lock\" > /dev/null\nif [ $? != 0 ] ; then\n    # print error to STDERR\n    echo \"error: The sandbox is not in sync with the Podfile.lock. Run 'pod install' or update your CocoaPods installation.\" >&2\n    exit 1\nfi\n# This output is used by Xcode 'outputs' to avoid re-running this script phase.\necho \"SUCCESS\" > \"${SCRIPT_OUTPUT_FILE_0}\"\n";
			showEnvVarsInLog = 0;
		};
		7D7794E1F95C8F3A71319EE5 /* [CP] Check Pods Manifest.lock */ = {
			isa = PBXShellScriptBuildPhase;
			buildActionMask = 2147483647;
			files = (
			);
			inputPaths = (
				"${PODS_PODFILE_DIR_PATH}/Podfile.lock",
				"${PODS_ROOT}/Manifest.lock",
			);
			name = "[CP] Check Pods Manifest.lock";
			outputPaths = (
				"$(DERIVED_FILE_DIR)/Pods-IPSXUITests-checkManifestLockResult.txt",
			);
			runOnlyForDeploymentPostprocessing = 0;
			shellPath = /bin/sh;
			shellScript = "diff \"${PODS_PODFILE_DIR_PATH}/Podfile.lock\" \"${PODS_ROOT}/Manifest.lock\" > /dev/null\nif [ $? != 0 ] ; then\n    # print error to STDERR\n    echo \"error: The sandbox is not in sync with the Podfile.lock. Run 'pod install' or update your CocoaPods installation.\" >&2\n    exit 1\nfi\n# This output is used by Xcode 'outputs' to avoid re-running this script phase.\necho \"SUCCESS\" > \"${SCRIPT_OUTPUT_FILE_0}\"\n";
			showEnvVarsInLog = 0;
		};
		B078AFBFF704253713E77FC6 /* [CP] Check Pods Manifest.lock */ = {
			isa = PBXShellScriptBuildPhase;
			buildActionMask = 2147483647;
			files = (
			);
			inputPaths = (
				"${PODS_PODFILE_DIR_PATH}/Podfile.lock",
				"${PODS_ROOT}/Manifest.lock",
			);
			name = "[CP] Check Pods Manifest.lock";
			outputPaths = (
				"$(DERIVED_FILE_DIR)/Pods-IPSXTests-checkManifestLockResult.txt",
			);
			runOnlyForDeploymentPostprocessing = 0;
			shellPath = /bin/sh;
			shellScript = "diff \"${PODS_PODFILE_DIR_PATH}/Podfile.lock\" \"${PODS_ROOT}/Manifest.lock\" > /dev/null\nif [ $? != 0 ] ; then\n    # print error to STDERR\n    echo \"error: The sandbox is not in sync with the Podfile.lock. Run 'pod install' or update your CocoaPods installation.\" >&2\n    exit 1\nfi\n# This output is used by Xcode 'outputs' to avoid re-running this script phase.\necho \"SUCCESS\" > \"${SCRIPT_OUTPUT_FILE_0}\"\n";
			showEnvVarsInLog = 0;
		};
/* End PBXShellScriptBuildPhase section */

/* Begin PBXSourcesBuildPhase section */
		A43930A7205AAEE800CA7B15 /* Sources */ = {
			isa = PBXSourcesBuildPhase;
			buildActionMask = 2147483647;
			files = (
				EEAAD49920B5A81F001A2FAE /* SwiftyJSON.swift in Sources */,
				A48329CC209C5B1F003B19FC /* UserInfoService.swift in Sources */,
				A473002B205AC16900488009 /* RequestModel.swift in Sources */,
				A4D5D923214FE79000B79361 /* BecomeProviderController.swift in Sources */,
				EE4AAB9B208DDA6500FE149D /* ForgotPassController.swift in Sources */,
				EE4DF81420BBE3C600CE87E2 /* EnrolStakeSubscribeController.swift in Sources */,
				A4DD0BA32097590E00D27759 /* RegisterService.swift in Sources */,
				A48329CE209C5D41003B19FC /* UserInfo.swift in Sources */,
				A456C8D1214AA93C00B823A1 /* ProviderView.swift in Sources */,
				A4AC76242099F27F00504ED9 /* UserManager.swift in Sources */,
				EE4DF81220BBE39500CE87E2 /* EnrolStakeLandingController.swift in Sources */,
				EECEB9CB20ECA92D0081748F /* TokenDepositsListController.swift in Sources */,
				A4F2F7452090B02500515883 /* ProxyPack.swift in Sources */,
				A4935047212EE8F500482BA5 /* Company.swift in Sources */,
				A4FCA934205BB463009FF41B /* ProxyRequest.swift in Sources */,
				EE6FC03B2099EF67007971DC /* TokenRequestController.swift in Sources */,
				EE4DF81620BBE3DD00CE87E2 /* EnrolStakeSummaryController.swift in Sources */,
				A4FCA937205BD8F1009FF41B /* String+extenstions.swift in Sources */,
				EED38F2120A5B1CD004DA2CC /* DateFormatter+extensions.swift in Sources */,
				EECFA9212105D54700F58ABE /* ReferFriendController.swift in Sources */,
				A46480DC2091F22400330CC9 /* ProxySetup.swift in Sources */,
				A46480DE2091F2CC00330CC9 /* Proxy.swift in Sources */,
				A4F2F7482090B4F200515883 /* ProxyPackCell.swift in Sources */,
				EE4AABA3208E17AA00FE149D /* AddWalletController.swift in Sources */,
				EEDB132420A9BE9C00FBFFD0 /* Date+extensions.swift in Sources */,
				A46A614920A2F21300F25CC1 /* UserDefaults+extensions.swift in Sources */,
				A4A83FC62105C385000DD2F4 /* URL+extensions.swift in Sources */,
				A473002C205AC16900488009 /* IPService.swift in Sources */,
				EE37F8A22090BCBC00783385 /* SettingsViewController.swift in Sources */,
				A41657C82147B07C007BCB4E /* ChooseDestinyViewController.swift in Sources */,
				A4E374CA2090C2D100808B86 /* NewProxyController.swift in Sources */,
				EE1A0543208F593900522426 /* DashboardViewController.swift in Sources */,
				EEE1FCA3212EA17E002631E6 /* CompanyDetailsController.swift in Sources */,
				A43CEC8220BFF254005198A5 /* EnrollmentService.swift in Sources */,
				A41583B320B6D87B00DEC2BC /* NSNotificationName+extensions.swift in Sources */,
				EEE1FCA5212EA196002631E6 /* RepresentativeDetailsController.swift in Sources */,
				A4AC7629209A074600504ED9 /* Double+extensions.swift in Sources */,
				EE4AAB99208DD34B00FE149D /* LoginCredentialsControler.swift in Sources */,
				A4730029205AC16900488009 /* RequestBuilder.swift in Sources */,
				A4AC761F2099E59800504ED9 /* KeychainWrapper.swift in Sources */,
				EEAAD4A520B6CB8F001A2FAE /* EnrolTestSummaryController.swift in Sources */,
				A45F0ED920AEF485009C55F2 /* ErrorHandlingProtocols.swift in Sources */,
				EE2C36C720FC74F300E72E8B /* DeleteAccountController.swift in Sources */,
				EEF039C520D3D10500AF89D6 /* SimpleWebView.swift in Sources */,
				EE4AAB932089D7F900FE149D /* RegisterCredentialsController.swift in Sources */,
				A493504A212EEADB00482BA5 /* LegalPersonService.swift in Sources */,
				EEAAD4A320B6CB57001A2FAE /* EnrolTestLandingController .swift in Sources */,
				A4AC76222099E99900504ED9 /* LoginService.swift in Sources */,
				A4B57C2D20F24FE300EEE433 /* TokenDepositService.swift in Sources */,
				A4DFBFFE20B44AD200FFC28F /* GeneralSettings.swift in Sources */,
				A4606C362092165E0008A9F3 /* ProxyActivationDetailsCell.swift in Sources */,
				A4E6AEAB20862E23001787DF /* RoundedButton.swift in Sources */,
				A46480E02091F9D500330CC9 /* UITableView+extensions.swift in Sources */,
				A4AC76272099F83D00504ED9 /* ProxyService.swift in Sources */,
				A473002A205AC16900488009 /* IPInfoProtocol.swift in Sources */,
				EE4AAB912089D7D700FE149D /* RichTextFieldView.swift in Sources */,
				EE6FC03F209B2951007971DC /* CustomLoadingView.swift in Sources */,
				A41583B120B6D7A800DEC2BC /* ReachabilityManager.swift in Sources */,
				EE354FCD20AB1141002A8132 /* LoadingViewController.swift in Sources */,
				A4E6AEA62085F6CD001787DF /* UIColor+extensions.swift in Sources */,
				A46480D82091EEE600330CC9 /* ProxySummaryViewController.swift in Sources */,
				EECEB9CF20ED00780081748F /* TokenDepositSummaryController.swift in Sources */,
				EE4AAB9D208DDB4800FE149D /* LoginOptionsController.swift in Sources */,
				EE62F7412099A3CF00BE6120 /* ChangePasswordController.swift in Sources */,
				A4E6AEA42085EAF1001787DF /* LandingViewController.swift in Sources */,
				EE7AD92C20B3F56D0022259D /* ToastAlertView.swift in Sources */,
				A466F06520B4469700A7B68A /* SettingsService.swift in Sources */,
				A4D5D920214FE73F00B79361 /* AboutProviderViewController.swift in Sources */,
				EE3BDFF420A1AC71007AEB1D /* UIView+extensions.swift in Sources */,
				A46480E420920A3600330CC9 /* ProxyDetailsViewController.swift in Sources */,
				A4F04CCC214BCACE0044820A /* ProviderService.swift in Sources */,
				EE62F7442099C62300BE6120 /* ProfileViewController.swift in Sources */,
				EE37F8A72091F52700783385 /* SearchViewController.swift in Sources */,
				EEEBF04B20999259008AB061 /* EditProfileController.swift in Sources */,
				EE4AAB9F208DDD0B00FE149D /* RegisterOptionsController.swift in Sources */,
				EE1A0544208F593900522426 /* TabBarController.swift in Sources */,
				EEA08C452099E97C00684F33 /* TokenRequestListController.swift in Sources */,
				A46480DA2091F1CB00330CC9 /* ProxyActivationDetails.swift in Sources */,
				A4B57C3120F268C700EEE433 /* Deposit.swift in Sources */,
				A43930AF205AAEE800CA7B15 /* AppDelegate.swift in Sources */,
				A4524C1720A094C600F7BD84 /* EthAddress.swift in Sources */,
				EECEB9CD20ECF8250081748F /* TokenDepositController.swift in Sources */,
				A43A5B662091EABC00B7FD3B /* ProxyDetailsCell.swift in Sources */,
				A4935045212EE86900482BA5 /* Representative.swift in Sources */,
				A479DC9520A48CAF00D5C601 /* TokenRequest.swift in Sources */,
				EE1A0546208F650E00522426 /* RoundedView.swift in Sources */,
				A45331CC20C926710038E0E2 /* SocialIntegrationService.swift in Sources */,
				EEAAD49E20B6AD6E001A2FAE /* EnrolTestSubscribeController.swift in Sources */,
				EE7AD92820B3F5510022259D /* EthWalletCell.swift in Sources */,
				EE4AAB952089DA9900FE149D /* RegisterTermsController.swift in Sources */,
			);
			runOnlyForDeploymentPostprocessing = 0;
		};
		A43930BB205AAEE800CA7B15 /* Sources */ = {
			isa = PBXSourcesBuildPhase;
			buildActionMask = 2147483647;
			files = (
				A43930C4205AAEE800CA7B15 /* IPSXTests.swift in Sources */,
			);
			runOnlyForDeploymentPostprocessing = 0;
		};
		A43930C6205AAEE800CA7B15 /* Sources */ = {
			isa = PBXSourcesBuildPhase;
			buildActionMask = 2147483647;
			files = (
				A43930CF205AAEE800CA7B15 /* IPSXUITests.swift in Sources */,
			);
			runOnlyForDeploymentPostprocessing = 0;
		};
/* End PBXSourcesBuildPhase section */

/* Begin PBXTargetDependency section */
		A43930C1205AAEE800CA7B15 /* PBXTargetDependency */ = {
			isa = PBXTargetDependency;
			target = A43930AA205AAEE800CA7B15 /* IPSX */;
			targetProxy = A43930C0205AAEE800CA7B15 /* PBXContainerItemProxy */;
		};
		A43930CC205AAEE800CA7B15 /* PBXTargetDependency */ = {
			isa = PBXTargetDependency;
			target = A43930AA205AAEE800CA7B15 /* IPSX */;
			targetProxy = A43930CB205AAEE800CA7B15 /* PBXContainerItemProxy */;
		};
/* End PBXTargetDependency section */

/* Begin PBXVariantGroup section */
		A43930B7205AAEE800CA7B15 /* LaunchScreen.storyboard */ = {
			isa = PBXVariantGroup;
			children = (
				A43930B8205AAEE800CA7B15 /* Base */,
				EEE1FC83212ABDC3002631E6 /* ro-RO */,
			);
			name = LaunchScreen.storyboard;
			sourceTree = "<group>";
		};
		EE4DF81B20BBECD300CE87E2 /* EnrolStaking.storyboard */ = {
			isa = PBXVariantGroup;
			children = (
				EE4DF81A20BBECD300CE87E2 /* Base */,
				EEE1FC89212AC3B4002631E6 /* ro-RO */,
			);
			name = EnrolStaking.storyboard;
			sourceTree = "<group>";
		};
		EE7AD93020B3FA740022259D /* Main.storyboard */ = {
			isa = PBXVariantGroup;
			children = (
				EE7AD92F20B3FA740022259D /* Base */,
				EEE1FC85212ABDD7002631E6 /* ro-RO */,
			);
			name = Main.storyboard;
			sourceTree = "<group>";
		};
		EE7AD93520B3FB370022259D /* Localizable.strings */ = {
			isa = PBXVariantGroup;
			children = (
				EE7AD93420B3FB370022259D /* ro-RO */,
				EE7AD93620B3FB3A0022259D /* en */,
			);
			name = Localizable.strings;
			sourceTree = "<group>";
		};
		EE7AD93D20B402790022259D /* Search.storyboard */ = {
			isa = PBXVariantGroup;
			children = (
				EE7AD93C20B402790022259D /* Base */,
				EEE1FC87212AC397002631E6 /* ro-RO */,
			);
			name = Search.storyboard;
			sourceTree = "<group>";
		};
		EE7AD94520B403180022259D /* Landing.storyboard */ = {
			isa = PBXVariantGroup;
			children = (
				EE7AD94420B403180022259D /* Base */,
				EEE1FC81212ABD96002631E6 /* ro-RO */,
			);
			name = Landing.storyboard;
			sourceTree = "<group>";
		};
		EE7AD94A20B403ED0022259D /* Login.storyboard */ = {
			isa = PBXVariantGroup;
			children = (
				EE7AD94920B403ED0022259D /* Base */,
				EEE1FC8D212AC54C002631E6 /* ro-RO */,
			);
			name = Login.storyboard;
			sourceTree = "<group>";
		};
		EE7AD94F20B406930022259D /* Register.storyboard */ = {
			isa = PBXVariantGroup;
			children = (
				EE7AD94E20B406930022259D /* Base */,
				EEE1FC8F212AC5EF002631E6 /* ro-RO */,
			);
			name = Register.storyboard;
			sourceTree = "<group>";
		};
		EE7AD95420B406A40022259D /* WalletAdd.storyboard */ = {
			isa = PBXVariantGroup;
			children = (
				EE7AD95320B406A40022259D /* Base */,
				EEE1FC91212AC700002631E6 /* ro-RO */,
			);
			name = WalletAdd.storyboard;
			sourceTree = "<group>";
		};
		EE7AD95920B40C500022259D /* TokenRequest.storyboard */ = {
			isa = PBXVariantGroup;
			children = (
				EE7AD95820B40C500022259D /* Base */,
				EEE1FC93212AC8A3002631E6 /* ro-RO */,
			);
			name = TokenRequest.storyboard;
			sourceTree = "<group>";
		};
		EE7AD95E20B40E6B0022259D /* NewProxy.storyboard */ = {
			isa = PBXVariantGroup;
			children = (
				EE7AD95D20B40E6B0022259D /* Base */,
				EEE1FC97212AE831002631E6 /* ro-RO */,
			);
			name = NewProxy.storyboard;
			sourceTree = "<group>";
		};
		EE7AD96320B413240022259D /* Profile.storyboard */ = {
			isa = PBXVariantGroup;
			children = (
				EE7AD96220B413240022259D /* Base */,
				EEE1FC99212AE8ED002631E6 /* ro-RO */,
			);
			name = Profile.storyboard;
			sourceTree = "<group>";
		};
		EEAAD4A820B6D0A3001A2FAE /* EnrolTesting.storyboard */ = {
			isa = PBXVariantGroup;
			children = (
				EEAAD4A720B6D0A3001A2FAE /* Base */,
				EEE1FC8B212AC465002631E6 /* ro-RO */,
			);
			name = EnrolTesting.storyboard;
			sourceTree = "<group>";
		};
		EECE360320FE192200168193 /* TokenDeposit.storyboard */ = {
			isa = PBXVariantGroup;
			children = (
				EECE360220FE192200168193 /* Base */,
				EEE1FC95212AC974002631E6 /* ro-RO */,
			);
			name = TokenDeposit.storyboard;
			sourceTree = "<group>";
		};
		EEE1FC9C212AE9A0002631E6 /* SimpleWebView.storyboard */ = {
			isa = PBXVariantGroup;
			children = (
				EEE1FC9D212AE9A8002631E6 /* Base */,
				EEE1FC9F212AE9BE002631E6 /* ro-RO */,
			);
			name = SimpleWebView.storyboard;
			sourceTree = "<group>";
		};
/* End PBXVariantGroup section */

/* Begin XCBuildConfiguration section */
		A43930D1205AAEE800CA7B15 /* Debug */ = {
			isa = XCBuildConfiguration;
			buildSettings = {
				ALWAYS_SEARCH_USER_PATHS = NO;
				CLANG_ANALYZER_LOCALIZABILITY_NONLOCALIZED = YES;
				CLANG_ANALYZER_NONNULL = YES;
				CLANG_ANALYZER_NUMBER_OBJECT_CONVERSION = YES_AGGRESSIVE;
				CLANG_CXX_LANGUAGE_STANDARD = "gnu++14";
				CLANG_CXX_LIBRARY = "libc++";
				CLANG_ENABLE_MODULES = YES;
				CLANG_ENABLE_OBJC_ARC = YES;
				CLANG_WARN_BLOCK_CAPTURE_AUTORELEASING = YES;
				CLANG_WARN_BOOL_CONVERSION = YES;
				CLANG_WARN_COMMA = YES;
				CLANG_WARN_CONSTANT_CONVERSION = YES;
				CLANG_WARN_DEPRECATED_OBJC_IMPLEMENTATIONS = YES;
				CLANG_WARN_DIRECT_OBJC_ISA_USAGE = YES_ERROR;
				CLANG_WARN_DOCUMENTATION_COMMENTS = YES;
				CLANG_WARN_EMPTY_BODY = YES;
				CLANG_WARN_ENUM_CONVERSION = YES;
				CLANG_WARN_INFINITE_RECURSION = YES;
				CLANG_WARN_INT_CONVERSION = YES;
				CLANG_WARN_NON_LITERAL_NULL_CONVERSION = YES;
				CLANG_WARN_OBJC_IMPLICIT_RETAIN_SELF = YES;
				CLANG_WARN_OBJC_LITERAL_CONVERSION = YES;
				CLANG_WARN_OBJC_ROOT_CLASS = YES_ERROR;
				CLANG_WARN_RANGE_LOOP_ANALYSIS = YES;
				CLANG_WARN_STRICT_PROTOTYPES = YES;
				CLANG_WARN_SUSPICIOUS_MOVE = YES;
				CLANG_WARN_UNGUARDED_AVAILABILITY = YES_AGGRESSIVE;
				CLANG_WARN_UNREACHABLE_CODE = YES;
				CLANG_WARN__DUPLICATE_METHOD_MATCH = YES;
				CODE_SIGN_IDENTITY = "iPhone Developer";
				COPY_PHASE_STRIP = NO;
				DEBUG_INFORMATION_FORMAT = dwarf;
				ENABLE_STRICT_OBJC_MSGSEND = YES;
				ENABLE_TESTABILITY = YES;
				GCC_C_LANGUAGE_STANDARD = gnu11;
				GCC_DYNAMIC_NO_PIC = NO;
				GCC_NO_COMMON_BLOCKS = YES;
				GCC_OPTIMIZATION_LEVEL = 0;
				GCC_PREPROCESSOR_DEFINITIONS = (
					"DEBUG=1",
					"$(inherited)",
				);
				GCC_WARN_64_TO_32_BIT_CONVERSION = YES;
				GCC_WARN_ABOUT_RETURN_TYPE = YES_ERROR;
				GCC_WARN_UNDECLARED_SELECTOR = YES;
				GCC_WARN_UNINITIALIZED_AUTOS = YES_AGGRESSIVE;
				GCC_WARN_UNUSED_FUNCTION = YES;
				GCC_WARN_UNUSED_VARIABLE = YES;
				IPHONEOS_DEPLOYMENT_TARGET = 10.3;
				MTL_ENABLE_DEBUG_INFO = YES;
				ONLY_ACTIVE_ARCH = YES;
				SDKROOT = iphoneos;
				SWIFT_ACTIVE_COMPILATION_CONDITIONS = DEBUG;
				SWIFT_OPTIMIZATION_LEVEL = "-Onone";
			};
			name = Debug;
		};
		A43930D2205AAEE800CA7B15 /* Release */ = {
			isa = XCBuildConfiguration;
			buildSettings = {
				ALWAYS_SEARCH_USER_PATHS = NO;
				CLANG_ANALYZER_LOCALIZABILITY_NONLOCALIZED = YES;
				CLANG_ANALYZER_NONNULL = YES;
				CLANG_ANALYZER_NUMBER_OBJECT_CONVERSION = YES_AGGRESSIVE;
				CLANG_CXX_LANGUAGE_STANDARD = "gnu++14";
				CLANG_CXX_LIBRARY = "libc++";
				CLANG_ENABLE_MODULES = YES;
				CLANG_ENABLE_OBJC_ARC = YES;
				CLANG_WARN_BLOCK_CAPTURE_AUTORELEASING = YES;
				CLANG_WARN_BOOL_CONVERSION = YES;
				CLANG_WARN_COMMA = YES;
				CLANG_WARN_CONSTANT_CONVERSION = YES;
				CLANG_WARN_DEPRECATED_OBJC_IMPLEMENTATIONS = YES;
				CLANG_WARN_DIRECT_OBJC_ISA_USAGE = YES_ERROR;
				CLANG_WARN_DOCUMENTATION_COMMENTS = YES;
				CLANG_WARN_EMPTY_BODY = YES;
				CLANG_WARN_ENUM_CONVERSION = YES;
				CLANG_WARN_INFINITE_RECURSION = YES;
				CLANG_WARN_INT_CONVERSION = YES;
				CLANG_WARN_NON_LITERAL_NULL_CONVERSION = YES;
				CLANG_WARN_OBJC_IMPLICIT_RETAIN_SELF = YES;
				CLANG_WARN_OBJC_LITERAL_CONVERSION = YES;
				CLANG_WARN_OBJC_ROOT_CLASS = YES_ERROR;
				CLANG_WARN_RANGE_LOOP_ANALYSIS = YES;
				CLANG_WARN_STRICT_PROTOTYPES = YES;
				CLANG_WARN_SUSPICIOUS_MOVE = YES;
				CLANG_WARN_UNGUARDED_AVAILABILITY = YES_AGGRESSIVE;
				CLANG_WARN_UNREACHABLE_CODE = YES;
				CLANG_WARN__DUPLICATE_METHOD_MATCH = YES;
				CODE_SIGN_IDENTITY = "iPhone Developer";
				COPY_PHASE_STRIP = NO;
				DEBUG_INFORMATION_FORMAT = "dwarf-with-dsym";
				ENABLE_NS_ASSERTIONS = NO;
				ENABLE_STRICT_OBJC_MSGSEND = YES;
				GCC_C_LANGUAGE_STANDARD = gnu11;
				GCC_NO_COMMON_BLOCKS = YES;
				GCC_WARN_64_TO_32_BIT_CONVERSION = YES;
				GCC_WARN_ABOUT_RETURN_TYPE = YES_ERROR;
				GCC_WARN_UNDECLARED_SELECTOR = YES;
				GCC_WARN_UNINITIALIZED_AUTOS = YES_AGGRESSIVE;
				GCC_WARN_UNUSED_FUNCTION = YES;
				GCC_WARN_UNUSED_VARIABLE = YES;
				IPHONEOS_DEPLOYMENT_TARGET = 10.3;
				MTL_ENABLE_DEBUG_INFO = NO;
				SDKROOT = iphoneos;
				SWIFT_OPTIMIZATION_LEVEL = "-Owholemodule";
				VALIDATE_PRODUCT = YES;
			};
			name = Release;
		};
		A43930D4205AAEE800CA7B15 /* Debug */ = {
			isa = XCBuildConfiguration;
			baseConfigurationReference = 0BA7DC4C74928AE27400C3EE /* Pods-IPSX.debug.xcconfig */;
			buildSettings = {
				ASSETCATALOG_COMPILER_APPICON_NAME = AppIcon;
				CODE_SIGN_ENTITLEMENTS = IPSX/IPSX.entitlements;
				CODE_SIGN_STYLE = Automatic;
				DEVELOPMENT_TEAM = 2C9D8PUQU5;
				HEADER_SEARCH_PATHS = "";
				INFOPLIST_FILE = IPSX/Info.plist;
				IPHONEOS_DEPLOYMENT_TARGET = 10.0;
				LD_RUNPATH_SEARCH_PATHS = "$(inherited) @executable_path/Frameworks";
				PRODUCT_BUNDLE_IDENTIFIER = com.ipsx.mobile;
				PRODUCT_NAME = "$(TARGET_NAME)";
				SWIFT_OBJC_BRIDGING_HEADER = "";
				SWIFT_VERSION = 4.2;
				TARGETED_DEVICE_FAMILY = 1;
			};
			name = Debug;
		};
		A43930D5205AAEE800CA7B15 /* Release */ = {
			isa = XCBuildConfiguration;
			baseConfigurationReference = 9C7DE1B27104CE04007B742B /* Pods-IPSX.release.xcconfig */;
			buildSettings = {
				ASSETCATALOG_COMPILER_APPICON_NAME = AppIcon;
				CODE_SIGN_ENTITLEMENTS = IPSX/IPSX.entitlements;
				CODE_SIGN_STYLE = Automatic;
				DEVELOPMENT_TEAM = 2C9D8PUQU5;
				HEADER_SEARCH_PATHS = "";
				INFOPLIST_FILE = IPSX/Info.plist;
				IPHONEOS_DEPLOYMENT_TARGET = 10.0;
				LD_RUNPATH_SEARCH_PATHS = "$(inherited) @executable_path/Frameworks";
				PRODUCT_BUNDLE_IDENTIFIER = com.ipsx.mobile;
				PRODUCT_NAME = "$(TARGET_NAME)";
				SWIFT_OBJC_BRIDGING_HEADER = "";
				SWIFT_VERSION = 4.2;
				TARGETED_DEVICE_FAMILY = 1;
			};
			name = Release;
		};
		A43930D7205AAEE800CA7B15 /* Debug */ = {
			isa = XCBuildConfiguration;
			baseConfigurationReference = 218266F16EE3BC71709FC626 /* Pods-IPSXTests.debug.xcconfig */;
			buildSettings = {
				ALWAYS_EMBED_SWIFT_STANDARD_LIBRARIES = YES;
				BUNDLE_LOADER = "$(TEST_HOST)";
				CODE_SIGN_STYLE = Automatic;
				DEVELOPMENT_TEAM = 2C9D8PUQU5;
				INFOPLIST_FILE = IPSXTests/Info.plist;
				LD_RUNPATH_SEARCH_PATHS = "$(inherited) @executable_path/Frameworks @loader_path/Frameworks";
				PRODUCT_BUNDLE_IDENTIFIER = com.ipsx.cvi.IPSXTests;
				PRODUCT_NAME = "$(TARGET_NAME)";
				SWIFT_VERSION = 4.2;
				TARGETED_DEVICE_FAMILY = "1,2";
				TEST_HOST = "$(BUILT_PRODUCTS_DIR)/IPSX.app/IPSX";
			};
			name = Debug;
		};
		A43930D8205AAEE800CA7B15 /* Release */ = {
			isa = XCBuildConfiguration;
			baseConfigurationReference = E4C0643C473D99484CCA08B9 /* Pods-IPSXTests.release.xcconfig */;
			buildSettings = {
				ALWAYS_EMBED_SWIFT_STANDARD_LIBRARIES = YES;
				BUNDLE_LOADER = "$(TEST_HOST)";
				CODE_SIGN_STYLE = Automatic;
				DEVELOPMENT_TEAM = 2C9D8PUQU5;
				INFOPLIST_FILE = IPSXTests/Info.plist;
				LD_RUNPATH_SEARCH_PATHS = "$(inherited) @executable_path/Frameworks @loader_path/Frameworks";
				PRODUCT_BUNDLE_IDENTIFIER = com.ipsx.cvi.IPSXTests;
				PRODUCT_NAME = "$(TARGET_NAME)";
				SWIFT_VERSION = 4.2;
				TARGETED_DEVICE_FAMILY = "1,2";
				TEST_HOST = "$(BUILT_PRODUCTS_DIR)/IPSX.app/IPSX";
			};
			name = Release;
		};
		A43930DA205AAEE800CA7B15 /* Debug */ = {
			isa = XCBuildConfiguration;
			baseConfigurationReference = ABED58081B456F0EAF8C9CA3 /* Pods-IPSXUITests.debug.xcconfig */;
			buildSettings = {
				ALWAYS_EMBED_SWIFT_STANDARD_LIBRARIES = YES;
				CODE_SIGN_STYLE = Automatic;
				DEVELOPMENT_TEAM = 2C9D8PUQU5;
				INFOPLIST_FILE = IPSXUITests/Info.plist;
				LD_RUNPATH_SEARCH_PATHS = "$(inherited) @executable_path/Frameworks @loader_path/Frameworks";
				PRODUCT_BUNDLE_IDENTIFIER = com.ipsx.cvi.IPSXUITests;
				PRODUCT_NAME = "$(TARGET_NAME)";
				SWIFT_VERSION = 4.2;
				TARGETED_DEVICE_FAMILY = "1,2";
				TEST_TARGET_NAME = IPSX;
			};
			name = Debug;
		};
		A43930DB205AAEE800CA7B15 /* Release */ = {
			isa = XCBuildConfiguration;
			baseConfigurationReference = 65DBA2AF0F814C4859671233 /* Pods-IPSXUITests.release.xcconfig */;
			buildSettings = {
				ALWAYS_EMBED_SWIFT_STANDARD_LIBRARIES = YES;
				CODE_SIGN_STYLE = Automatic;
				DEVELOPMENT_TEAM = 2C9D8PUQU5;
				INFOPLIST_FILE = IPSXUITests/Info.plist;
				LD_RUNPATH_SEARCH_PATHS = "$(inherited) @executable_path/Frameworks @loader_path/Frameworks";
				PRODUCT_BUNDLE_IDENTIFIER = com.ipsx.cvi.IPSXUITests;
				PRODUCT_NAME = "$(TARGET_NAME)";
				SWIFT_VERSION = 4.2;
				TARGETED_DEVICE_FAMILY = "1,2";
				TEST_TARGET_NAME = IPSX;
			};
			name = Release;
		};
/* End XCBuildConfiguration section */

/* Begin XCConfigurationList section */
		A43930A6205AAEE800CA7B15 /* Build configuration list for PBXProject "IPSX" */ = {
			isa = XCConfigurationList;
			buildConfigurations = (
				A43930D1205AAEE800CA7B15 /* Debug */,
				A43930D2205AAEE800CA7B15 /* Release */,
			);
			defaultConfigurationIsVisible = 0;
			defaultConfigurationName = Release;
		};
		A43930D3205AAEE800CA7B15 /* Build configuration list for PBXNativeTarget "IPSX" */ = {
			isa = XCConfigurationList;
			buildConfigurations = (
				A43930D4205AAEE800CA7B15 /* Debug */,
				A43930D5205AAEE800CA7B15 /* Release */,
			);
			defaultConfigurationIsVisible = 0;
			defaultConfigurationName = Release;
		};
		A43930D6205AAEE800CA7B15 /* Build configuration list for PBXNativeTarget "IPSXTests" */ = {
			isa = XCConfigurationList;
			buildConfigurations = (
				A43930D7205AAEE800CA7B15 /* Debug */,
				A43930D8205AAEE800CA7B15 /* Release */,
			);
			defaultConfigurationIsVisible = 0;
			defaultConfigurationName = Release;
		};
		A43930D9205AAEE800CA7B15 /* Build configuration list for PBXNativeTarget "IPSXUITests" */ = {
			isa = XCConfigurationList;
			buildConfigurations = (
				A43930DA205AAEE800CA7B15 /* Debug */,
				A43930DB205AAEE800CA7B15 /* Release */,
			);
			defaultConfigurationIsVisible = 0;
			defaultConfigurationName = Release;
		};
/* End XCConfigurationList section */
	};
	rootObject = A43930A3205AAEE800CA7B15 /* Project object */;
}
